
Microsoft Visual Studio Solution File, Format Version 12.00
# Visual Studio 14
VisualStudioVersion = 14.0.24720.0
MinimumVisualStudioVersion = 10.0.40219.1
Project("{8BC9CEB8-8B4A-11D0-8D11-00A0C91BC942}") = "Triangle", "src\Triangle\Triangle.vcxproj", "{7B1A93DA-F28A-4A86-A81A-33C66E3E318F}"
EndProject
Project("{8BC9CEB8-8B4A-11D0-8D11-00A0C91BC942}") = "Cube", "src\Cube\Cube.vcxproj", "{4FE8D57F-F9D2-47B5-8A50-7BC25B353893}"
EndProject
Project("{8BC9CEB8-8B4A-11D0-8D11-00A0C91BC942}") = "Blinn-Phong", "src\Blinn-Phong\Blinn-Phong.vcxproj", "{D049442B-B8EF-4D9D-9693-1AB5F66BDB5E}"
EndProject
Project("{8BC9CEB8-8B4A-11D0-8D11-00A0C91BC942}") = "Tess-Triangle", "src\Tess-Triangle\Tess-Triangle.vcxproj", "{F40FDB7E-2A7E-4BD9-B1FA-D4A3F366B9FF}"
EndProject
Project("{8BC9CEB8-8B4A-11D0-8D11-00A0C91BC942}") = "byhj-Render", "src\byhj-Render\byhj-Render.vcxproj", "{E2ABEED1-CF21-4872-89D1-CA7F10B3BC97}"
EndProject
Project("{8BC9CEB8-8B4A-11D0-8D11-00A0C91BC942}") = "MeshLoad", "src\MeshLoad\MeshLoad.vcxproj", "{A05632F2-D9F7-435E-8310-47B140468BC3}"
EndProject
Project("{8BC9CEB8-8B4A-11D0-8D11-00A0C91BC942}") = "Camera", "src\Camera\Camera.vcxproj", "{EE785C1A-646C-4059-AEC7-A02A3E569629}"
EndProject
Project("{8BC9CEB8-8B4A-11D0-8D11-00A0C91BC942}") = "Audio", "src\Audio\Audio.vcxproj", "{D5382523-E296-4757-A677-262D89789B11}"
EndProject
Project("{2150E333-8FDC-42A3-9474-1A3956D46DE8}") = "Render", "Render", "{EBDF24EF-DEAE-47F3-8360-DF67E65C66F2}"
EndProject
Project("{2150E333-8FDC-42A3-9474-1A3956D46DE8}") = "Utility", "Utility", "{945A6EBD-8771-481C-9B34-977B07DA0C4D}"
EndProject
Project("{2150E333-8FDC-42A3-9474-1A3956D46DE8}") = "Sample", "Sample", "{1A750ACF-1F72-46D4-9B2F-B5CE62398DB7}"
EndProject
Project("{8BC9CEB8-8B4A-11D0-8D11-00A0C91BC942}") = "Skybox", "src\Skybox\Skybox.vcxproj", "{15BC5AF4-79BB-46EA-A2FC-2DEFEDC722E0}"
EndProject
Project("{8BC9CEB8-8B4A-11D0-8D11-00A0C91BC942}") = "Font", "src\Font\Font.vcxproj", "{6F4D8011-5728-46A9-AD38-A5E66A258ADA}"
EndProject
Global
	GlobalSection(SolutionConfigurationPlatforms) = preSolution
		Debug|x64 = Debug|x64
		Debug|x86 = Debug|x86
		Release|x64 = Release|x64
		Release|x86 = Release|x86
	EndGlobalSection
	GlobalSection(ProjectConfigurationPlatforms) = postSolution
		{7B1A93DA-F28A-4A86-A81A-33C66E3E318F}.Debug|x64.ActiveCfg = Debug|x64
		{7B1A93DA-F28A-4A86-A81A-33C66E3E318F}.Debug|x64.Build.0 = Debug|x64
		{7B1A93DA-F28A-4A86-A81A-33C66E3E318F}.Debug|x86.ActiveCfg = Debug|Win32
		{7B1A93DA-F28A-4A86-A81A-33C66E3E318F}.Debug|x86.Build.0 = Debug|Win32
		{7B1A93DA-F28A-4A86-A81A-33C66E3E318F}.Release|x64.ActiveCfg = Release|x64
		{7B1A93DA-F28A-4A86-A81A-33C66E3E318F}.Release|x64.Build.0 = Release|x64
		{7B1A93DA-F28A-4A86-A81A-33C66E3E318F}.Release|x86.ActiveCfg = Release|Win32
		{7B1A93DA-F28A-4A86-A81A-33C66E3E318F}.Release|x86.Build.0 = Release|Win32
		{4FE8D57F-F9D2-47B5-8A50-7BC25B353893}.Debug|x64.ActiveCfg = Debug|x64
		{4FE8D57F-F9D2-47B5-8A50-7BC25B353893}.Debug|x64.Build.0 = Debug|x64
		{4FE8D57F-F9D2-47B5-8A50-7BC25B353893}.Debug|x86.ActiveCfg = Debug|Win32
		{4FE8D57F-F9D2-47B5-8A50-7BC25B353893}.Debug|x86.Build.0 = Debug|Win32
		{4FE8D57F-F9D2-47B5-8A50-7BC25B353893}.Release|x64.ActiveCfg = Release|x64
		{4FE8D57F-F9D2-47B5-8A50-7BC25B353893}.Release|x64.Build.0 = Release|x64
		{4FE8D57F-F9D2-47B5-8A50-7BC25B353893}.Release|x86.ActiveCfg = Release|Win32
		{4FE8D57F-F9D2-47B5-8A50-7BC25B353893}.Release|x86.Build.0 = Release|Win32
		{D049442B-B8EF-4D9D-9693-1AB5F66BDB5E}.Debug|x64.ActiveCfg = Debug|x64
		{D049442B-B8EF-4D9D-9693-1AB5F66BDB5E}.Debug|x64.Build.0 = Debug|x64
		{D049442B-B8EF-4D9D-9693-1AB5F66BDB5E}.Debug|x86.ActiveCfg = Debug|Win32
		{D049442B-B8EF-4D9D-9693-1AB5F66BDB5E}.Debug|x86.Build.0 = Debug|Win32
		{D049442B-B8EF-4D9D-9693-1AB5F66BDB5E}.Release|x64.ActiveCfg = Release|x64
		{D049442B-B8EF-4D9D-9693-1AB5F66BDB5E}.Release|x64.Build.0 = Release|x64
		{D049442B-B8EF-4D9D-9693-1AB5F66BDB5E}.Release|x86.ActiveCfg = Release|Win32
		{D049442B-B8EF-4D9D-9693-1AB5F66BDB5E}.Release|x86.Build.0 = Release|Win32
		{F40FDB7E-2A7E-4BD9-B1FA-D4A3F366B9FF}.Debug|x64.ActiveCfg = Debug|x64
		{F40FDB7E-2A7E-4BD9-B1FA-D4A3F366B9FF}.Debug|x64.Build.0 = Debug|x64
		{F40FDB7E-2A7E-4BD9-B1FA-D4A3F366B9FF}.Debug|x86.ActiveCfg = Debug|Win32
		{F40FDB7E-2A7E-4BD9-B1FA-D4A3F366B9FF}.Debug|x86.Build.0 = Debug|Win32
		{F40FDB7E-2A7E-4BD9-B1FA-D4A3F366B9FF}.Release|x64.ActiveCfg = Release|x64
		{F40FDB7E-2A7E-4BD9-B1FA-D4A3F366B9FF}.Release|x64.Build.0 = Release|x64
		{F40FDB7E-2A7E-4BD9-B1FA-D4A3F366B9FF}.Release|x86.ActiveCfg = Release|Win32
		{F40FDB7E-2A7E-4BD9-B1FA-D4A3F366B9FF}.Release|x86.Build.0 = Release|Win32
		{E2ABEED1-CF21-4872-89D1-CA7F10B3BC97}.Debug|x64.ActiveCfg = Debug|x64
		{E2ABEED1-CF21-4872-89D1-CA7F10B3BC97}.Debug|x64.Build.0 = Debug|x64
		{E2ABEED1-CF21-4872-89D1-CA7F10B3BC97}.Debug|x86.ActiveCfg = Debug|Win32
		{E2ABEED1-CF21-4872-89D1-CA7F10B3BC97}.Debug|x86.Build.0 = Debug|Win32
		{E2ABEED1-CF21-4872-89D1-CA7F10B3BC97}.Release|x64.ActiveCfg = Release|x64
		{E2ABEED1-CF21-4872-89D1-CA7F10B3BC97}.Release|x64.Build.0 = Release|x64
		{E2ABEED1-CF21-4872-89D1-CA7F10B3BC97}.Release|x86.ActiveCfg = Release|Win32
		{E2ABEED1-CF21-4872-89D1-CA7F10B3BC97}.Release|x86.Build.0 = Release|Win32
		{A05632F2-D9F7-435E-8310-47B140468BC3}.Debug|x64.ActiveCfg = Debug|x64
		{A05632F2-D9F7-435E-8310-47B140468BC3}.Debug|x64.Build.0 = Debug|x64
		{A05632F2-D9F7-435E-8310-47B140468BC3}.Debug|x86.ActiveCfg = Debug|Win32
		{A05632F2-D9F7-435E-8310-47B140468BC3}.Debug|x86.Build.0 = Debug|Win32
		{A05632F2-D9F7-435E-8310-47B140468BC3}.Release|x64.ActiveCfg = Release|x64
		{A05632F2-D9F7-435E-8310-47B140468BC3}.Release|x64.Build.0 = Release|x64
		{A05632F2-D9F7-435E-8310-47B140468BC3}.Release|x86.ActiveCfg = Release|Win32
		{A05632F2-D9F7-435E-8310-47B140468BC3}.Release|x86.Build.0 = Release|Win32
		{EE785C1A-646C-4059-AEC7-A02A3E569629}.Debug|x64.ActiveCfg = Debug|x64
		{EE785C1A-646C-4059-AEC7-A02A3E569629}.Debug|x64.Build.0 = Debug|x64
		{EE785C1A-646C-4059-AEC7-A02A3E569629}.Debug|x86.ActiveCfg = Debug|Win32
		{EE785C1A-646C-4059-AEC7-A02A3E569629}.Debug|x86.Build.0 = Debug|Win32
		{EE785C1A-646C-4059-AEC7-A02A3E569629}.Release|x64.ActiveCfg = Release|x64
		{EE785C1A-646C-4059-AEC7-A02A3E569629}.Release|x64.Build.0 = Release|x64
		{EE785C1A-646C-4059-AEC7-A02A3E569629}.Release|x86.ActiveCfg = Release|Win32
		{EE785C1A-646C-4059-AEC7-A02A3E569629}.Release|x86.Build.0 = Release|Win32
		{D5382523-E296-4757-A677-262D89789B11}.Debug|x64.ActiveCfg = Debug|x64
		{D5382523-E296-4757-A677-262D89789B11}.Debug|x64.Build.0 = Debug|x64
		{D5382523-E296-4757-A677-262D89789B11}.Debug|x86.ActiveCfg = Debug|Win32
		{D5382523-E296-4757-A677-262D89789B11}.Debug|x86.Build.0 = Debug|Win32
		{D5382523-E296-4757-A677-262D89789B11}.Release|x64.ActiveCfg = Release|x64
		{D5382523-E296-4757-A677-262D89789B11}.Release|x64.Build.0 = Release|x64
		{D5382523-E296-4757-A677-262D89789B11}.Release|x86.ActiveCfg = Release|Win32
		{D5382523-E296-4757-A677-262D89789B11}.Release|x86.Build.0 = Release|Win32
		{15BC5AF4-79BB-46EA-A2FC-2DEFEDC722E0}.Debug|x64.ActiveCfg = Debug|x64
		{15BC5AF4-79BB-46EA-A2FC-2DEFEDC722E0}.Debug|x64.Build.0 = Debug|x64
		{15BC5AF4-79BB-46EA-A2FC-2DEFEDC722E0}.Debug|x86.ActiveCfg = Debug|Win32
		{15BC5AF4-79BB-46EA-A2FC-2DEFEDC722E0}.Debug|x86.Build.0 = Debug|Win32
		{15BC5AF4-79BB-46EA-A2FC-2DEFEDC722E0}.Release|x64.ActiveCfg = Release|x64
		{15BC5AF4-79BB-46EA-A2FC-2DEFEDC722E0}.Release|x64.Build.0 = Release|x64
		{15BC5AF4-79BB-46EA-A2FC-2DEFEDC722E0}.Release|x86.ActiveCfg = Release|Win32
		{15BC5AF4-79BB-46EA-A2FC-2DEFEDC722E0}.Release|x86.Build.0 = Release|Win32
		{6F4D8011-5728-46A9-AD38-A5E66A258ADA}.Debug|x64.ActiveCfg = Debug|x64
		{6F4D8011-5728-46A9-AD38-A5E66A258ADA}.Debug|x64.Build.0 = Debug|x64
		{6F4D8011-5728-46A9-AD38-A5E66A258ADA}.Debug|x86.ActiveCfg = Debug|Win32
		{6F4D8011-5728-46A9-AD38-A5E66A258ADA}.Debug|x86.Build.0 = Debug|Win32
		{6F4D8011-5728-46A9-AD38-A5E66A258ADA}.Release|x64.ActiveCfg = Release|x64
		{6F4D8011-5728-46A9-AD38-A5E66A258ADA}.Release|x64.Build.0 = Release|x64
		{6F4D8011-5728-46A9-AD38-A5E66A258ADA}.Release|x86.ActiveCfg = Release|Win32
		{6F4D8011-5728-46A9-AD38-A5E66A258ADA}.Release|x86.Build.0 = Release|Win32
	EndGlobalSection
	GlobalSection(SolutionProperties) = preSolution
		HideSolutionNode = FALSE
	EndGlobalSection
	GlobalSection(NestedProjects) = preSolution
		{7B1A93DA-F28A-4A86-A81A-33C66E3E318F} = {1A750ACF-1F72-46D4-9B2F-B5CE62398DB7}
		{4FE8D57F-F9D2-47B5-8A50-7BC25B353893} = {1A750ACF-1F72-46D4-9B2F-B5CE62398DB7}
		{D049442B-B8EF-4D9D-9693-1AB5F66BDB5E} = {1A750ACF-1F72-46D4-9B2F-B5CE62398DB7}
		{F40FDB7E-2A7E-4BD9-B1FA-D4A3F366B9FF} = {1A750ACF-1F72-46D4-9B2F-B5CE62398DB7}
		{E2ABEED1-CF21-4872-89D1-CA7F10B3BC97} = {EBDF24EF-DEAE-47F3-8360-DF67E65C66F2}
		{A05632F2-D9F7-435E-8310-47B140468BC3} = {945A6EBD-8771-481C-9B34-977B07DA0C4D}
		{EE785C1A-646C-4059-AEC7-A02A3E569629} = {945A6EBD-8771-481C-9B34-977B07DA0C4D}
		{D5382523-E296-4757-A677-262D89789B11} = {945A6EBD-8771-481C-9B34-977B07DA0C4D}
		{15BC5AF4-79BB-46EA-A2FC-2DEFEDC722E0} = {1A750ACF-1F72-46D4-9B2F-B5CE62398DB7}
		{6F4D8011-5728-46A9-AD38-A5E66A258ADA} = {945A6EBD-8771-481C-9B34-977B07DA0C4D}
	EndGlobalSection
EndGlobal
