
Microsoft Visual Studio Solution File, Format Version 12.00
# Visual Studio 14
VisualStudioVersion = 14.0.24720.0
MinimumVisualStudioVersion = 10.0.40219.1
Project("{8BC9CEB8-8B4A-11D0-8D11-00A0C91BC942}") = "Triangle", "src\Triangle\Triangle.vcxproj", "{7B1A93DA-F28A-4A86-A81A-33C66E3E318F}"
EndProject
Project("{8BC9CEB8-8B4A-11D0-8D11-00A0C91BC942}") = "Cube", "src\Cube\Cube.vcxproj", "{4FE8D57F-F9D2-47B5-8A50-7BC25B353893}"
EndProject
Project("{8BC9CEB8-8B4A-11D0-8D11-00A0C91BC942}") = "Blinn-Phong", "src\Blinn-Phong\Blinn-Phong.vcxproj", "{D049442B-B8EF-4D9D-9693-1AB5F66BDB5E}"
EndProject
Project("{8BC9CEB8-8B4A-11D0-8D11-00A0C91BC942}") = "Tess-Triangle", "src\Tess-Triangle\Tess-Triangle.vcxproj", "{F40FDB7E-2A7E-4BD9-B1FA-D4A3F366B9FF}"
EndProject
Project("{8BC9CEB8-8B4A-11D0-8D11-00A0C91BC942}") = "byhj-Render", "src\byhj-Render\byhj-Render.vcxproj", "{E2ABEED1-CF21-4872-89D1-CA7F10B3BC97}"
EndProject
Project("{8BC9CEB8-8B4A-11D0-8D11-00A0C91BC942}") = "MeshLoad", "src\MeshLoad\MeshLoad.vcxproj", "{A05632F2-D9F7-435E-8310-47B140468BC3}"
EndProject
Project("{8BC9CEB8-8B4A-11D0-8D11-00A0C91BC942}") = "Camera", "src\Camera\Camera.vcxproj", "{EE785C1A-646C-4059-AEC7-A02A3E569629}"
EndProject
Project("{8BC9CEB8-8B4A-11D0-8D11-00A0C91BC942}") = "Audio", "src\Audio\Audio.vcxproj", "{D5382523-E296-4757-A677-262D89789B11}"
EndProject
Project("{2150E333-8FDC-42A3-9474-1A3956D46DE8}") = "Render", "Render", "{EBDF24EF-DEAE-47F3-8360-DF67E65C66F2}"
EndProject
Project("{2150E333-8FDC-42A3-9474-1A3956D46DE8}") = "Utility", "Utility", "{945A6EBD-8771-481C-9B34-977B07DA0C4D}"
EndProject
Project("{2150E333-8FDC-42A3-9474-1A3956D46DE8}") = "Sample", "Sample", "{1A750ACF-1F72-46D4-9B2F-B5CE62398DB7}"
EndProject
Project("{8BC9CEB8-8B4A-11D0-8D11-00A0C91BC942}") = "Skybox", "src\Skybox\Skybox.vcxproj", "{15BC5AF4-79BB-46EA-A2FC-2DEFEDC722E0}"
EndProject
Project("{8BC9CEB8-8B4A-11D0-8D11-00A0C91BC942}") = "Font", "src\Font\Font.vcxproj", "{6F4D8011-5728-46A9-AD38-A5E66A258ADA}"
EndProject
Project("{8BC9CEB8-8B4A-11D0-8D11-00A0C91BC942}") = "Fog", "src\Fog\Fog.vcxproj", "{DCD707D8-05F5-46FB-9F90-EBA3DC170A9E}"
EndProject
Project("{8BC9CEB8-8B4A-11D0-8D11-00A0C91BC942}") = "Instance", "src\Instance\Instance.vcxproj", "{AFDE2071-428D-445C-9704-E4B8A8D79FE3}"
EndProject
Project("{8BC9CEB8-8B4A-11D0-8D11-00A0C91BC942}") = "Texture", "src\Texture\Texture.vcxproj", "{4442EE71-1503-49A1-B3B7-6905DB8025FA}"
EndProject
Project("{8BC9CEB8-8B4A-11D0-8D11-00A0C91BC942}") = "HDR", "src\HDR\HDR.vcxproj", "{FC269EE2-3129-47BC-891F-DED0F20EFEC4}"
EndProject
Project("{8BC9CEB8-8B4A-11D0-8D11-00A0C91BC942}") = "Indirect-Draw", "src\Indirect-Draw\Indirect-Draw.vcxproj", "{F326198C-89CC-495C-9054-768A5A76E083}"
EndProject
Project("{8BC9CEB8-8B4A-11D0-8D11-00A0C91BC942}") = "Rim-Light", "src\Rim-Light\Rim-Light.vcxproj", "{B58F6E8C-646A-4825-B475-065921E784E6}"
EndProject
Project("{8BC9CEB8-8B4A-11D0-8D11-00A0C91BC942}") = "Billboard", "src\Billboard\Billboard.vcxproj", "{2836656B-23DD-4410-8044-326E7A9A0928}"
EndProject
Project("{8BC9CEB8-8B4A-11D0-8D11-00A0C91BC942}") = "BSP", "src\BSP\BSP.vcxproj", "{C4A05F73-3787-4BEB-B89C-614F980F250C}"
EndProject
Project("{8BC9CEB8-8B4A-11D0-8D11-00A0C91BC942}") = "Depth-of-Field", "src\Depth-of-Field\Depth-of-Field.vcxproj", "{B655D51E-3192-4188-A689-FE91774CCDD8}"
EndProject
Project("{8BC9CEB8-8B4A-11D0-8D11-00A0C91BC942}") = "Fur", "src\Fur\Fur.vcxproj", "{CAA47BFA-254A-42A2-B902-6F770E9D22D8}"
EndProject
Project("{8BC9CEB8-8B4A-11D0-8D11-00A0C91BC942}") = "Motion-Blur", "src\Motion-Blur\Motion-Blur.vcxproj", "{5C48AA6B-5B96-485F-B685-B01209895B2F}"
EndProject
Project("{8BC9CEB8-8B4A-11D0-8D11-00A0C91BC942}") = "OIT", "src\OIT\OIT.vcxproj", "{42DD22CC-1D77-4191-9A4E-2B4FF9972A07}"
EndProject
Project("{8BC9CEB8-8B4A-11D0-8D11-00A0C91BC942}") = "Ocean", "src\Ocean\Ocean.vcxproj", "{22601004-4E9E-4E25-8825-D0F587230D59}"
EndProject
Project("{8BC9CEB8-8B4A-11D0-8D11-00A0C91BC942}") = "Particle", "src\Particle\Particle.vcxproj", "{C6AA4FDF-ED05-46A9-B6C2-5B742E7ADA01}"
EndProject
Project("{8BC9CEB8-8B4A-11D0-8D11-00A0C91BC942}") = "Noise", "src\Noise\Noise.vcxproj", "{4E5B56B3-96AD-449E-BE61-FFE1603505C4}"
EndProject
Project("{8BC9CEB8-8B4A-11D0-8D11-00A0C91BC942}") = "Sprites", "src\Sprites\Sprites.vcxproj", "{C0905333-144E-4D96-9FF0-D9AC23D595F9}"
EndProject
Project("{8BC9CEB8-8B4A-11D0-8D11-00A0C91BC942}") = "SSAO", "src\SSAO\SSAO.vcxproj", "{8133D18F-B461-4E32-A1EB-DBBD96273576}"
EndProject
Project("{8BC9CEB8-8B4A-11D0-8D11-00A0C91BC942}") = "Toon-Shading", "src\Toon-Shading\Toon-Shading.vcxproj", "{584E11BA-5A29-4D59-B9E6-21A89E81693B}"
EndProject
Project("{8BC9CEB8-8B4A-11D0-8D11-00A0C91BC942}") = "Bloom", "src\Bloom\Bloom.vcxproj", "{4E728B54-FCD7-463C-A175-41E0A6CC1173}"
EndProject
Project("{8BC9CEB8-8B4A-11D0-8D11-00A0C91BC942}") = "BDRF", "src\BDRF\BDRF.vcxproj", "{FD829F99-4BEA-41B5-AC85-5E74148E7D6D}"
EndProject
Project("{8BC9CEB8-8B4A-11D0-8D11-00A0C91BC942}") = "CPU-Raytracer", "src\CPU-Raytracer\CPU-Raytracer.vcxproj", "{94A2090A-846C-4429-87EB-61C0D1DCF309}"
EndProject
Project("{8BC9CEB8-8B4A-11D0-8D11-00A0C91BC942}") = "Shadow-Mapping", "src\Shadow-Mapping\Shadow-Mapping.vcxproj", "{CCADC299-D6F1-489F-81F3-F496A193B7E2}"
EndProject
Project("{8BC9CEB8-8B4A-11D0-8D11-00A0C91BC942}") = "Shadow-Volume", "src\Shadow-Volume\Shadow-Volume.vcxproj", "{2C73E7CA-51C5-48A2-AC21-0ECB6333E12B}"
EndProject
Project("{8BC9CEB8-8B4A-11D0-8D11-00A0C91BC942}") = "PN-Triangle", "src\PN-Triangle\PN-Triangle.vcxproj", "{C4E33FB8-F9AA-4726-8C86-0CEF8A73AB56}"
EndProject
Project("{8BC9CEB8-8B4A-11D0-8D11-00A0C91BC942}") = "Stereo", "src\Stereo\Stereo.vcxproj", "{A6258703-363B-4F9F-B4E6-4248B59BB507}"
EndProject
Project("{8BC9CEB8-8B4A-11D0-8D11-00A0C91BC942}") = "Terrain", "src\Terrain\Terrain.vcxproj", "{A55A71E7-BCDC-4DB1-9643-6CF23C3DFD95}"
EndProject
Project("{8BC9CEB8-8B4A-11D0-8D11-00A0C91BC942}") = "Reflect-Refract", "src\Reflect-Refract\Reflect-Refract.vcxproj", "{21D1B0C4-A790-41FC-86FB-9C2FA7885B8E}"
EndProject
Project("{8BC9CEB8-8B4A-11D0-8D11-00A0C91BC942}") = "Normal-Mapping", "src\Normal-Mapping\Normal-Mapping.vcxproj", "{28E93864-1D87-42DA-A5FE-3A8E7E9AB673}"
EndProject
Project("{8BC9CEB8-8B4A-11D0-8D11-00A0C91BC942}") = "Parallax-Mapping", "src\Parallax-Mapping\Parallax-Mapping.vcxproj", "{4952D24E-5F10-495E-9563-79F9C1C20632}"
EndProject
Project("{8BC9CEB8-8B4A-11D0-8D11-00A0C91BC942}") = "Deferred-Shading", "src\Deferred-Shading\Deferred-Shading.vcxproj", "{9F23F01D-E033-41B3-A4B8-F117185D0F89}"
EndProject
Project("{2150E333-8FDC-42A3-9474-1A3956D46DE8}") = "Advanced Shading", "Advanced Shading", "{73D4DA02-4161-4A4B-A788-2B73143D2DDE}"
EndProject
Project("{2150E333-8FDC-42A3-9474-1A3956D46DE8}") = "Transforms", "Transforms", "{862468E0-14B6-434E-989F-83C29698AB43}"
EndProject
Project("{2150E333-8FDC-42A3-9474-1A3956D46DE8}") = "Visual Appearance", "Visual Appearance", "{CB27A0B9-54A1-45D6-B62C-617CD1E2AF5A}"
EndProject
Project("{2150E333-8FDC-42A3-9474-1A3956D46DE8}") = "Texturing", "Texturing", "{7372BC10-4C20-43D8-8945-5606435BB8E7}"
EndProject
Project("{2150E333-8FDC-42A3-9474-1A3956D46DE8}") = "Area and Environmental Lighting", "Area and Environmental Lighting", "{2691A857-9501-4FC0-84BE-45A90F17DD09}"
EndProject
Project("{2150E333-8FDC-42A3-9474-1A3956D46DE8}") = "Global Illumination", "Global Illumination", "{BD4D441B-1A89-4DE4-AEDF-6EF13C24669E}"
EndProject
Project("{2150E333-8FDC-42A3-9474-1A3956D46DE8}") = "Image-Based Effects", "Image-Based Effects", "{9B9D6047-D1F9-4727-B25D-EC2AC251C607}"
EndProject
Project("{2150E333-8FDC-42A3-9474-1A3956D46DE8}") = "Non-Photorealistic Rendering", "Non-Photorealistic Rendering", "{75088561-E299-419A-9B4A-2801675A16F1}"
EndProject
Project("{2150E333-8FDC-42A3-9474-1A3956D46DE8}") = "Polygonal Techniques", "Polygonal Techniques", "{A34DB2DC-58A3-4731-B47D-F7C3756C18DE}"
EndProject
Project("{2150E333-8FDC-42A3-9474-1A3956D46DE8}") = "Curves and Curved Surfaces", "Curves and Curved Surfaces", "{BDD6F747-2BA2-4E5E-9525-E54C7DE18188}"
EndProject
Project("{2150E333-8FDC-42A3-9474-1A3956D46DE8}") = "Acceleration Algorithms", "Acceleration Algorithms", "{B1DB5EA5-F557-46F4-BECD-633F01458758}"
EndProject
Project("{2150E333-8FDC-42A3-9474-1A3956D46DE8}") = "Collsion Detection", "Collsion Detection", "{4BBC7D12-64FB-4401-AC78-7ECBBCC2A89B}"
EndProject
Project("{2150E333-8FDC-42A3-9474-1A3956D46DE8}") = "Pipeline Optimization", "Pipeline Optimization", "{6C489D7E-03BA-42FF-922E-E761E787ECC8}"
EndProject
Project("{2150E333-8FDC-42A3-9474-1A3956D46DE8}") = "Graphics Hardware", "Graphics Hardware", "{851915C9-3AB7-4DE3-AEF7-428ADF6425ED}"
EndProject
Project("{8BC9CEB8-8B4A-11D0-8D11-00A0C91BC942}") = "FSAA", "src\FSAA\FSAA.vcxproj", "{3E74CB1C-807B-4E60-A33C-4E09E64AE56A}"
EndProject
Project("{8BC9CEB8-8B4A-11D0-8D11-00A0C91BC942}") = "MSAA", "src\MSAA\MSAA.vcxproj", "{9E6B25ED-E902-4593-AE81-4F18154F03CC}"
EndProject
Project("{8BC9CEB8-8B4A-11D0-8D11-00A0C91BC942}") = "Gamma-Correction", "src\Gamma-Correction\Gamma-Correction.vcxproj", "{9830D853-A3F5-43F2-A374-387593000C89}"
EndProject
Project("{8BC9CEB8-8B4A-11D0-8D11-00A0C91BC942}") = "Material", "src\Material\Material.vcxproj", "{964D38A1-5CDA-4766-BC52-F5A086FB393C}"
EndProject
Project("{8BC9CEB8-8B4A-11D0-8D11-00A0C91BC942}") = "Texture-Wrap", "src\Texture-Wrap\Texture-Wrap.vcxproj", "{F485BA01-FA89-4F52-A06E-815B3C54E766}"
EndProject
Project("{8BC9CEB8-8B4A-11D0-8D11-00A0C91BC942}") = "Mipmap", "src\Mipmap\Mipmap.vcxproj", "{0B77E3BD-FF48-4F89-9005-F386AD37B378}"
EndProject
Project("{8BC9CEB8-8B4A-11D0-8D11-00A0C91BC942}") = "Texture-Volume", "src\Texture-Volume\Texture-Volume.vcxproj", "{6FD1E68C-2833-4CB3-B032-FE119C59FC45}"
EndProject
Project("{8BC9CEB8-8B4A-11D0-8D11-00A0C91BC942}") = "Texture-Compression", "src\Texture-Compression\Texture-Compression.vcxproj", "{97A242CD-D145-41CF-879B-A4579DCEB3A7}"
EndProject
Project("{8BC9CEB8-8B4A-11D0-8D11-00A0C91BC942}") = "Texture-Porcedure", "src\Texture-Porcedure\Texture-Porcedure.vcxproj", "{59623FD6-98F0-48DA-86F8-2AA9364451B0}"
EndProject
Project("{8BC9CEB8-8B4A-11D0-8D11-00A0C91BC942}") = "Texture-Alpha", "src\Texture-Alpha\Texture-Alpha.vcxproj", "{35A82DC6-0243-490B-AAFC-F463632702AD}"
EndProject
Project("{8BC9CEB8-8B4A-11D0-8D11-00A0C91BC942}") = "Relief-Mapping", "src\Relief-Mapping\Relief-Mapping.vcxproj", "{BF5485F4-513E-4231-8285-EFF6CF35DB06}"
EndProject
Project("{8BC9CEB8-8B4A-11D0-8D11-00A0C91BC942}") = "Texture-Heightfield", "src\Texture-Heightfield\Texture-Heightfield.vcxproj", "{DE0FC13E-01CD-4EF2-9C66-ED73D778F1C7}"
EndProject
Project("{8BC9CEB8-8B4A-11D0-8D11-00A0C91BC942}") = "Omni-Light", "src\Omni-Light\Omni-Light.vcxproj", "{D96F542D-4ED4-49FA-B1E7-E7E483959288}"
EndProject
Project("{8BC9CEB8-8B4A-11D0-8D11-00A0C91BC942}") = "Spot-Light", "src\Spot-Light\Spot-Light.vcxproj", "{FA4D12C1-102B-4A14-9B84-52928A05E0C8}"
EndProject
Project("{8BC9CEB8-8B4A-11D0-8D11-00A0C91BC942}") = "Texture-Light", "src\Texture-Light\Texture-Light.vcxproj", "{73301597-396C-44FA-88DF-E865ABA98743}"
EndProject
Project("{8BC9CEB8-8B4A-11D0-8D11-00A0C91BC942}") = "Ambient-Light", "src\Ambient-Light\Ambient-Light.vcxproj", "{ACF12FE3-6211-45B1-AA9E-B5CE3D23D3E0}"
EndProject
Project("{8BC9CEB8-8B4A-11D0-8D11-00A0C91BC942}") = "Environment-Mapping", "src\Environment-Mapping\Environment-Mapping.vcxproj", "{D5959922-F1D0-4F67-BFC3-9BD7006F8016}"
EndProject
Project("{8BC9CEB8-8B4A-11D0-8D11-00A0C91BC942}") = "Glossy-Reflection", "src\Glossy-Reflection\Glossy-Reflection.vcxproj", "{7FC142A6-867E-46C5-85DF-D0B2CB93A865}"
EndProject
Project("{8BC9CEB8-8B4A-11D0-8D11-00A0C91BC942}") = "Irradiance", "src\Irradiance\Irradiance.vcxproj", "{2985AE25-9453-40DD-8706-EC04607C53F4}"
EndProject
Project("{8BC9CEB8-8B4A-11D0-8D11-00A0C91BC942}") = "Shadow-Soft", "src\Shadow-Soft\Shadow-Soft.vcxproj", "{3399A7A6-0171-41E2-853C-6B28D9042634}"
EndProject
Project("{8BC9CEB8-8B4A-11D0-8D11-00A0C91BC942}") = "Caustics", "src\Caustics\Caustics.vcxproj", "{46636E07-2B0B-4CD3-8866-A9A4D2209A34}"
EndProject
Project("{8BC9CEB8-8B4A-11D0-8D11-00A0C91BC942}") = "Subsurface-Scattering", "src\Subsurface-Scattering\Subsurface-Scattering.vcxproj", "{08DF0DD7-6A21-4F3A-AE69-5D07F89729C6}"
EndProject
Project("{8BC9CEB8-8B4A-11D0-8D11-00A0C91BC942}") = "Lens-Flare", "src\Lens-Flare\Lens-Flare.vcxproj", "{C4451800-9ED2-41A8-8FA7-D87DDE072679}"
EndProject
Project("{8BC9CEB8-8B4A-11D0-8D11-00A0C91BC942}") = "Tess-Geom", "src\Tess-Geom\Tess-Geom.vcxproj", "{0C45F4B6-3F32-4888-88BE-483EEC58265C}"
EndProject
Project("{8BC9CEB8-8B4A-11D0-8D11-00A0C91BC942}") = "Transform-Feedback", "src\Transform-Feedback\Transform-Feedback.vcxproj", "{C96955C8-F8F0-4B8D-BE74-04CD3C47D9AD}"
EndProject
Project("{8BC9CEB8-8B4A-11D0-8D11-00A0C91BC942}") = "Picking", "src\Picking\Picking.vcxproj", "{1C47A731-F17B-4C0C-87F9-47F8E8223C1C}"
EndProject
Project("{8BC9CEB8-8B4A-11D0-8D11-00A0C91BC942}") = "AABB", "src\AABB\AABB.vcxproj", "{EAA9F653-0C64-42ED-93B9-B0ED91670FE8}"
EndProject
Project("{8BC9CEB8-8B4A-11D0-8D11-00A0C91BC942}") = "Sliding-Camera", "src\Sliding-Camera\Sliding-Camera.vcxproj", "{2A0133B9-DB04-4B50-A337-CD5D45C6792C}"
EndProject
Project("{8BC9CEB8-8B4A-11D0-8D11-00A0C91BC942}") = "Bezier", "src\Bezier\Bezier.vcxproj", "{35782FF3-26EA-4D54-8A79-5ADD80A4F0B8}"
EndProject
Project("{8BC9CEB8-8B4A-11D0-8D11-00A0C91BC942}") = "Geometry", "src\Geometry\Geometry.vcxproj", "{2748B127-57E9-4762-8361-D7D92F3EA0F3}"
EndProject
Project("{8BC9CEB8-8B4A-11D0-8D11-00A0C91BC942}") = "Window", "src\Window\Window.vcxproj", "{8D5ACADB-9ABF-498A-9304-E787C38D7C88}"
EndProject
Project("{8BC9CEB8-8B4A-11D0-8D11-00A0C91BC942}") = "Subroutine", "src\Subroutine\Subroutine.vcxproj", "{3B7C4DBD-F13A-4B01-B213-73D29C9042FF}"
EndProject
Project("{8BC9CEB8-8B4A-11D0-8D11-00A0C91BC942}") = "Multi-Viewport", "src\Multi-Viewport\Multi-Viewport.vcxproj", "{0C79BFEA-80DC-455E-B13D-ADAE04FCFE20}"
EndProject
Project("{8BC9CEB8-8B4A-11D0-8D11-00A0C91BC942}") = "Multi-Scissor", "src\Multi-Scissor\Multi-Scissor.vcxproj", "{431003DB-6ADA-4410-B166-120399189D97}"
EndProject
Project("{8BC9CEB8-8B4A-11D0-8D11-00A0C91BC942}") = "Blending", "src\Blending\Blending.vcxproj", "{0044B97C-7A3D-48F3-BD65-75FA2BCC111A}"
EndProject
Global
	GlobalSection(SolutionConfigurationPlatforms) = preSolution
		Debug|x64 = Debug|x64
		Debug|x86 = Debug|x86
		Release|x64 = Release|x64
		Release|x86 = Release|x86
	EndGlobalSection
	GlobalSection(ProjectConfigurationPlatforms) = postSolution
		{7B1A93DA-F28A-4A86-A81A-33C66E3E318F}.Debug|x64.ActiveCfg = Debug|x64
		{7B1A93DA-F28A-4A86-A81A-33C66E3E318F}.Debug|x64.Build.0 = Debug|x64
		{7B1A93DA-F28A-4A86-A81A-33C66E3E318F}.Debug|x86.ActiveCfg = Debug|Win32
		{7B1A93DA-F28A-4A86-A81A-33C66E3E318F}.Debug|x86.Build.0 = Debug|Win32
		{7B1A93DA-F28A-4A86-A81A-33C66E3E318F}.Release|x64.ActiveCfg = Release|x64
		{7B1A93DA-F28A-4A86-A81A-33C66E3E318F}.Release|x64.Build.0 = Release|x64
		{7B1A93DA-F28A-4A86-A81A-33C66E3E318F}.Release|x86.ActiveCfg = Release|Win32
		{7B1A93DA-F28A-4A86-A81A-33C66E3E318F}.Release|x86.Build.0 = Release|Win32
		{4FE8D57F-F9D2-47B5-8A50-7BC25B353893}.Debug|x64.ActiveCfg = Debug|x64
		{4FE8D57F-F9D2-47B5-8A50-7BC25B353893}.Debug|x64.Build.0 = Debug|x64
		{4FE8D57F-F9D2-47B5-8A50-7BC25B353893}.Debug|x86.ActiveCfg = Debug|Win32
		{4FE8D57F-F9D2-47B5-8A50-7BC25B353893}.Debug|x86.Build.0 = Debug|Win32
		{4FE8D57F-F9D2-47B5-8A50-7BC25B353893}.Release|x64.ActiveCfg = Release|x64
		{4FE8D57F-F9D2-47B5-8A50-7BC25B353893}.Release|x64.Build.0 = Release|x64
		{4FE8D57F-F9D2-47B5-8A50-7BC25B353893}.Release|x86.ActiveCfg = Release|Win32
		{4FE8D57F-F9D2-47B5-8A50-7BC25B353893}.Release|x86.Build.0 = Release|Win32
		{D049442B-B8EF-4D9D-9693-1AB5F66BDB5E}.Debug|x64.ActiveCfg = Debug|x64
		{D049442B-B8EF-4D9D-9693-1AB5F66BDB5E}.Debug|x64.Build.0 = Debug|x64
		{D049442B-B8EF-4D9D-9693-1AB5F66BDB5E}.Debug|x86.ActiveCfg = Debug|Win32
		{D049442B-B8EF-4D9D-9693-1AB5F66BDB5E}.Debug|x86.Build.0 = Debug|Win32
		{D049442B-B8EF-4D9D-9693-1AB5F66BDB5E}.Release|x64.ActiveCfg = Release|x64
		{D049442B-B8EF-4D9D-9693-1AB5F66BDB5E}.Release|x64.Build.0 = Release|x64
		{D049442B-B8EF-4D9D-9693-1AB5F66BDB5E}.Release|x86.ActiveCfg = Release|Win32
		{D049442B-B8EF-4D9D-9693-1AB5F66BDB5E}.Release|x86.Build.0 = Release|Win32
		{F40FDB7E-2A7E-4BD9-B1FA-D4A3F366B9FF}.Debug|x64.ActiveCfg = Debug|x64
		{F40FDB7E-2A7E-4BD9-B1FA-D4A3F366B9FF}.Debug|x64.Build.0 = Debug|x64
		{F40FDB7E-2A7E-4BD9-B1FA-D4A3F366B9FF}.Debug|x86.ActiveCfg = Debug|Win32
		{F40FDB7E-2A7E-4BD9-B1FA-D4A3F366B9FF}.Debug|x86.Build.0 = Debug|Win32
		{F40FDB7E-2A7E-4BD9-B1FA-D4A3F366B9FF}.Release|x64.ActiveCfg = Release|x64
		{F40FDB7E-2A7E-4BD9-B1FA-D4A3F366B9FF}.Release|x64.Build.0 = Release|x64
		{F40FDB7E-2A7E-4BD9-B1FA-D4A3F366B9FF}.Release|x86.ActiveCfg = Release|Win32
		{F40FDB7E-2A7E-4BD9-B1FA-D4A3F366B9FF}.Release|x86.Build.0 = Release|Win32
		{E2ABEED1-CF21-4872-89D1-CA7F10B3BC97}.Debug|x64.ActiveCfg = Debug|x64
		{E2ABEED1-CF21-4872-89D1-CA7F10B3BC97}.Debug|x64.Build.0 = Debug|x64
		{E2ABEED1-CF21-4872-89D1-CA7F10B3BC97}.Debug|x86.ActiveCfg = Debug|Win32
		{E2ABEED1-CF21-4872-89D1-CA7F10B3BC97}.Debug|x86.Build.0 = Debug|Win32
		{E2ABEED1-CF21-4872-89D1-CA7F10B3BC97}.Release|x64.ActiveCfg = Release|x64
		{E2ABEED1-CF21-4872-89D1-CA7F10B3BC97}.Release|x64.Build.0 = Release|x64
		{E2ABEED1-CF21-4872-89D1-CA7F10B3BC97}.Release|x86.ActiveCfg = Release|Win32
		{E2ABEED1-CF21-4872-89D1-CA7F10B3BC97}.Release|x86.Build.0 = Release|Win32
		{A05632F2-D9F7-435E-8310-47B140468BC3}.Debug|x64.ActiveCfg = Debug|x64
		{A05632F2-D9F7-435E-8310-47B140468BC3}.Debug|x64.Build.0 = Debug|x64
		{A05632F2-D9F7-435E-8310-47B140468BC3}.Debug|x86.ActiveCfg = Debug|Win32
		{A05632F2-D9F7-435E-8310-47B140468BC3}.Debug|x86.Build.0 = Debug|Win32
		{A05632F2-D9F7-435E-8310-47B140468BC3}.Release|x64.ActiveCfg = Release|x64
		{A05632F2-D9F7-435E-8310-47B140468BC3}.Release|x64.Build.0 = Release|x64
		{A05632F2-D9F7-435E-8310-47B140468BC3}.Release|x86.ActiveCfg = Release|Win32
		{A05632F2-D9F7-435E-8310-47B140468BC3}.Release|x86.Build.0 = Release|Win32
		{EE785C1A-646C-4059-AEC7-A02A3E569629}.Debug|x64.ActiveCfg = Debug|x64
		{EE785C1A-646C-4059-AEC7-A02A3E569629}.Debug|x64.Build.0 = Debug|x64
		{EE785C1A-646C-4059-AEC7-A02A3E569629}.Debug|x86.ActiveCfg = Debug|Win32
		{EE785C1A-646C-4059-AEC7-A02A3E569629}.Debug|x86.Build.0 = Debug|Win32
		{EE785C1A-646C-4059-AEC7-A02A3E569629}.Release|x64.ActiveCfg = Release|x64
		{EE785C1A-646C-4059-AEC7-A02A3E569629}.Release|x64.Build.0 = Release|x64
		{EE785C1A-646C-4059-AEC7-A02A3E569629}.Release|x86.ActiveCfg = Release|Win32
		{EE785C1A-646C-4059-AEC7-A02A3E569629}.Release|x86.Build.0 = Release|Win32
		{D5382523-E296-4757-A677-262D89789B11}.Debug|x64.ActiveCfg = Debug|x64
		{D5382523-E296-4757-A677-262D89789B11}.Debug|x64.Build.0 = Debug|x64
		{D5382523-E296-4757-A677-262D89789B11}.Debug|x86.ActiveCfg = Debug|Win32
		{D5382523-E296-4757-A677-262D89789B11}.Debug|x86.Build.0 = Debug|Win32
		{D5382523-E296-4757-A677-262D89789B11}.Release|x64.ActiveCfg = Release|x64
		{D5382523-E296-4757-A677-262D89789B11}.Release|x64.Build.0 = Release|x64
		{D5382523-E296-4757-A677-262D89789B11}.Release|x86.ActiveCfg = Release|Win32
		{D5382523-E296-4757-A677-262D89789B11}.Release|x86.Build.0 = Release|Win32
		{15BC5AF4-79BB-46EA-A2FC-2DEFEDC722E0}.Debug|x64.ActiveCfg = Debug|x64
		{15BC5AF4-79BB-46EA-A2FC-2DEFEDC722E0}.Debug|x64.Build.0 = Debug|x64
		{15BC5AF4-79BB-46EA-A2FC-2DEFEDC722E0}.Debug|x86.ActiveCfg = Debug|Win32
		{15BC5AF4-79BB-46EA-A2FC-2DEFEDC722E0}.Debug|x86.Build.0 = Debug|Win32
		{15BC5AF4-79BB-46EA-A2FC-2DEFEDC722E0}.Release|x64.ActiveCfg = Release|x64
		{15BC5AF4-79BB-46EA-A2FC-2DEFEDC722E0}.Release|x64.Build.0 = Release|x64
		{15BC5AF4-79BB-46EA-A2FC-2DEFEDC722E0}.Release|x86.ActiveCfg = Release|Win32
		{15BC5AF4-79BB-46EA-A2FC-2DEFEDC722E0}.Release|x86.Build.0 = Release|Win32
		{6F4D8011-5728-46A9-AD38-A5E66A258ADA}.Debug|x64.ActiveCfg = Debug|x64
		{6F4D8011-5728-46A9-AD38-A5E66A258ADA}.Debug|x64.Build.0 = Debug|x64
		{6F4D8011-5728-46A9-AD38-A5E66A258ADA}.Debug|x86.ActiveCfg = Debug|Win32
		{6F4D8011-5728-46A9-AD38-A5E66A258ADA}.Debug|x86.Build.0 = Debug|Win32
		{6F4D8011-5728-46A9-AD38-A5E66A258ADA}.Release|x64.ActiveCfg = Release|x64
		{6F4D8011-5728-46A9-AD38-A5E66A258ADA}.Release|x64.Build.0 = Release|x64
		{6F4D8011-5728-46A9-AD38-A5E66A258ADA}.Release|x86.ActiveCfg = Release|Win32
		{6F4D8011-5728-46A9-AD38-A5E66A258ADA}.Release|x86.Build.0 = Release|Win32
		{DCD707D8-05F5-46FB-9F90-EBA3DC170A9E}.Debug|x64.ActiveCfg = Debug|x64
		{DCD707D8-05F5-46FB-9F90-EBA3DC170A9E}.Debug|x64.Build.0 = Debug|x64
		{DCD707D8-05F5-46FB-9F90-EBA3DC170A9E}.Debug|x86.ActiveCfg = Debug|Win32
		{DCD707D8-05F5-46FB-9F90-EBA3DC170A9E}.Debug|x86.Build.0 = Debug|Win32
		{DCD707D8-05F5-46FB-9F90-EBA3DC170A9E}.Release|x64.ActiveCfg = Release|x64
		{DCD707D8-05F5-46FB-9F90-EBA3DC170A9E}.Release|x64.Build.0 = Release|x64
		{DCD707D8-05F5-46FB-9F90-EBA3DC170A9E}.Release|x86.ActiveCfg = Release|Win32
		{DCD707D8-05F5-46FB-9F90-EBA3DC170A9E}.Release|x86.Build.0 = Release|Win32
		{AFDE2071-428D-445C-9704-E4B8A8D79FE3}.Debug|x64.ActiveCfg = Debug|x64
		{AFDE2071-428D-445C-9704-E4B8A8D79FE3}.Debug|x64.Build.0 = Debug|x64
		{AFDE2071-428D-445C-9704-E4B8A8D79FE3}.Debug|x86.ActiveCfg = Debug|Win32
		{AFDE2071-428D-445C-9704-E4B8A8D79FE3}.Debug|x86.Build.0 = Debug|Win32
		{AFDE2071-428D-445C-9704-E4B8A8D79FE3}.Release|x64.ActiveCfg = Release|x64
		{AFDE2071-428D-445C-9704-E4B8A8D79FE3}.Release|x64.Build.0 = Release|x64
		{AFDE2071-428D-445C-9704-E4B8A8D79FE3}.Release|x86.ActiveCfg = Release|Win32
		{AFDE2071-428D-445C-9704-E4B8A8D79FE3}.Release|x86.Build.0 = Release|Win32
		{4442EE71-1503-49A1-B3B7-6905DB8025FA}.Debug|x64.ActiveCfg = Debug|x64
		{4442EE71-1503-49A1-B3B7-6905DB8025FA}.Debug|x64.Build.0 = Debug|x64
		{4442EE71-1503-49A1-B3B7-6905DB8025FA}.Debug|x86.ActiveCfg = Debug|Win32
		{4442EE71-1503-49A1-B3B7-6905DB8025FA}.Debug|x86.Build.0 = Debug|Win32
		{4442EE71-1503-49A1-B3B7-6905DB8025FA}.Release|x64.ActiveCfg = Release|x64
		{4442EE71-1503-49A1-B3B7-6905DB8025FA}.Release|x64.Build.0 = Release|x64
		{4442EE71-1503-49A1-B3B7-6905DB8025FA}.Release|x86.ActiveCfg = Release|Win32
		{4442EE71-1503-49A1-B3B7-6905DB8025FA}.Release|x86.Build.0 = Release|Win32
		{FC269EE2-3129-47BC-891F-DED0F20EFEC4}.Debug|x64.ActiveCfg = Debug|x64
		{FC269EE2-3129-47BC-891F-DED0F20EFEC4}.Debug|x64.Build.0 = Debug|x64
		{FC269EE2-3129-47BC-891F-DED0F20EFEC4}.Debug|x86.ActiveCfg = Debug|Win32
		{FC269EE2-3129-47BC-891F-DED0F20EFEC4}.Debug|x86.Build.0 = Debug|Win32
		{FC269EE2-3129-47BC-891F-DED0F20EFEC4}.Release|x64.ActiveCfg = Release|x64
		{FC269EE2-3129-47BC-891F-DED0F20EFEC4}.Release|x64.Build.0 = Release|x64
		{FC269EE2-3129-47BC-891F-DED0F20EFEC4}.Release|x86.ActiveCfg = Release|Win32
		{FC269EE2-3129-47BC-891F-DED0F20EFEC4}.Release|x86.Build.0 = Release|Win32
		{F326198C-89CC-495C-9054-768A5A76E083}.Debug|x64.ActiveCfg = Debug|x64
		{F326198C-89CC-495C-9054-768A5A76E083}.Debug|x64.Build.0 = Debug|x64
		{F326198C-89CC-495C-9054-768A5A76E083}.Debug|x86.ActiveCfg = Debug|Win32
		{F326198C-89CC-495C-9054-768A5A76E083}.Debug|x86.Build.0 = Debug|Win32
		{F326198C-89CC-495C-9054-768A5A76E083}.Release|x64.ActiveCfg = Release|x64
		{F326198C-89CC-495C-9054-768A5A76E083}.Release|x64.Build.0 = Release|x64
		{F326198C-89CC-495C-9054-768A5A76E083}.Release|x86.ActiveCfg = Release|Win32
		{F326198C-89CC-495C-9054-768A5A76E083}.Release|x86.Build.0 = Release|Win32
		{B58F6E8C-646A-4825-B475-065921E784E6}.Debug|x64.ActiveCfg = Debug|x64
		{B58F6E8C-646A-4825-B475-065921E784E6}.Debug|x64.Build.0 = Debug|x64
		{B58F6E8C-646A-4825-B475-065921E784E6}.Debug|x86.ActiveCfg = Debug|Win32
		{B58F6E8C-646A-4825-B475-065921E784E6}.Debug|x86.Build.0 = Debug|Win32
		{B58F6E8C-646A-4825-B475-065921E784E6}.Release|x64.ActiveCfg = Release|x64
		{B58F6E8C-646A-4825-B475-065921E784E6}.Release|x64.Build.0 = Release|x64
		{B58F6E8C-646A-4825-B475-065921E784E6}.Release|x86.ActiveCfg = Release|Win32
		{B58F6E8C-646A-4825-B475-065921E784E6}.Release|x86.Build.0 = Release|Win32
		{2836656B-23DD-4410-8044-326E7A9A0928}.Debug|x64.ActiveCfg = Debug|x64
		{2836656B-23DD-4410-8044-326E7A9A0928}.Debug|x64.Build.0 = Debug|x64
		{2836656B-23DD-4410-8044-326E7A9A0928}.Debug|x86.ActiveCfg = Debug|Win32
		{2836656B-23DD-4410-8044-326E7A9A0928}.Debug|x86.Build.0 = Debug|Win32
		{2836656B-23DD-4410-8044-326E7A9A0928}.Release|x64.ActiveCfg = Release|x64
		{2836656B-23DD-4410-8044-326E7A9A0928}.Release|x64.Build.0 = Release|x64
		{2836656B-23DD-4410-8044-326E7A9A0928}.Release|x86.ActiveCfg = Release|Win32
		{2836656B-23DD-4410-8044-326E7A9A0928}.Release|x86.Build.0 = Release|Win32
		{C4A05F73-3787-4BEB-B89C-614F980F250C}.Debug|x64.ActiveCfg = Debug|x64
		{C4A05F73-3787-4BEB-B89C-614F980F250C}.Debug|x64.Build.0 = Debug|x64
		{C4A05F73-3787-4BEB-B89C-614F980F250C}.Debug|x86.ActiveCfg = Debug|Win32
		{C4A05F73-3787-4BEB-B89C-614F980F250C}.Debug|x86.Build.0 = Debug|Win32
		{C4A05F73-3787-4BEB-B89C-614F980F250C}.Release|x64.ActiveCfg = Release|x64
		{C4A05F73-3787-4BEB-B89C-614F980F250C}.Release|x64.Build.0 = Release|x64
		{C4A05F73-3787-4BEB-B89C-614F980F250C}.Release|x86.ActiveCfg = Release|Win32
		{C4A05F73-3787-4BEB-B89C-614F980F250C}.Release|x86.Build.0 = Release|Win32
		{B655D51E-3192-4188-A689-FE91774CCDD8}.Debug|x64.ActiveCfg = Debug|x64
		{B655D51E-3192-4188-A689-FE91774CCDD8}.Debug|x64.Build.0 = Debug|x64
		{B655D51E-3192-4188-A689-FE91774CCDD8}.Debug|x86.ActiveCfg = Debug|Win32
		{B655D51E-3192-4188-A689-FE91774CCDD8}.Debug|x86.Build.0 = Debug|Win32
		{B655D51E-3192-4188-A689-FE91774CCDD8}.Release|x64.ActiveCfg = Release|x64
		{B655D51E-3192-4188-A689-FE91774CCDD8}.Release|x64.Build.0 = Release|x64
		{B655D51E-3192-4188-A689-FE91774CCDD8}.Release|x86.ActiveCfg = Release|Win32
		{B655D51E-3192-4188-A689-FE91774CCDD8}.Release|x86.Build.0 = Release|Win32
		{CAA47BFA-254A-42A2-B902-6F770E9D22D8}.Debug|x64.ActiveCfg = Debug|x64
		{CAA47BFA-254A-42A2-B902-6F770E9D22D8}.Debug|x64.Build.0 = Debug|x64
		{CAA47BFA-254A-42A2-B902-6F770E9D22D8}.Debug|x86.ActiveCfg = Debug|Win32
		{CAA47BFA-254A-42A2-B902-6F770E9D22D8}.Debug|x86.Build.0 = Debug|Win32
		{CAA47BFA-254A-42A2-B902-6F770E9D22D8}.Release|x64.ActiveCfg = Release|x64
		{CAA47BFA-254A-42A2-B902-6F770E9D22D8}.Release|x64.Build.0 = Release|x64
		{CAA47BFA-254A-42A2-B902-6F770E9D22D8}.Release|x86.ActiveCfg = Release|Win32
		{CAA47BFA-254A-42A2-B902-6F770E9D22D8}.Release|x86.Build.0 = Release|Win32
		{5C48AA6B-5B96-485F-B685-B01209895B2F}.Debug|x64.ActiveCfg = Debug|x64
		{5C48AA6B-5B96-485F-B685-B01209895B2F}.Debug|x64.Build.0 = Debug|x64
		{5C48AA6B-5B96-485F-B685-B01209895B2F}.Debug|x86.ActiveCfg = Debug|Win32
		{5C48AA6B-5B96-485F-B685-B01209895B2F}.Debug|x86.Build.0 = Debug|Win32
		{5C48AA6B-5B96-485F-B685-B01209895B2F}.Release|x64.ActiveCfg = Release|x64
		{5C48AA6B-5B96-485F-B685-B01209895B2F}.Release|x64.Build.0 = Release|x64
		{5C48AA6B-5B96-485F-B685-B01209895B2F}.Release|x86.ActiveCfg = Release|Win32
		{5C48AA6B-5B96-485F-B685-B01209895B2F}.Release|x86.Build.0 = Release|Win32
		{42DD22CC-1D77-4191-9A4E-2B4FF9972A07}.Debug|x64.ActiveCfg = Debug|x64
		{42DD22CC-1D77-4191-9A4E-2B4FF9972A07}.Debug|x64.Build.0 = Debug|x64
		{42DD22CC-1D77-4191-9A4E-2B4FF9972A07}.Debug|x86.ActiveCfg = Debug|Win32
		{42DD22CC-1D77-4191-9A4E-2B4FF9972A07}.Debug|x86.Build.0 = Debug|Win32
		{42DD22CC-1D77-4191-9A4E-2B4FF9972A07}.Release|x64.ActiveCfg = Release|x64
		{42DD22CC-1D77-4191-9A4E-2B4FF9972A07}.Release|x64.Build.0 = Release|x64
		{42DD22CC-1D77-4191-9A4E-2B4FF9972A07}.Release|x86.ActiveCfg = Release|Win32
		{42DD22CC-1D77-4191-9A4E-2B4FF9972A07}.Release|x86.Build.0 = Release|Win32
		{22601004-4E9E-4E25-8825-D0F587230D59}.Debug|x64.ActiveCfg = Debug|x64
		{22601004-4E9E-4E25-8825-D0F587230D59}.Debug|x64.Build.0 = Debug|x64
		{22601004-4E9E-4E25-8825-D0F587230D59}.Debug|x86.ActiveCfg = Debug|Win32
		{22601004-4E9E-4E25-8825-D0F587230D59}.Debug|x86.Build.0 = Debug|Win32
		{22601004-4E9E-4E25-8825-D0F587230D59}.Release|x64.ActiveCfg = Release|x64
		{22601004-4E9E-4E25-8825-D0F587230D59}.Release|x64.Build.0 = Release|x64
		{22601004-4E9E-4E25-8825-D0F587230D59}.Release|x86.ActiveCfg = Release|Win32
		{22601004-4E9E-4E25-8825-D0F587230D59}.Release|x86.Build.0 = Release|Win32
		{C6AA4FDF-ED05-46A9-B6C2-5B742E7ADA01}.Debug|x64.ActiveCfg = Debug|x64
		{C6AA4FDF-ED05-46A9-B6C2-5B742E7ADA01}.Debug|x64.Build.0 = Debug|x64
		{C6AA4FDF-ED05-46A9-B6C2-5B742E7ADA01}.Debug|x86.ActiveCfg = Debug|Win32
		{C6AA4FDF-ED05-46A9-B6C2-5B742E7ADA01}.Debug|x86.Build.0 = Debug|Win32
		{C6AA4FDF-ED05-46A9-B6C2-5B742E7ADA01}.Release|x64.ActiveCfg = Release|x64
		{C6AA4FDF-ED05-46A9-B6C2-5B742E7ADA01}.Release|x64.Build.0 = Release|x64
		{C6AA4FDF-ED05-46A9-B6C2-5B742E7ADA01}.Release|x86.ActiveCfg = Release|Win32
		{C6AA4FDF-ED05-46A9-B6C2-5B742E7ADA01}.Release|x86.Build.0 = Release|Win32
		{4E5B56B3-96AD-449E-BE61-FFE1603505C4}.Debug|x64.ActiveCfg = Debug|x64
		{4E5B56B3-96AD-449E-BE61-FFE1603505C4}.Debug|x64.Build.0 = Debug|x64
		{4E5B56B3-96AD-449E-BE61-FFE1603505C4}.Debug|x86.ActiveCfg = Debug|Win32
		{4E5B56B3-96AD-449E-BE61-FFE1603505C4}.Debug|x86.Build.0 = Debug|Win32
		{4E5B56B3-96AD-449E-BE61-FFE1603505C4}.Release|x64.ActiveCfg = Release|x64
		{4E5B56B3-96AD-449E-BE61-FFE1603505C4}.Release|x64.Build.0 = Release|x64
		{4E5B56B3-96AD-449E-BE61-FFE1603505C4}.Release|x86.ActiveCfg = Release|Win32
		{4E5B56B3-96AD-449E-BE61-FFE1603505C4}.Release|x86.Build.0 = Release|Win32
		{C0905333-144E-4D96-9FF0-D9AC23D595F9}.Debug|x64.ActiveCfg = Debug|x64
		{C0905333-144E-4D96-9FF0-D9AC23D595F9}.Debug|x64.Build.0 = Debug|x64
		{C0905333-144E-4D96-9FF0-D9AC23D595F9}.Debug|x86.ActiveCfg = Debug|Win32
		{C0905333-144E-4D96-9FF0-D9AC23D595F9}.Debug|x86.Build.0 = Debug|Win32
		{C0905333-144E-4D96-9FF0-D9AC23D595F9}.Release|x64.ActiveCfg = Release|x64
		{C0905333-144E-4D96-9FF0-D9AC23D595F9}.Release|x64.Build.0 = Release|x64
		{C0905333-144E-4D96-9FF0-D9AC23D595F9}.Release|x86.ActiveCfg = Release|Win32
		{C0905333-144E-4D96-9FF0-D9AC23D595F9}.Release|x86.Build.0 = Release|Win32
		{8133D18F-B461-4E32-A1EB-DBBD96273576}.Debug|x64.ActiveCfg = Debug|x64
		{8133D18F-B461-4E32-A1EB-DBBD96273576}.Debug|x64.Build.0 = Debug|x64
		{8133D18F-B461-4E32-A1EB-DBBD96273576}.Debug|x86.ActiveCfg = Debug|Win32
		{8133D18F-B461-4E32-A1EB-DBBD96273576}.Debug|x86.Build.0 = Debug|Win32
		{8133D18F-B461-4E32-A1EB-DBBD96273576}.Release|x64.ActiveCfg = Release|x64
		{8133D18F-B461-4E32-A1EB-DBBD96273576}.Release|x64.Build.0 = Release|x64
		{8133D18F-B461-4E32-A1EB-DBBD96273576}.Release|x86.ActiveCfg = Release|Win32
		{8133D18F-B461-4E32-A1EB-DBBD96273576}.Release|x86.Build.0 = Release|Win32
		{584E11BA-5A29-4D59-B9E6-21A89E81693B}.Debug|x64.ActiveCfg = Debug|x64
		{584E11BA-5A29-4D59-B9E6-21A89E81693B}.Debug|x64.Build.0 = Debug|x64
		{584E11BA-5A29-4D59-B9E6-21A89E81693B}.Debug|x86.ActiveCfg = Debug|Win32
		{584E11BA-5A29-4D59-B9E6-21A89E81693B}.Debug|x86.Build.0 = Debug|Win32
		{584E11BA-5A29-4D59-B9E6-21A89E81693B}.Release|x64.ActiveCfg = Release|x64
		{584E11BA-5A29-4D59-B9E6-21A89E81693B}.Release|x64.Build.0 = Release|x64
		{584E11BA-5A29-4D59-B9E6-21A89E81693B}.Release|x86.ActiveCfg = Release|Win32
		{584E11BA-5A29-4D59-B9E6-21A89E81693B}.Release|x86.Build.0 = Release|Win32
		{4E728B54-FCD7-463C-A175-41E0A6CC1173}.Debug|x64.ActiveCfg = Debug|x64
		{4E728B54-FCD7-463C-A175-41E0A6CC1173}.Debug|x64.Build.0 = Debug|x64
		{4E728B54-FCD7-463C-A175-41E0A6CC1173}.Debug|x86.ActiveCfg = Debug|Win32
		{4E728B54-FCD7-463C-A175-41E0A6CC1173}.Debug|x86.Build.0 = Debug|Win32
		{4E728B54-FCD7-463C-A175-41E0A6CC1173}.Release|x64.ActiveCfg = Release|x64
		{4E728B54-FCD7-463C-A175-41E0A6CC1173}.Release|x64.Build.0 = Release|x64
		{4E728B54-FCD7-463C-A175-41E0A6CC1173}.Release|x86.ActiveCfg = Release|Win32
		{4E728B54-FCD7-463C-A175-41E0A6CC1173}.Release|x86.Build.0 = Release|Win32
		{FD829F99-4BEA-41B5-AC85-5E74148E7D6D}.Debug|x64.ActiveCfg = Debug|x64
		{FD829F99-4BEA-41B5-AC85-5E74148E7D6D}.Debug|x64.Build.0 = Debug|x64
		{FD829F99-4BEA-41B5-AC85-5E74148E7D6D}.Debug|x86.ActiveCfg = Debug|Win32
		{FD829F99-4BEA-41B5-AC85-5E74148E7D6D}.Debug|x86.Build.0 = Debug|Win32
		{FD829F99-4BEA-41B5-AC85-5E74148E7D6D}.Release|x64.ActiveCfg = Release|x64
		{FD829F99-4BEA-41B5-AC85-5E74148E7D6D}.Release|x64.Build.0 = Release|x64
		{FD829F99-4BEA-41B5-AC85-5E74148E7D6D}.Release|x86.ActiveCfg = Release|Win32
		{FD829F99-4BEA-41B5-AC85-5E74148E7D6D}.Release|x86.Build.0 = Release|Win32
		{94A2090A-846C-4429-87EB-61C0D1DCF309}.Debug|x64.ActiveCfg = Debug|x64
		{94A2090A-846C-4429-87EB-61C0D1DCF309}.Debug|x64.Build.0 = Debug|x64
		{94A2090A-846C-4429-87EB-61C0D1DCF309}.Debug|x86.ActiveCfg = Debug|Win32
		{94A2090A-846C-4429-87EB-61C0D1DCF309}.Debug|x86.Build.0 = Debug|Win32
		{94A2090A-846C-4429-87EB-61C0D1DCF309}.Release|x64.ActiveCfg = Release|x64
		{94A2090A-846C-4429-87EB-61C0D1DCF309}.Release|x64.Build.0 = Release|x64
		{94A2090A-846C-4429-87EB-61C0D1DCF309}.Release|x86.ActiveCfg = Release|Win32
		{94A2090A-846C-4429-87EB-61C0D1DCF309}.Release|x86.Build.0 = Release|Win32
		{CCADC299-D6F1-489F-81F3-F496A193B7E2}.Debug|x64.ActiveCfg = Debug|x64
		{CCADC299-D6F1-489F-81F3-F496A193B7E2}.Debug|x64.Build.0 = Debug|x64
		{CCADC299-D6F1-489F-81F3-F496A193B7E2}.Debug|x86.ActiveCfg = Debug|Win32
		{CCADC299-D6F1-489F-81F3-F496A193B7E2}.Debug|x86.Build.0 = Debug|Win32
		{CCADC299-D6F1-489F-81F3-F496A193B7E2}.Release|x64.ActiveCfg = Release|x64
		{CCADC299-D6F1-489F-81F3-F496A193B7E2}.Release|x64.Build.0 = Release|x64
		{CCADC299-D6F1-489F-81F3-F496A193B7E2}.Release|x86.ActiveCfg = Release|Win32
		{CCADC299-D6F1-489F-81F3-F496A193B7E2}.Release|x86.Build.0 = Release|Win32
		{2C73E7CA-51C5-48A2-AC21-0ECB6333E12B}.Debug|x64.ActiveCfg = Debug|x64
		{2C73E7CA-51C5-48A2-AC21-0ECB6333E12B}.Debug|x64.Build.0 = Debug|x64
		{2C73E7CA-51C5-48A2-AC21-0ECB6333E12B}.Debug|x86.ActiveCfg = Debug|Win32
		{2C73E7CA-51C5-48A2-AC21-0ECB6333E12B}.Debug|x86.Build.0 = Debug|Win32
		{2C73E7CA-51C5-48A2-AC21-0ECB6333E12B}.Release|x64.ActiveCfg = Release|x64
		{2C73E7CA-51C5-48A2-AC21-0ECB6333E12B}.Release|x64.Build.0 = Release|x64
		{2C73E7CA-51C5-48A2-AC21-0ECB6333E12B}.Release|x86.ActiveCfg = Release|Win32
		{2C73E7CA-51C5-48A2-AC21-0ECB6333E12B}.Release|x86.Build.0 = Release|Win32
		{C4E33FB8-F9AA-4726-8C86-0CEF8A73AB56}.Debug|x64.ActiveCfg = Debug|x64
		{C4E33FB8-F9AA-4726-8C86-0CEF8A73AB56}.Debug|x64.Build.0 = Debug|x64
		{C4E33FB8-F9AA-4726-8C86-0CEF8A73AB56}.Debug|x86.ActiveCfg = Debug|Win32
		{C4E33FB8-F9AA-4726-8C86-0CEF8A73AB56}.Debug|x86.Build.0 = Debug|Win32
		{C4E33FB8-F9AA-4726-8C86-0CEF8A73AB56}.Release|x64.ActiveCfg = Release|x64
		{C4E33FB8-F9AA-4726-8C86-0CEF8A73AB56}.Release|x64.Build.0 = Release|x64
		{C4E33FB8-F9AA-4726-8C86-0CEF8A73AB56}.Release|x86.ActiveCfg = Release|Win32
		{C4E33FB8-F9AA-4726-8C86-0CEF8A73AB56}.Release|x86.Build.0 = Release|Win32
		{A6258703-363B-4F9F-B4E6-4248B59BB507}.Debug|x64.ActiveCfg = Debug|x64
		{A6258703-363B-4F9F-B4E6-4248B59BB507}.Debug|x64.Build.0 = Debug|x64
		{A6258703-363B-4F9F-B4E6-4248B59BB507}.Debug|x86.ActiveCfg = Debug|Win32
		{A6258703-363B-4F9F-B4E6-4248B59BB507}.Debug|x86.Build.0 = Debug|Win32
		{A6258703-363B-4F9F-B4E6-4248B59BB507}.Release|x64.ActiveCfg = Release|x64
		{A6258703-363B-4F9F-B4E6-4248B59BB507}.Release|x64.Build.0 = Release|x64
		{A6258703-363B-4F9F-B4E6-4248B59BB507}.Release|x86.ActiveCfg = Release|Win32
		{A6258703-363B-4F9F-B4E6-4248B59BB507}.Release|x86.Build.0 = Release|Win32
		{A55A71E7-BCDC-4DB1-9643-6CF23C3DFD95}.Debug|x64.ActiveCfg = Debug|x64
		{A55A71E7-BCDC-4DB1-9643-6CF23C3DFD95}.Debug|x64.Build.0 = Debug|x64
		{A55A71E7-BCDC-4DB1-9643-6CF23C3DFD95}.Debug|x86.ActiveCfg = Debug|Win32
		{A55A71E7-BCDC-4DB1-9643-6CF23C3DFD95}.Debug|x86.Build.0 = Debug|Win32
		{A55A71E7-BCDC-4DB1-9643-6CF23C3DFD95}.Release|x64.ActiveCfg = Release|x64
		{A55A71E7-BCDC-4DB1-9643-6CF23C3DFD95}.Release|x64.Build.0 = Release|x64
		{A55A71E7-BCDC-4DB1-9643-6CF23C3DFD95}.Release|x86.ActiveCfg = Release|Win32
		{A55A71E7-BCDC-4DB1-9643-6CF23C3DFD95}.Release|x86.Build.0 = Release|Win32
		{21D1B0C4-A790-41FC-86FB-9C2FA7885B8E}.Debug|x64.ActiveCfg = Debug|x64
		{21D1B0C4-A790-41FC-86FB-9C2FA7885B8E}.Debug|x64.Build.0 = Debug|x64
		{21D1B0C4-A790-41FC-86FB-9C2FA7885B8E}.Debug|x86.ActiveCfg = Debug|Win32
		{21D1B0C4-A790-41FC-86FB-9C2FA7885B8E}.Debug|x86.Build.0 = Debug|Win32
		{21D1B0C4-A790-41FC-86FB-9C2FA7885B8E}.Release|x64.ActiveCfg = Release|x64
		{21D1B0C4-A790-41FC-86FB-9C2FA7885B8E}.Release|x64.Build.0 = Release|x64
		{21D1B0C4-A790-41FC-86FB-9C2FA7885B8E}.Release|x86.ActiveCfg = Release|Win32
		{21D1B0C4-A790-41FC-86FB-9C2FA7885B8E}.Release|x86.Build.0 = Release|Win32
		{28E93864-1D87-42DA-A5FE-3A8E7E9AB673}.Debug|x64.ActiveCfg = Debug|x64
		{28E93864-1D87-42DA-A5FE-3A8E7E9AB673}.Debug|x64.Build.0 = Debug|x64
		{28E93864-1D87-42DA-A5FE-3A8E7E9AB673}.Debug|x86.ActiveCfg = Debug|Win32
		{28E93864-1D87-42DA-A5FE-3A8E7E9AB673}.Debug|x86.Build.0 = Debug|Win32
		{28E93864-1D87-42DA-A5FE-3A8E7E9AB673}.Release|x64.ActiveCfg = Release|x64
		{28E93864-1D87-42DA-A5FE-3A8E7E9AB673}.Release|x64.Build.0 = Release|x64
		{28E93864-1D87-42DA-A5FE-3A8E7E9AB673}.Release|x86.ActiveCfg = Release|Win32
		{28E93864-1D87-42DA-A5FE-3A8E7E9AB673}.Release|x86.Build.0 = Release|Win32
		{4952D24E-5F10-495E-9563-79F9C1C20632}.Debug|x64.ActiveCfg = Debug|x64
		{4952D24E-5F10-495E-9563-79F9C1C20632}.Debug|x64.Build.0 = Debug|x64
		{4952D24E-5F10-495E-9563-79F9C1C20632}.Debug|x86.ActiveCfg = Debug|Win32
		{4952D24E-5F10-495E-9563-79F9C1C20632}.Debug|x86.Build.0 = Debug|Win32
		{4952D24E-5F10-495E-9563-79F9C1C20632}.Release|x64.ActiveCfg = Release|x64
		{4952D24E-5F10-495E-9563-79F9C1C20632}.Release|x64.Build.0 = Release|x64
		{4952D24E-5F10-495E-9563-79F9C1C20632}.Release|x86.ActiveCfg = Release|Win32
		{4952D24E-5F10-495E-9563-79F9C1C20632}.Release|x86.Build.0 = Release|Win32
		{9F23F01D-E033-41B3-A4B8-F117185D0F89}.Debug|x64.ActiveCfg = Debug|x64
		{9F23F01D-E033-41B3-A4B8-F117185D0F89}.Debug|x64.Build.0 = Debug|x64
		{9F23F01D-E033-41B3-A4B8-F117185D0F89}.Debug|x86.ActiveCfg = Debug|Win32
		{9F23F01D-E033-41B3-A4B8-F117185D0F89}.Debug|x86.Build.0 = Debug|Win32
		{9F23F01D-E033-41B3-A4B8-F117185D0F89}.Release|x64.ActiveCfg = Release|x64
		{9F23F01D-E033-41B3-A4B8-F117185D0F89}.Release|x64.Build.0 = Release|x64
		{9F23F01D-E033-41B3-A4B8-F117185D0F89}.Release|x86.ActiveCfg = Release|Win32
		{9F23F01D-E033-41B3-A4B8-F117185D0F89}.Release|x86.Build.0 = Release|Win32
		{3E74CB1C-807B-4E60-A33C-4E09E64AE56A}.Debug|x64.ActiveCfg = Debug|x64
		{3E74CB1C-807B-4E60-A33C-4E09E64AE56A}.Debug|x64.Build.0 = Debug|x64
		{3E74CB1C-807B-4E60-A33C-4E09E64AE56A}.Debug|x86.ActiveCfg = Debug|Win32
		{3E74CB1C-807B-4E60-A33C-4E09E64AE56A}.Debug|x86.Build.0 = Debug|Win32
		{3E74CB1C-807B-4E60-A33C-4E09E64AE56A}.Release|x64.ActiveCfg = Release|x64
		{3E74CB1C-807B-4E60-A33C-4E09E64AE56A}.Release|x64.Build.0 = Release|x64
		{3E74CB1C-807B-4E60-A33C-4E09E64AE56A}.Release|x86.ActiveCfg = Release|Win32
		{3E74CB1C-807B-4E60-A33C-4E09E64AE56A}.Release|x86.Build.0 = Release|Win32
		{9E6B25ED-E902-4593-AE81-4F18154F03CC}.Debug|x64.ActiveCfg = Debug|x64
		{9E6B25ED-E902-4593-AE81-4F18154F03CC}.Debug|x64.Build.0 = Debug|x64
		{9E6B25ED-E902-4593-AE81-4F18154F03CC}.Debug|x86.ActiveCfg = Debug|Win32
		{9E6B25ED-E902-4593-AE81-4F18154F03CC}.Debug|x86.Build.0 = Debug|Win32
		{9E6B25ED-E902-4593-AE81-4F18154F03CC}.Release|x64.ActiveCfg = Release|x64
		{9E6B25ED-E902-4593-AE81-4F18154F03CC}.Release|x64.Build.0 = Release|x64
		{9E6B25ED-E902-4593-AE81-4F18154F03CC}.Release|x86.ActiveCfg = Release|Win32
		{9E6B25ED-E902-4593-AE81-4F18154F03CC}.Release|x86.Build.0 = Release|Win32
		{9830D853-A3F5-43F2-A374-387593000C89}.Debug|x64.ActiveCfg = Debug|x64
		{9830D853-A3F5-43F2-A374-387593000C89}.Debug|x64.Build.0 = Debug|x64
		{9830D853-A3F5-43F2-A374-387593000C89}.Debug|x86.ActiveCfg = Debug|Win32
		{9830D853-A3F5-43F2-A374-387593000C89}.Debug|x86.Build.0 = Debug|Win32
		{9830D853-A3F5-43F2-A374-387593000C89}.Release|x64.ActiveCfg = Release|x64
		{9830D853-A3F5-43F2-A374-387593000C89}.Release|x64.Build.0 = Release|x64
		{9830D853-A3F5-43F2-A374-387593000C89}.Release|x86.ActiveCfg = Release|Win32
		{9830D853-A3F5-43F2-A374-387593000C89}.Release|x86.Build.0 = Release|Win32
		{964D38A1-5CDA-4766-BC52-F5A086FB393C}.Debug|x64.ActiveCfg = Debug|x64
		{964D38A1-5CDA-4766-BC52-F5A086FB393C}.Debug|x64.Build.0 = Debug|x64
		{964D38A1-5CDA-4766-BC52-F5A086FB393C}.Debug|x86.ActiveCfg = Debug|Win32
		{964D38A1-5CDA-4766-BC52-F5A086FB393C}.Debug|x86.Build.0 = Debug|Win32
		{964D38A1-5CDA-4766-BC52-F5A086FB393C}.Release|x64.ActiveCfg = Release|x64
		{964D38A1-5CDA-4766-BC52-F5A086FB393C}.Release|x64.Build.0 = Release|x64
		{964D38A1-5CDA-4766-BC52-F5A086FB393C}.Release|x86.ActiveCfg = Release|Win32
		{964D38A1-5CDA-4766-BC52-F5A086FB393C}.Release|x86.Build.0 = Release|Win32
		{F485BA01-FA89-4F52-A06E-815B3C54E766}.Debug|x64.ActiveCfg = Debug|x64
		{F485BA01-FA89-4F52-A06E-815B3C54E766}.Debug|x64.Build.0 = Debug|x64
		{F485BA01-FA89-4F52-A06E-815B3C54E766}.Debug|x86.ActiveCfg = Debug|Win32
		{F485BA01-FA89-4F52-A06E-815B3C54E766}.Debug|x86.Build.0 = Debug|Win32
		{F485BA01-FA89-4F52-A06E-815B3C54E766}.Release|x64.ActiveCfg = Release|x64
		{F485BA01-FA89-4F52-A06E-815B3C54E766}.Release|x64.Build.0 = Release|x64
		{F485BA01-FA89-4F52-A06E-815B3C54E766}.Release|x86.ActiveCfg = Release|Win32
		{F485BA01-FA89-4F52-A06E-815B3C54E766}.Release|x86.Build.0 = Release|Win32
		{0B77E3BD-FF48-4F89-9005-F386AD37B378}.Debug|x64.ActiveCfg = Debug|x64
		{0B77E3BD-FF48-4F89-9005-F386AD37B378}.Debug|x64.Build.0 = Debug|x64
		{0B77E3BD-FF48-4F89-9005-F386AD37B378}.Debug|x86.ActiveCfg = Debug|Win32
		{0B77E3BD-FF48-4F89-9005-F386AD37B378}.Debug|x86.Build.0 = Debug|Win32
		{0B77E3BD-FF48-4F89-9005-F386AD37B378}.Release|x64.ActiveCfg = Release|x64
		{0B77E3BD-FF48-4F89-9005-F386AD37B378}.Release|x64.Build.0 = Release|x64
		{0B77E3BD-FF48-4F89-9005-F386AD37B378}.Release|x86.ActiveCfg = Release|Win32
		{0B77E3BD-FF48-4F89-9005-F386AD37B378}.Release|x86.Build.0 = Release|Win32
		{6FD1E68C-2833-4CB3-B032-FE119C59FC45}.Debug|x64.ActiveCfg = Debug|x64
		{6FD1E68C-2833-4CB3-B032-FE119C59FC45}.Debug|x64.Build.0 = Debug|x64
		{6FD1E68C-2833-4CB3-B032-FE119C59FC45}.Debug|x86.ActiveCfg = Debug|Win32
		{6FD1E68C-2833-4CB3-B032-FE119C59FC45}.Debug|x86.Build.0 = Debug|Win32
		{6FD1E68C-2833-4CB3-B032-FE119C59FC45}.Release|x64.ActiveCfg = Release|x64
		{6FD1E68C-2833-4CB3-B032-FE119C59FC45}.Release|x64.Build.0 = Release|x64
		{6FD1E68C-2833-4CB3-B032-FE119C59FC45}.Release|x86.ActiveCfg = Release|Win32
		{6FD1E68C-2833-4CB3-B032-FE119C59FC45}.Release|x86.Build.0 = Release|Win32
		{97A242CD-D145-41CF-879B-A4579DCEB3A7}.Debug|x64.ActiveCfg = Debug|x64
		{97A242CD-D145-41CF-879B-A4579DCEB3A7}.Debug|x64.Build.0 = Debug|x64
		{97A242CD-D145-41CF-879B-A4579DCEB3A7}.Debug|x86.ActiveCfg = Debug|Win32
		{97A242CD-D145-41CF-879B-A4579DCEB3A7}.Debug|x86.Build.0 = Debug|Win32
		{97A242CD-D145-41CF-879B-A4579DCEB3A7}.Release|x64.ActiveCfg = Release|x64
		{97A242CD-D145-41CF-879B-A4579DCEB3A7}.Release|x64.Build.0 = Release|x64
		{97A242CD-D145-41CF-879B-A4579DCEB3A7}.Release|x86.ActiveCfg = Release|Win32
		{97A242CD-D145-41CF-879B-A4579DCEB3A7}.Release|x86.Build.0 = Release|Win32
		{59623FD6-98F0-48DA-86F8-2AA9364451B0}.Debug|x64.ActiveCfg = Debug|x64
		{59623FD6-98F0-48DA-86F8-2AA9364451B0}.Debug|x64.Build.0 = Debug|x64
		{59623FD6-98F0-48DA-86F8-2AA9364451B0}.Debug|x86.ActiveCfg = Debug|Win32
		{59623FD6-98F0-48DA-86F8-2AA9364451B0}.Debug|x86.Build.0 = Debug|Win32
		{59623FD6-98F0-48DA-86F8-2AA9364451B0}.Release|x64.ActiveCfg = Release|x64
		{59623FD6-98F0-48DA-86F8-2AA9364451B0}.Release|x64.Build.0 = Release|x64
		{59623FD6-98F0-48DA-86F8-2AA9364451B0}.Release|x86.ActiveCfg = Release|Win32
		{59623FD6-98F0-48DA-86F8-2AA9364451B0}.Release|x86.Build.0 = Release|Win32
		{35A82DC6-0243-490B-AAFC-F463632702AD}.Debug|x64.ActiveCfg = Debug|x64
		{35A82DC6-0243-490B-AAFC-F463632702AD}.Debug|x64.Build.0 = Debug|x64
		{35A82DC6-0243-490B-AAFC-F463632702AD}.Debug|x86.ActiveCfg = Debug|Win32
		{35A82DC6-0243-490B-AAFC-F463632702AD}.Debug|x86.Build.0 = Debug|Win32
		{35A82DC6-0243-490B-AAFC-F463632702AD}.Release|x64.ActiveCfg = Release|x64
		{35A82DC6-0243-490B-AAFC-F463632702AD}.Release|x64.Build.0 = Release|x64
		{35A82DC6-0243-490B-AAFC-F463632702AD}.Release|x86.ActiveCfg = Release|Win32
		{35A82DC6-0243-490B-AAFC-F463632702AD}.Release|x86.Build.0 = Release|Win32
		{BF5485F4-513E-4231-8285-EFF6CF35DB06}.Debug|x64.ActiveCfg = Debug|x64
		{BF5485F4-513E-4231-8285-EFF6CF35DB06}.Debug|x64.Build.0 = Debug|x64
		{BF5485F4-513E-4231-8285-EFF6CF35DB06}.Debug|x86.ActiveCfg = Debug|Win32
		{BF5485F4-513E-4231-8285-EFF6CF35DB06}.Debug|x86.Build.0 = Debug|Win32
		{BF5485F4-513E-4231-8285-EFF6CF35DB06}.Release|x64.ActiveCfg = Release|x64
		{BF5485F4-513E-4231-8285-EFF6CF35DB06}.Release|x64.Build.0 = Release|x64
		{BF5485F4-513E-4231-8285-EFF6CF35DB06}.Release|x86.ActiveCfg = Release|Win32
		{BF5485F4-513E-4231-8285-EFF6CF35DB06}.Release|x86.Build.0 = Release|Win32
		{DE0FC13E-01CD-4EF2-9C66-ED73D778F1C7}.Debug|x64.ActiveCfg = Debug|x64
		{DE0FC13E-01CD-4EF2-9C66-ED73D778F1C7}.Debug|x64.Build.0 = Debug|x64
		{DE0FC13E-01CD-4EF2-9C66-ED73D778F1C7}.Debug|x86.ActiveCfg = Debug|Win32
		{DE0FC13E-01CD-4EF2-9C66-ED73D778F1C7}.Debug|x86.Build.0 = Debug|Win32
		{DE0FC13E-01CD-4EF2-9C66-ED73D778F1C7}.Release|x64.ActiveCfg = Release|x64
		{DE0FC13E-01CD-4EF2-9C66-ED73D778F1C7}.Release|x64.Build.0 = Release|x64
		{DE0FC13E-01CD-4EF2-9C66-ED73D778F1C7}.Release|x86.ActiveCfg = Release|Win32
		{DE0FC13E-01CD-4EF2-9C66-ED73D778F1C7}.Release|x86.Build.0 = Release|Win32
		{D96F542D-4ED4-49FA-B1E7-E7E483959288}.Debug|x64.ActiveCfg = Debug|x64
		{D96F542D-4ED4-49FA-B1E7-E7E483959288}.Debug|x64.Build.0 = Debug|x64
		{D96F542D-4ED4-49FA-B1E7-E7E483959288}.Debug|x86.ActiveCfg = Debug|Win32
		{D96F542D-4ED4-49FA-B1E7-E7E483959288}.Debug|x86.Build.0 = Debug|Win32
		{D96F542D-4ED4-49FA-B1E7-E7E483959288}.Release|x64.ActiveCfg = Release|x64
		{D96F542D-4ED4-49FA-B1E7-E7E483959288}.Release|x64.Build.0 = Release|x64
		{D96F542D-4ED4-49FA-B1E7-E7E483959288}.Release|x86.ActiveCfg = Release|Win32
		{D96F542D-4ED4-49FA-B1E7-E7E483959288}.Release|x86.Build.0 = Release|Win32
		{FA4D12C1-102B-4A14-9B84-52928A05E0C8}.Debug|x64.ActiveCfg = Debug|x64
		{FA4D12C1-102B-4A14-9B84-52928A05E0C8}.Debug|x64.Build.0 = Debug|x64
		{FA4D12C1-102B-4A14-9B84-52928A05E0C8}.Debug|x86.ActiveCfg = Debug|Win32
		{FA4D12C1-102B-4A14-9B84-52928A05E0C8}.Debug|x86.Build.0 = Debug|Win32
		{FA4D12C1-102B-4A14-9B84-52928A05E0C8}.Release|x64.ActiveCfg = Release|x64
		{FA4D12C1-102B-4A14-9B84-52928A05E0C8}.Release|x64.Build.0 = Release|x64
		{FA4D12C1-102B-4A14-9B84-52928A05E0C8}.Release|x86.ActiveCfg = Release|Win32
		{FA4D12C1-102B-4A14-9B84-52928A05E0C8}.Release|x86.Build.0 = Release|Win32
		{73301597-396C-44FA-88DF-E865ABA98743}.Debug|x64.ActiveCfg = Debug|x64
		{73301597-396C-44FA-88DF-E865ABA98743}.Debug|x64.Build.0 = Debug|x64
		{73301597-396C-44FA-88DF-E865ABA98743}.Debug|x86.ActiveCfg = Debug|Win32
		{73301597-396C-44FA-88DF-E865ABA98743}.Debug|x86.Build.0 = Debug|Win32
		{73301597-396C-44FA-88DF-E865ABA98743}.Release|x64.ActiveCfg = Release|x64
		{73301597-396C-44FA-88DF-E865ABA98743}.Release|x64.Build.0 = Release|x64
		{73301597-396C-44FA-88DF-E865ABA98743}.Release|x86.ActiveCfg = Release|Win32
		{73301597-396C-44FA-88DF-E865ABA98743}.Release|x86.Build.0 = Release|Win32
		{ACF12FE3-6211-45B1-AA9E-B5CE3D23D3E0}.Debug|x64.ActiveCfg = Debug|x64
		{ACF12FE3-6211-45B1-AA9E-B5CE3D23D3E0}.Debug|x64.Build.0 = Debug|x64
		{ACF12FE3-6211-45B1-AA9E-B5CE3D23D3E0}.Debug|x86.ActiveCfg = Debug|Win32
		{ACF12FE3-6211-45B1-AA9E-B5CE3D23D3E0}.Debug|x86.Build.0 = Debug|Win32
		{ACF12FE3-6211-45B1-AA9E-B5CE3D23D3E0}.Release|x64.ActiveCfg = Release|x64
		{ACF12FE3-6211-45B1-AA9E-B5CE3D23D3E0}.Release|x64.Build.0 = Release|x64
		{ACF12FE3-6211-45B1-AA9E-B5CE3D23D3E0}.Release|x86.ActiveCfg = Release|Win32
		{ACF12FE3-6211-45B1-AA9E-B5CE3D23D3E0}.Release|x86.Build.0 = Release|Win32
		{D5959922-F1D0-4F67-BFC3-9BD7006F8016}.Debug|x64.ActiveCfg = Debug|x64
		{D5959922-F1D0-4F67-BFC3-9BD7006F8016}.Debug|x64.Build.0 = Debug|x64
		{D5959922-F1D0-4F67-BFC3-9BD7006F8016}.Debug|x86.ActiveCfg = Debug|Win32
		{D5959922-F1D0-4F67-BFC3-9BD7006F8016}.Debug|x86.Build.0 = Debug|Win32
		{D5959922-F1D0-4F67-BFC3-9BD7006F8016}.Release|x64.ActiveCfg = Release|x64
		{D5959922-F1D0-4F67-BFC3-9BD7006F8016}.Release|x64.Build.0 = Release|x64
		{D5959922-F1D0-4F67-BFC3-9BD7006F8016}.Release|x86.ActiveCfg = Release|Win32
		{D5959922-F1D0-4F67-BFC3-9BD7006F8016}.Release|x86.Build.0 = Release|Win32
		{7FC142A6-867E-46C5-85DF-D0B2CB93A865}.Debug|x64.ActiveCfg = Debug|x64
		{7FC142A6-867E-46C5-85DF-D0B2CB93A865}.Debug|x64.Build.0 = Debug|x64
		{7FC142A6-867E-46C5-85DF-D0B2CB93A865}.Debug|x86.ActiveCfg = Debug|Win32
		{7FC142A6-867E-46C5-85DF-D0B2CB93A865}.Debug|x86.Build.0 = Debug|Win32
		{7FC142A6-867E-46C5-85DF-D0B2CB93A865}.Release|x64.ActiveCfg = Release|x64
		{7FC142A6-867E-46C5-85DF-D0B2CB93A865}.Release|x64.Build.0 = Release|x64
		{7FC142A6-867E-46C5-85DF-D0B2CB93A865}.Release|x86.ActiveCfg = Release|Win32
		{7FC142A6-867E-46C5-85DF-D0B2CB93A865}.Release|x86.Build.0 = Release|Win32
		{2985AE25-9453-40DD-8706-EC04607C53F4}.Debug|x64.ActiveCfg = Debug|x64
		{2985AE25-9453-40DD-8706-EC04607C53F4}.Debug|x64.Build.0 = Debug|x64
		{2985AE25-9453-40DD-8706-EC04607C53F4}.Debug|x86.ActiveCfg = Debug|Win32
		{2985AE25-9453-40DD-8706-EC04607C53F4}.Debug|x86.Build.0 = Debug|Win32
		{2985AE25-9453-40DD-8706-EC04607C53F4}.Release|x64.ActiveCfg = Release|x64
		{2985AE25-9453-40DD-8706-EC04607C53F4}.Release|x64.Build.0 = Release|x64
		{2985AE25-9453-40DD-8706-EC04607C53F4}.Release|x86.ActiveCfg = Release|Win32
		{2985AE25-9453-40DD-8706-EC04607C53F4}.Release|x86.Build.0 = Release|Win32
		{3399A7A6-0171-41E2-853C-6B28D9042634}.Debug|x64.ActiveCfg = Debug|x64
		{3399A7A6-0171-41E2-853C-6B28D9042634}.Debug|x64.Build.0 = Debug|x64
		{3399A7A6-0171-41E2-853C-6B28D9042634}.Debug|x86.ActiveCfg = Debug|Win32
		{3399A7A6-0171-41E2-853C-6B28D9042634}.Debug|x86.Build.0 = Debug|Win32
		{3399A7A6-0171-41E2-853C-6B28D9042634}.Release|x64.ActiveCfg = Release|x64
		{3399A7A6-0171-41E2-853C-6B28D9042634}.Release|x64.Build.0 = Release|x64
		{3399A7A6-0171-41E2-853C-6B28D9042634}.Release|x86.ActiveCfg = Release|Win32
		{3399A7A6-0171-41E2-853C-6B28D9042634}.Release|x86.Build.0 = Release|Win32
		{46636E07-2B0B-4CD3-8866-A9A4D2209A34}.Debug|x64.ActiveCfg = Debug|x64
		{46636E07-2B0B-4CD3-8866-A9A4D2209A34}.Debug|x64.Build.0 = Debug|x64
		{46636E07-2B0B-4CD3-8866-A9A4D2209A34}.Debug|x86.ActiveCfg = Debug|Win32
		{46636E07-2B0B-4CD3-8866-A9A4D2209A34}.Debug|x86.Build.0 = Debug|Win32
		{46636E07-2B0B-4CD3-8866-A9A4D2209A34}.Release|x64.ActiveCfg = Release|x64
		{46636E07-2B0B-4CD3-8866-A9A4D2209A34}.Release|x64.Build.0 = Release|x64
		{46636E07-2B0B-4CD3-8866-A9A4D2209A34}.Release|x86.ActiveCfg = Release|Win32
		{46636E07-2B0B-4CD3-8866-A9A4D2209A34}.Release|x86.Build.0 = Release|Win32
		{08DF0DD7-6A21-4F3A-AE69-5D07F89729C6}.Debug|x64.ActiveCfg = Debug|x64
		{08DF0DD7-6A21-4F3A-AE69-5D07F89729C6}.Debug|x64.Build.0 = Debug|x64
		{08DF0DD7-6A21-4F3A-AE69-5D07F89729C6}.Debug|x86.ActiveCfg = Debug|Win32
		{08DF0DD7-6A21-4F3A-AE69-5D07F89729C6}.Debug|x86.Build.0 = Debug|Win32
		{08DF0DD7-6A21-4F3A-AE69-5D07F89729C6}.Release|x64.ActiveCfg = Release|x64
		{08DF0DD7-6A21-4F3A-AE69-5D07F89729C6}.Release|x64.Build.0 = Release|x64
		{08DF0DD7-6A21-4F3A-AE69-5D07F89729C6}.Release|x86.ActiveCfg = Release|Win32
		{08DF0DD7-6A21-4F3A-AE69-5D07F89729C6}.Release|x86.Build.0 = Release|Win32
		{C4451800-9ED2-41A8-8FA7-D87DDE072679}.Debug|x64.ActiveCfg = Debug|x64
		{C4451800-9ED2-41A8-8FA7-D87DDE072679}.Debug|x64.Build.0 = Debug|x64
		{C4451800-9ED2-41A8-8FA7-D87DDE072679}.Debug|x86.ActiveCfg = Debug|Win32
		{C4451800-9ED2-41A8-8FA7-D87DDE072679}.Debug|x86.Build.0 = Debug|Win32
		{C4451800-9ED2-41A8-8FA7-D87DDE072679}.Release|x64.ActiveCfg = Release|x64
		{C4451800-9ED2-41A8-8FA7-D87DDE072679}.Release|x64.Build.0 = Release|x64
		{C4451800-9ED2-41A8-8FA7-D87DDE072679}.Release|x86.ActiveCfg = Release|Win32
		{C4451800-9ED2-41A8-8FA7-D87DDE072679}.Release|x86.Build.0 = Release|Win32
		{0C45F4B6-3F32-4888-88BE-483EEC58265C}.Debug|x64.ActiveCfg = Debug|x64
		{0C45F4B6-3F32-4888-88BE-483EEC58265C}.Debug|x64.Build.0 = Debug|x64
		{0C45F4B6-3F32-4888-88BE-483EEC58265C}.Debug|x86.ActiveCfg = Debug|Win32
		{0C45F4B6-3F32-4888-88BE-483EEC58265C}.Debug|x86.Build.0 = Debug|Win32
		{0C45F4B6-3F32-4888-88BE-483EEC58265C}.Release|x64.ActiveCfg = Release|x64
		{0C45F4B6-3F32-4888-88BE-483EEC58265C}.Release|x64.Build.0 = Release|x64
		{0C45F4B6-3F32-4888-88BE-483EEC58265C}.Release|x86.ActiveCfg = Release|Win32
		{0C45F4B6-3F32-4888-88BE-483EEC58265C}.Release|x86.Build.0 = Release|Win32
		{C96955C8-F8F0-4B8D-BE74-04CD3C47D9AD}.Debug|x64.ActiveCfg = Debug|x64
		{C96955C8-F8F0-4B8D-BE74-04CD3C47D9AD}.Debug|x64.Build.0 = Debug|x64
		{C96955C8-F8F0-4B8D-BE74-04CD3C47D9AD}.Debug|x86.ActiveCfg = Debug|Win32
		{C96955C8-F8F0-4B8D-BE74-04CD3C47D9AD}.Debug|x86.Build.0 = Debug|Win32
		{C96955C8-F8F0-4B8D-BE74-04CD3C47D9AD}.Release|x64.ActiveCfg = Release|x64
		{C96955C8-F8F0-4B8D-BE74-04CD3C47D9AD}.Release|x64.Build.0 = Release|x64
		{C96955C8-F8F0-4B8D-BE74-04CD3C47D9AD}.Release|x86.ActiveCfg = Release|Win32
		{C96955C8-F8F0-4B8D-BE74-04CD3C47D9AD}.Release|x86.Build.0 = Release|Win32
		{1C47A731-F17B-4C0C-87F9-47F8E8223C1C}.Debug|x64.ActiveCfg = Debug|x64
		{1C47A731-F17B-4C0C-87F9-47F8E8223C1C}.Debug|x64.Build.0 = Debug|x64
		{1C47A731-F17B-4C0C-87F9-47F8E8223C1C}.Debug|x86.ActiveCfg = Debug|Win32
		{1C47A731-F17B-4C0C-87F9-47F8E8223C1C}.Debug|x86.Build.0 = Debug|Win32
		{1C47A731-F17B-4C0C-87F9-47F8E8223C1C}.Release|x64.ActiveCfg = Release|x64
		{1C47A731-F17B-4C0C-87F9-47F8E8223C1C}.Release|x64.Build.0 = Release|x64
		{1C47A731-F17B-4C0C-87F9-47F8E8223C1C}.Release|x86.ActiveCfg = Release|Win32
		{1C47A731-F17B-4C0C-87F9-47F8E8223C1C}.Release|x86.Build.0 = Release|Win32
		{EAA9F653-0C64-42ED-93B9-B0ED91670FE8}.Debug|x64.ActiveCfg = Debug|x64
		{EAA9F653-0C64-42ED-93B9-B0ED91670FE8}.Debug|x64.Build.0 = Debug|x64
		{EAA9F653-0C64-42ED-93B9-B0ED91670FE8}.Debug|x86.ActiveCfg = Debug|Win32
		{EAA9F653-0C64-42ED-93B9-B0ED91670FE8}.Debug|x86.Build.0 = Debug|Win32
		{EAA9F653-0C64-42ED-93B9-B0ED91670FE8}.Release|x64.ActiveCfg = Release|x64
		{EAA9F653-0C64-42ED-93B9-B0ED91670FE8}.Release|x64.Build.0 = Release|x64
		{EAA9F653-0C64-42ED-93B9-B0ED91670FE8}.Release|x86.ActiveCfg = Release|Win32
		{EAA9F653-0C64-42ED-93B9-B0ED91670FE8}.Release|x86.Build.0 = Release|Win32
		{2A0133B9-DB04-4B50-A337-CD5D45C6792C}.Debug|x64.ActiveCfg = Debug|x64
		{2A0133B9-DB04-4B50-A337-CD5D45C6792C}.Debug|x64.Build.0 = Debug|x64
		{2A0133B9-DB04-4B50-A337-CD5D45C6792C}.Debug|x86.ActiveCfg = Debug|Win32
		{2A0133B9-DB04-4B50-A337-CD5D45C6792C}.Debug|x86.Build.0 = Debug|Win32
		{2A0133B9-DB04-4B50-A337-CD5D45C6792C}.Release|x64.ActiveCfg = Release|x64
		{2A0133B9-DB04-4B50-A337-CD5D45C6792C}.Release|x64.Build.0 = Release|x64
		{2A0133B9-DB04-4B50-A337-CD5D45C6792C}.Release|x86.ActiveCfg = Release|Win32
		{2A0133B9-DB04-4B50-A337-CD5D45C6792C}.Release|x86.Build.0 = Release|Win32
		{35782FF3-26EA-4D54-8A79-5ADD80A4F0B8}.Debug|x64.ActiveCfg = Debug|x64
		{35782FF3-26EA-4D54-8A79-5ADD80A4F0B8}.Debug|x64.Build.0 = Debug|x64
		{35782FF3-26EA-4D54-8A79-5ADD80A4F0B8}.Debug|x86.ActiveCfg = Debug|Win32
		{35782FF3-26EA-4D54-8A79-5ADD80A4F0B8}.Debug|x86.Build.0 = Debug|Win32
		{35782FF3-26EA-4D54-8A79-5ADD80A4F0B8}.Release|x64.ActiveCfg = Release|x64
		{35782FF3-26EA-4D54-8A79-5ADD80A4F0B8}.Release|x64.Build.0 = Release|x64
		{35782FF3-26EA-4D54-8A79-5ADD80A4F0B8}.Release|x86.ActiveCfg = Release|Win32
		{35782FF3-26EA-4D54-8A79-5ADD80A4F0B8}.Release|x86.Build.0 = Release|Win32
		{2748B127-57E9-4762-8361-D7D92F3EA0F3}.Debug|x64.ActiveCfg = Debug|x64
		{2748B127-57E9-4762-8361-D7D92F3EA0F3}.Debug|x64.Build.0 = Debug|x64
		{2748B127-57E9-4762-8361-D7D92F3EA0F3}.Debug|x86.ActiveCfg = Debug|Win32
		{2748B127-57E9-4762-8361-D7D92F3EA0F3}.Debug|x86.Build.0 = Debug|Win32
		{2748B127-57E9-4762-8361-D7D92F3EA0F3}.Release|x64.ActiveCfg = Release|x64
		{2748B127-57E9-4762-8361-D7D92F3EA0F3}.Release|x64.Build.0 = Release|x64
		{2748B127-57E9-4762-8361-D7D92F3EA0F3}.Release|x86.ActiveCfg = Release|Win32
		{2748B127-57E9-4762-8361-D7D92F3EA0F3}.Release|x86.Build.0 = Release|Win32
		{8D5ACADB-9ABF-498A-9304-E787C38D7C88}.Debug|x64.ActiveCfg = Debug|x64
		{8D5ACADB-9ABF-498A-9304-E787C38D7C88}.Debug|x64.Build.0 = Debug|x64
		{8D5ACADB-9ABF-498A-9304-E787C38D7C88}.Debug|x86.ActiveCfg = Debug|Win32
		{8D5ACADB-9ABF-498A-9304-E787C38D7C88}.Debug|x86.Build.0 = Debug|Win32
		{8D5ACADB-9ABF-498A-9304-E787C38D7C88}.Release|x64.ActiveCfg = Release|x64
		{8D5ACADB-9ABF-498A-9304-E787C38D7C88}.Release|x64.Build.0 = Release|x64
		{8D5ACADB-9ABF-498A-9304-E787C38D7C88}.Release|x86.ActiveCfg = Release|Win32
		{8D5ACADB-9ABF-498A-9304-E787C38D7C88}.Release|x86.Build.0 = Release|Win32
		{3B7C4DBD-F13A-4B01-B213-73D29C9042FF}.Debug|x64.ActiveCfg = Debug|x64
		{3B7C4DBD-F13A-4B01-B213-73D29C9042FF}.Debug|x64.Build.0 = Debug|x64
		{3B7C4DBD-F13A-4B01-B213-73D29C9042FF}.Debug|x86.ActiveCfg = Debug|Win32
		{3B7C4DBD-F13A-4B01-B213-73D29C9042FF}.Debug|x86.Build.0 = Debug|Win32
		{3B7C4DBD-F13A-4B01-B213-73D29C9042FF}.Release|x64.ActiveCfg = Release|x64
		{3B7C4DBD-F13A-4B01-B213-73D29C9042FF}.Release|x64.Build.0 = Release|x64
		{3B7C4DBD-F13A-4B01-B213-73D29C9042FF}.Release|x86.ActiveCfg = Release|Win32
		{3B7C4DBD-F13A-4B01-B213-73D29C9042FF}.Release|x86.Build.0 = Release|Win32
		{0C79BFEA-80DC-455E-B13D-ADAE04FCFE20}.Debug|x64.ActiveCfg = Debug|x64
		{0C79BFEA-80DC-455E-B13D-ADAE04FCFE20}.Debug|x64.Build.0 = Debug|x64
		{0C79BFEA-80DC-455E-B13D-ADAE04FCFE20}.Debug|x86.ActiveCfg = Debug|Win32
		{0C79BFEA-80DC-455E-B13D-ADAE04FCFE20}.Debug|x86.Build.0 = Debug|Win32
		{0C79BFEA-80DC-455E-B13D-ADAE04FCFE20}.Release|x64.ActiveCfg = Release|x64
		{0C79BFEA-80DC-455E-B13D-ADAE04FCFE20}.Release|x64.Build.0 = Release|x64
		{0C79BFEA-80DC-455E-B13D-ADAE04FCFE20}.Release|x86.ActiveCfg = Release|Win32
		{0C79BFEA-80DC-455E-B13D-ADAE04FCFE20}.Release|x86.Build.0 = Release|Win32
		{431003DB-6ADA-4410-B166-120399189D97}.Debug|x64.ActiveCfg = Debug|x64
		{431003DB-6ADA-4410-B166-120399189D97}.Debug|x64.Build.0 = Debug|x64
		{431003DB-6ADA-4410-B166-120399189D97}.Debug|x86.ActiveCfg = Debug|Win32
		{431003DB-6ADA-4410-B166-120399189D97}.Debug|x86.Build.0 = Debug|Win32
		{431003DB-6ADA-4410-B166-120399189D97}.Release|x64.ActiveCfg = Release|x64
		{431003DB-6ADA-4410-B166-120399189D97}.Release|x64.Build.0 = Release|x64
		{431003DB-6ADA-4410-B166-120399189D97}.Release|x86.ActiveCfg = Release|Win32
		{431003DB-6ADA-4410-B166-120399189D97}.Release|x86.Build.0 = Release|Win32
		{0044B97C-7A3D-48F3-BD65-75FA2BCC111A}.Debug|x64.ActiveCfg = Debug|x64
		{0044B97C-7A3D-48F3-BD65-75FA2BCC111A}.Debug|x64.Build.0 = Debug|x64
		{0044B97C-7A3D-48F3-BD65-75FA2BCC111A}.Debug|x86.ActiveCfg = Debug|Win32
		{0044B97C-7A3D-48F3-BD65-75FA2BCC111A}.Debug|x86.Build.0 = Debug|Win32
		{0044B97C-7A3D-48F3-BD65-75FA2BCC111A}.Release|x64.ActiveCfg = Release|x64
		{0044B97C-7A3D-48F3-BD65-75FA2BCC111A}.Release|x64.Build.0 = Release|x64
		{0044B97C-7A3D-48F3-BD65-75FA2BCC111A}.Release|x86.ActiveCfg = Release|Win32
		{0044B97C-7A3D-48F3-BD65-75FA2BCC111A}.Release|x86.Build.0 = Release|Win32
	EndGlobalSection
	GlobalSection(SolutionProperties) = preSolution
		HideSolutionNode = FALSE
	EndGlobalSection
	GlobalSection(NestedProjects) = preSolution
		{7B1A93DA-F28A-4A86-A81A-33C66E3E318F} = {A34DB2DC-58A3-4731-B47D-F7C3756C18DE}
		{4FE8D57F-F9D2-47B5-8A50-7BC25B353893} = {A34DB2DC-58A3-4731-B47D-F7C3756C18DE}
		{D049442B-B8EF-4D9D-9693-1AB5F66BDB5E} = {CB27A0B9-54A1-45D6-B62C-617CD1E2AF5A}
		{F40FDB7E-2A7E-4BD9-B1FA-D4A3F366B9FF} = {A34DB2DC-58A3-4731-B47D-F7C3756C18DE}
		{E2ABEED1-CF21-4872-89D1-CA7F10B3BC97} = {EBDF24EF-DEAE-47F3-8360-DF67E65C66F2}
		{A05632F2-D9F7-435E-8310-47B140468BC3} = {945A6EBD-8771-481C-9B34-977B07DA0C4D}
		{EE785C1A-646C-4059-AEC7-A02A3E569629} = {945A6EBD-8771-481C-9B34-977B07DA0C4D}
		{D5382523-E296-4757-A677-262D89789B11} = {945A6EBD-8771-481C-9B34-977B07DA0C4D}
		{15BC5AF4-79BB-46EA-A2FC-2DEFEDC722E0} = {9B9D6047-D1F9-4727-B25D-EC2AC251C607}
		{6F4D8011-5728-46A9-AD38-A5E66A258ADA} = {945A6EBD-8771-481C-9B34-977B07DA0C4D}
		{DCD707D8-05F5-46FB-9F90-EBA3DC170A9E} = {73D4DA02-4161-4A4B-A788-2B73143D2DDE}
		{AFDE2071-428D-445C-9704-E4B8A8D79FE3} = {6C489D7E-03BA-42FF-922E-E761E787ECC8}
		{4442EE71-1503-49A1-B3B7-6905DB8025FA} = {945A6EBD-8771-481C-9B34-977B07DA0C4D}
		{FC269EE2-3129-47BC-891F-DED0F20EFEC4} = {9B9D6047-D1F9-4727-B25D-EC2AC251C607}
		{F326198C-89CC-495C-9054-768A5A76E083} = {6C489D7E-03BA-42FF-922E-E761E787ECC8}
		{B58F6E8C-646A-4825-B475-065921E784E6} = {BD4D441B-1A89-4DE4-AEDF-6EF13C24669E}
		{2836656B-23DD-4410-8044-326E7A9A0928} = {9B9D6047-D1F9-4727-B25D-EC2AC251C607}
		{C4A05F73-3787-4BEB-B89C-614F980F250C} = {B1DB5EA5-F557-46F4-BECD-633F01458758}
		{B655D51E-3192-4188-A689-FE91774CCDD8} = {9B9D6047-D1F9-4727-B25D-EC2AC251C607}
		{CAA47BFA-254A-42A2-B902-6F770E9D22D8} = {6C489D7E-03BA-42FF-922E-E761E787ECC8}
		{5C48AA6B-5B96-485F-B685-B01209895B2F} = {9B9D6047-D1F9-4727-B25D-EC2AC251C607}
		{42DD22CC-1D77-4191-9A4E-2B4FF9972A07} = {6C489D7E-03BA-42FF-922E-E761E787ECC8}
		{22601004-4E9E-4E25-8825-D0F587230D59} = {A34DB2DC-58A3-4731-B47D-F7C3756C18DE}
		{C6AA4FDF-ED05-46A9-B6C2-5B742E7ADA01} = {9B9D6047-D1F9-4727-B25D-EC2AC251C607}
		{4E5B56B3-96AD-449E-BE61-FFE1603505C4} = {CB27A0B9-54A1-45D6-B62C-617CD1E2AF5A}
		{C0905333-144E-4D96-9FF0-D9AC23D595F9} = {9B9D6047-D1F9-4727-B25D-EC2AC251C607}
		{8133D18F-B461-4E32-A1EB-DBBD96273576} = {BD4D441B-1A89-4DE4-AEDF-6EF13C24669E}
		{584E11BA-5A29-4D59-B9E6-21A89E81693B} = {75088561-E299-419A-9B4A-2801675A16F1}
		{4E728B54-FCD7-463C-A175-41E0A6CC1173} = {9B9D6047-D1F9-4727-B25D-EC2AC251C607}
		{FD829F99-4BEA-41B5-AC85-5E74148E7D6D} = {73D4DA02-4161-4A4B-A788-2B73143D2DDE}
		{94A2090A-846C-4429-87EB-61C0D1DCF309} = {BD4D441B-1A89-4DE4-AEDF-6EF13C24669E}
		{CCADC299-D6F1-489F-81F3-F496A193B7E2} = {BD4D441B-1A89-4DE4-AEDF-6EF13C24669E}
		{2C73E7CA-51C5-48A2-AC21-0ECB6333E12B} = {BD4D441B-1A89-4DE4-AEDF-6EF13C24669E}
		{C4E33FB8-F9AA-4726-8C86-0CEF8A73AB56} = {A34DB2DC-58A3-4731-B47D-F7C3756C18DE}
		{A6258703-363B-4F9F-B4E6-4248B59BB507} = {6C489D7E-03BA-42FF-922E-E761E787ECC8}
		{A55A71E7-BCDC-4DB1-9643-6CF23C3DFD95} = {945A6EBD-8771-481C-9B34-977B07DA0C4D}
		{21D1B0C4-A790-41FC-86FB-9C2FA7885B8E} = {9B9D6047-D1F9-4727-B25D-EC2AC251C607}
		{28E93864-1D87-42DA-A5FE-3A8E7E9AB673} = {7372BC10-4C20-43D8-8945-5606435BB8E7}
		{4952D24E-5F10-495E-9563-79F9C1C20632} = {7372BC10-4C20-43D8-8945-5606435BB8E7}
		{9F23F01D-E033-41B3-A4B8-F117185D0F89} = {9B9D6047-D1F9-4727-B25D-EC2AC251C607}
		{73D4DA02-4161-4A4B-A788-2B73143D2DDE} = {1A750ACF-1F72-46D4-9B2F-B5CE62398DB7}
		{862468E0-14B6-434E-989F-83C29698AB43} = {1A750ACF-1F72-46D4-9B2F-B5CE62398DB7}
		{CB27A0B9-54A1-45D6-B62C-617CD1E2AF5A} = {1A750ACF-1F72-46D4-9B2F-B5CE62398DB7}
		{7372BC10-4C20-43D8-8945-5606435BB8E7} = {1A750ACF-1F72-46D4-9B2F-B5CE62398DB7}
		{2691A857-9501-4FC0-84BE-45A90F17DD09} = {1A750ACF-1F72-46D4-9B2F-B5CE62398DB7}
		{BD4D441B-1A89-4DE4-AEDF-6EF13C24669E} = {1A750ACF-1F72-46D4-9B2F-B5CE62398DB7}
		{9B9D6047-D1F9-4727-B25D-EC2AC251C607} = {1A750ACF-1F72-46D4-9B2F-B5CE62398DB7}
		{75088561-E299-419A-9B4A-2801675A16F1} = {1A750ACF-1F72-46D4-9B2F-B5CE62398DB7}
		{A34DB2DC-58A3-4731-B47D-F7C3756C18DE} = {1A750ACF-1F72-46D4-9B2F-B5CE62398DB7}
		{BDD6F747-2BA2-4E5E-9525-E54C7DE18188} = {1A750ACF-1F72-46D4-9B2F-B5CE62398DB7}
		{B1DB5EA5-F557-46F4-BECD-633F01458758} = {1A750ACF-1F72-46D4-9B2F-B5CE62398DB7}
		{4BBC7D12-64FB-4401-AC78-7ECBBCC2A89B} = {1A750ACF-1F72-46D4-9B2F-B5CE62398DB7}
		{6C489D7E-03BA-42FF-922E-E761E787ECC8} = {1A750ACF-1F72-46D4-9B2F-B5CE62398DB7}
		{851915C9-3AB7-4DE3-AEF7-428ADF6425ED} = {1A750ACF-1F72-46D4-9B2F-B5CE62398DB7}
		{3E74CB1C-807B-4E60-A33C-4E09E64AE56A} = {CB27A0B9-54A1-45D6-B62C-617CD1E2AF5A}
		{9E6B25ED-E902-4593-AE81-4F18154F03CC} = {CB27A0B9-54A1-45D6-B62C-617CD1E2AF5A}
		{9830D853-A3F5-43F2-A374-387593000C89} = {CB27A0B9-54A1-45D6-B62C-617CD1E2AF5A}
		{964D38A1-5CDA-4766-BC52-F5A086FB393C} = {CB27A0B9-54A1-45D6-B62C-617CD1E2AF5A}
		{F485BA01-FA89-4F52-A06E-815B3C54E766} = {7372BC10-4C20-43D8-8945-5606435BB8E7}
		{0B77E3BD-FF48-4F89-9005-F386AD37B378} = {7372BC10-4C20-43D8-8945-5606435BB8E7}
		{6FD1E68C-2833-4CB3-B032-FE119C59FC45} = {7372BC10-4C20-43D8-8945-5606435BB8E7}
		{97A242CD-D145-41CF-879B-A4579DCEB3A7} = {7372BC10-4C20-43D8-8945-5606435BB8E7}
		{59623FD6-98F0-48DA-86F8-2AA9364451B0} = {7372BC10-4C20-43D8-8945-5606435BB8E7}
		{35A82DC6-0243-490B-AAFC-F463632702AD} = {7372BC10-4C20-43D8-8945-5606435BB8E7}
		{BF5485F4-513E-4231-8285-EFF6CF35DB06} = {7372BC10-4C20-43D8-8945-5606435BB8E7}
		{DE0FC13E-01CD-4EF2-9C66-ED73D778F1C7} = {7372BC10-4C20-43D8-8945-5606435BB8E7}
		{D96F542D-4ED4-49FA-B1E7-E7E483959288} = {73D4DA02-4161-4A4B-A788-2B73143D2DDE}
		{FA4D12C1-102B-4A14-9B84-52928A05E0C8} = {73D4DA02-4161-4A4B-A788-2B73143D2DDE}
		{73301597-396C-44FA-88DF-E865ABA98743} = {73D4DA02-4161-4A4B-A788-2B73143D2DDE}
		{ACF12FE3-6211-45B1-AA9E-B5CE3D23D3E0} = {2691A857-9501-4FC0-84BE-45A90F17DD09}
		{D5959922-F1D0-4F67-BFC3-9BD7006F8016} = {2691A857-9501-4FC0-84BE-45A90F17DD09}
		{7FC142A6-867E-46C5-85DF-D0B2CB93A865} = {2691A857-9501-4FC0-84BE-45A90F17DD09}
		{2985AE25-9453-40DD-8706-EC04607C53F4} = {2691A857-9501-4FC0-84BE-45A90F17DD09}
		{3399A7A6-0171-41E2-853C-6B28D9042634} = {BD4D441B-1A89-4DE4-AEDF-6EF13C24669E}
		{46636E07-2B0B-4CD3-8866-A9A4D2209A34} = {BD4D441B-1A89-4DE4-AEDF-6EF13C24669E}
		{08DF0DD7-6A21-4F3A-AE69-5D07F89729C6} = {BD4D441B-1A89-4DE4-AEDF-6EF13C24669E}
		{C4451800-9ED2-41A8-8FA7-D87DDE072679} = {9B9D6047-D1F9-4727-B25D-EC2AC251C607}
		{0C45F4B6-3F32-4888-88BE-483EEC58265C} = {6C489D7E-03BA-42FF-922E-E761E787ECC8}
		{C96955C8-F8F0-4B8D-BE74-04CD3C47D9AD} = {6C489D7E-03BA-42FF-922E-E761E787ECC8}
		{1C47A731-F17B-4C0C-87F9-47F8E8223C1C} = {4BBC7D12-64FB-4401-AC78-7ECBBCC2A89B}
		{EAA9F653-0C64-42ED-93B9-B0ED91670FE8} = {4BBC7D12-64FB-4401-AC78-7ECBBCC2A89B}
		{2A0133B9-DB04-4B50-A337-CD5D45C6792C} = {4BBC7D12-64FB-4401-AC78-7ECBBCC2A89B}
		{35782FF3-26EA-4D54-8A79-5ADD80A4F0B8} = {BDD6F747-2BA2-4E5E-9525-E54C7DE18188}
		{2748B127-57E9-4762-8361-D7D92F3EA0F3} = {945A6EBD-8771-481C-9B34-977B07DA0C4D}
		{8D5ACADB-9ABF-498A-9304-E787C38D7C88} = {945A6EBD-8771-481C-9B34-977B07DA0C4D}
		{3B7C4DBD-F13A-4B01-B213-73D29C9042FF} = {6C489D7E-03BA-42FF-922E-E761E787ECC8}
		{0C79BFEA-80DC-455E-B13D-ADAE04FCFE20} = {6C489D7E-03BA-42FF-922E-E761E787ECC8}
		{431003DB-6ADA-4410-B166-120399189D97} = {6C489D7E-03BA-42FF-922E-E761E787ECC8}
		{0044B97C-7A3D-48F3-BD65-75FA2BCC111A} = {6C489D7E-03BA-42FF-922E-E761E787ECC8}
	EndGlobalSection
EndGlobal
