
Microsoft Visual Studio Solution File, Format Version 12.00
# Visual Studio 14
VisualStudioVersion = 14.0.24720.0
MinimumVisualStudioVersion = 10.0.40219.1
Project("{8BC9CEB8-8B4A-11D0-8D11-00A0C91BC942}") = "Triangle", "src\Triangle\Triangle.vcxproj", "{7B1A93DA-F28A-4A86-A81A-33C66E3E318F}"
EndProject
Project("{8BC9CEB8-8B4A-11D0-8D11-00A0C91BC942}") = "Cube", "src\Cube\Cube.vcxproj", "{4FE8D57F-F9D2-47B5-8A50-7BC25B353893}"
EndProject
Project("{8BC9CEB8-8B4A-11D0-8D11-00A0C91BC942}") = "Blinn-Phong", "src\Blinn-Phong\Blinn-Phong.vcxproj", "{D049442B-B8EF-4D9D-9693-1AB5F66BDB5E}"
EndProject
Project("{8BC9CEB8-8B4A-11D0-8D11-00A0C91BC942}") = "Tess-Triangle", "src\Tess-Triangle\Tess-Triangle.vcxproj", "{F40FDB7E-2A7E-4BD9-B1FA-D4A3F366B9FF}"
EndProject
Project("{8BC9CEB8-8B4A-11D0-8D11-00A0C91BC942}") = "byhj-Render", "src\byhj-Render\byhj-Render.vcxproj", "{E2ABEED1-CF21-4872-89D1-CA7F10B3BC97}"
EndProject
Project("{8BC9CEB8-8B4A-11D0-8D11-00A0C91BC942}") = "MeshLoad", "src\MeshLoad\MeshLoad.vcxproj", "{A05632F2-D9F7-435E-8310-47B140468BC3}"
EndProject
Project("{8BC9CEB8-8B4A-11D0-8D11-00A0C91BC942}") = "Camera", "src\Camera\Camera.vcxproj", "{EE785C1A-646C-4059-AEC7-A02A3E569629}"
EndProject
Project("{8BC9CEB8-8B4A-11D0-8D11-00A0C91BC942}") = "Audio", "src\Audio\Audio.vcxproj", "{D5382523-E296-4757-A677-262D89789B11}"
EndProject
Project("{2150E333-8FDC-42A3-9474-1A3956D46DE8}") = "Render", "Render", "{EBDF24EF-DEAE-47F3-8360-DF67E65C66F2}"
EndProject
Project("{2150E333-8FDC-42A3-9474-1A3956D46DE8}") = "Utility", "Utility", "{945A6EBD-8771-481C-9B34-977B07DA0C4D}"
EndProject
Project("{2150E333-8FDC-42A3-9474-1A3956D46DE8}") = "Sample", "Sample", "{1A750ACF-1F72-46D4-9B2F-B5CE62398DB7}"
EndProject
Project("{8BC9CEB8-8B4A-11D0-8D11-00A0C91BC942}") = "Skybox", "src\Skybox\Skybox.vcxproj", "{15BC5AF4-79BB-46EA-A2FC-2DEFEDC722E0}"
EndProject
Project("{8BC9CEB8-8B4A-11D0-8D11-00A0C91BC942}") = "Font", "src\Font\Font.vcxproj", "{6F4D8011-5728-46A9-AD38-A5E66A258ADA}"
EndProject
Project("{8BC9CEB8-8B4A-11D0-8D11-00A0C91BC942}") = "Fog", "src\Fog\Fog.vcxproj", "{DCD707D8-05F5-46FB-9F90-EBA3DC170A9E}"
EndProject
Project("{8BC9CEB8-8B4A-11D0-8D11-00A0C91BC942}") = "Instance", "src\Instance\Instance.vcxproj", "{AFDE2071-428D-445C-9704-E4B8A8D79FE3}"
EndProject
Project("{8BC9CEB8-8B4A-11D0-8D11-00A0C91BC942}") = "Texture", "src\Texture\Texture.vcxproj", "{4442EE71-1503-49A1-B3B7-6905DB8025FA}"
EndProject
Project("{8BC9CEB8-8B4A-11D0-8D11-00A0C91BC942}") = "HDR", "src\HDR\HDR.vcxproj", "{FC269EE2-3129-47BC-891F-DED0F20EFEC4}"
EndProject
Project("{8BC9CEB8-8B4A-11D0-8D11-00A0C91BC942}") = "Indirect-Draw", "src\Indirect-Draw\Indirect-Draw.vcxproj", "{F326198C-89CC-495C-9054-768A5A76E083}"
EndProject
Project("{8BC9CEB8-8B4A-11D0-8D11-00A0C91BC942}") = "Rim-Light", "src\Rim-Light\Rim-Light.vcxproj", "{B58F6E8C-646A-4825-B475-065921E784E6}"
EndProject
Project("{8BC9CEB8-8B4A-11D0-8D11-00A0C91BC942}") = "Billboard", "src\Billboard\Billboard.vcxproj", "{2836656B-23DD-4410-8044-326E7A9A0928}"
EndProject
Project("{8BC9CEB8-8B4A-11D0-8D11-00A0C91BC942}") = "BSP", "src\BSP\BSP.vcxproj", "{C4A05F73-3787-4BEB-B89C-614F980F250C}"
EndProject
Project("{8BC9CEB8-8B4A-11D0-8D11-00A0C91BC942}") = "Depth-of-Field", "src\Depth-of-Field\Depth-of-Field.vcxproj", "{B655D51E-3192-4188-A689-FE91774CCDD8}"
EndProject
Project("{8BC9CEB8-8B4A-11D0-8D11-00A0C91BC942}") = "Fur", "src\Fur\Fur.vcxproj", "{CAA47BFA-254A-42A2-B902-6F770E9D22D8}"
EndProject
Project("{8BC9CEB8-8B4A-11D0-8D11-00A0C91BC942}") = "Motion-Blur", "src\Motion-Blur\Motion-Blur.vcxproj", "{5C48AA6B-5B96-485F-B685-B01209895B2F}"
EndProject
Project("{8BC9CEB8-8B4A-11D0-8D11-00A0C91BC942}") = "OIT", "src\OIT\OIT.vcxproj", "{42DD22CC-1D77-4191-9A4E-2B4FF9972A07}"
EndProject
Project("{8BC9CEB8-8B4A-11D0-8D11-00A0C91BC942}") = "Ocean", "src\Ocean\Ocean.vcxproj", "{22601004-4E9E-4E25-8825-D0F587230D59}"
EndProject
Project("{8BC9CEB8-8B4A-11D0-8D11-00A0C91BC942}") = "Particle", "src\Particle\Particle.vcxproj", "{C6AA4FDF-ED05-46A9-B6C2-5B742E7ADA01}"
EndProject
Project("{8BC9CEB8-8B4A-11D0-8D11-00A0C91BC942}") = "Noise", "src\Noise\Noise.vcxproj", "{4E5B56B3-96AD-449E-BE61-FFE1603505C4}"
EndProject
Project("{8BC9CEB8-8B4A-11D0-8D11-00A0C91BC942}") = "Sprites", "src\Sprites\Sprites.vcxproj", "{C0905333-144E-4D96-9FF0-D9AC23D595F9}"
EndProject
Project("{8BC9CEB8-8B4A-11D0-8D11-00A0C91BC942}") = "SSAO", "src\SSAO\SSAO.vcxproj", "{8133D18F-B461-4E32-A1EB-DBBD96273576}"
EndProject
Project("{8BC9CEB8-8B4A-11D0-8D11-00A0C91BC942}") = "Toon-Shading", "src\Toon-Shading\Toon-Shading.vcxproj", "{584E11BA-5A29-4D59-B9E6-21A89E81693B}"
EndProject
Project("{8BC9CEB8-8B4A-11D0-8D11-00A0C91BC942}") = "Bloom", "src\Bloom\Bloom.vcxproj", "{4E728B54-FCD7-463C-A175-41E0A6CC1173}"
EndProject
Project("{8BC9CEB8-8B4A-11D0-8D11-00A0C91BC942}") = "BDRF", "src\BDRF\BDRF.vcxproj", "{FD829F99-4BEA-41B5-AC85-5E74148E7D6D}"
EndProject
Project("{8BC9CEB8-8B4A-11D0-8D11-00A0C91BC942}") = "CPU-Raytracer", "src\CPU-Raytracer\CPU-Raytracer.vcxproj", "{94A2090A-846C-4429-87EB-61C0D1DCF309}"
EndProject
Project("{8BC9CEB8-8B4A-11D0-8D11-00A0C91BC942}") = "Shadow-Mapping", "src\Shadow-Mapping\Shadow-Mapping.vcxproj", "{CCADC299-D6F1-489F-81F3-F496A193B7E2}"
EndProject
Project("{8BC9CEB8-8B4A-11D0-8D11-00A0C91BC942}") = "Shadow-Volume", "src\Shadow-Volume\Shadow-Volume.vcxproj", "{2C73E7CA-51C5-48A2-AC21-0ECB6333E12B}"
EndProject
Project("{8BC9CEB8-8B4A-11D0-8D11-00A0C91BC942}") = "PN-Triangle", "src\PN-Triangle\PN-Triangle.vcxproj", "{C4E33FB8-F9AA-4726-8C86-0CEF8A73AB56}"
EndProject
Project("{8BC9CEB8-8B4A-11D0-8D11-00A0C91BC942}") = "Stereo", "src\Stereo\Stereo.vcxproj", "{A6258703-363B-4F9F-B4E6-4248B59BB507}"
EndProject
Project("{8BC9CEB8-8B4A-11D0-8D11-00A0C91BC942}") = "Terrain", "src\Terrain\Terrain.vcxproj", "{A55A71E7-BCDC-4DB1-9643-6CF23C3DFD95}"
EndProject
Project("{8BC9CEB8-8B4A-11D0-8D11-00A0C91BC942}") = "Reflect-Refract", "src\Reflect-Refract\Reflect-Refract.vcxproj", "{21D1B0C4-A790-41FC-86FB-9C2FA7885B8E}"
EndProject
Global
	GlobalSection(SolutionConfigurationPlatforms) = preSolution
		Debug|x64 = Debug|x64
		Debug|x86 = Debug|x86
		Release|x64 = Release|x64
		Release|x86 = Release|x86
	EndGlobalSection
	GlobalSection(ProjectConfigurationPlatforms) = postSolution
		{7B1A93DA-F28A-4A86-A81A-33C66E3E318F}.Debug|x64.ActiveCfg = Debug|x64
		{7B1A93DA-F28A-4A86-A81A-33C66E3E318F}.Debug|x64.Build.0 = Debug|x64
		{7B1A93DA-F28A-4A86-A81A-33C66E3E318F}.Debug|x86.ActiveCfg = Debug|Win32
		{7B1A93DA-F28A-4A86-A81A-33C66E3E318F}.Debug|x86.Build.0 = Debug|Win32
		{7B1A93DA-F28A-4A86-A81A-33C66E3E318F}.Release|x64.ActiveCfg = Release|x64
		{7B1A93DA-F28A-4A86-A81A-33C66E3E318F}.Release|x64.Build.0 = Release|x64
		{7B1A93DA-F28A-4A86-A81A-33C66E3E318F}.Release|x86.ActiveCfg = Release|Win32
		{7B1A93DA-F28A-4A86-A81A-33C66E3E318F}.Release|x86.Build.0 = Release|Win32
		{4FE8D57F-F9D2-47B5-8A50-7BC25B353893}.Debug|x64.ActiveCfg = Debug|x64
		{4FE8D57F-F9D2-47B5-8A50-7BC25B353893}.Debug|x64.Build.0 = Debug|x64
		{4FE8D57F-F9D2-47B5-8A50-7BC25B353893}.Debug|x86.ActiveCfg = Debug|Win32
		{4FE8D57F-F9D2-47B5-8A50-7BC25B353893}.Debug|x86.Build.0 = Debug|Win32
		{4FE8D57F-F9D2-47B5-8A50-7BC25B353893}.Release|x64.ActiveCfg = Release|x64
		{4FE8D57F-F9D2-47B5-8A50-7BC25B353893}.Release|x64.Build.0 = Release|x64
		{4FE8D57F-F9D2-47B5-8A50-7BC25B353893}.Release|x86.ActiveCfg = Release|Win32
		{4FE8D57F-F9D2-47B5-8A50-7BC25B353893}.Release|x86.Build.0 = Release|Win32
		{D049442B-B8EF-4D9D-9693-1AB5F66BDB5E}.Debug|x64.ActiveCfg = Debug|x64
		{D049442B-B8EF-4D9D-9693-1AB5F66BDB5E}.Debug|x64.Build.0 = Debug|x64
		{D049442B-B8EF-4D9D-9693-1AB5F66BDB5E}.Debug|x86.ActiveCfg = Debug|Win32
		{D049442B-B8EF-4D9D-9693-1AB5F66BDB5E}.Debug|x86.Build.0 = Debug|Win32
		{D049442B-B8EF-4D9D-9693-1AB5F66BDB5E}.Release|x64.ActiveCfg = Release|x64
		{D049442B-B8EF-4D9D-9693-1AB5F66BDB5E}.Release|x64.Build.0 = Release|x64
		{D049442B-B8EF-4D9D-9693-1AB5F66BDB5E}.Release|x86.ActiveCfg = Release|Win32
		{D049442B-B8EF-4D9D-9693-1AB5F66BDB5E}.Release|x86.Build.0 = Release|Win32
		{F40FDB7E-2A7E-4BD9-B1FA-D4A3F366B9FF}.Debug|x64.ActiveCfg = Debug|x64
		{F40FDB7E-2A7E-4BD9-B1FA-D4A3F366B9FF}.Debug|x64.Build.0 = Debug|x64
		{F40FDB7E-2A7E-4BD9-B1FA-D4A3F366B9FF}.Debug|x86.ActiveCfg = Debug|Win32
		{F40FDB7E-2A7E-4BD9-B1FA-D4A3F366B9FF}.Debug|x86.Build.0 = Debug|Win32
		{F40FDB7E-2A7E-4BD9-B1FA-D4A3F366B9FF}.Release|x64.ActiveCfg = Release|x64
		{F40FDB7E-2A7E-4BD9-B1FA-D4A3F366B9FF}.Release|x64.Build.0 = Release|x64
		{F40FDB7E-2A7E-4BD9-B1FA-D4A3F366B9FF}.Release|x86.ActiveCfg = Release|Win32
		{F40FDB7E-2A7E-4BD9-B1FA-D4A3F366B9FF}.Release|x86.Build.0 = Release|Win32
		{E2ABEED1-CF21-4872-89D1-CA7F10B3BC97}.Debug|x64.ActiveCfg = Debug|x64
		{E2ABEED1-CF21-4872-89D1-CA7F10B3BC97}.Debug|x64.Build.0 = Debug|x64
		{E2ABEED1-CF21-4872-89D1-CA7F10B3BC97}.Debug|x86.ActiveCfg = Debug|Win32
		{E2ABEED1-CF21-4872-89D1-CA7F10B3BC97}.Debug|x86.Build.0 = Debug|Win32
		{E2ABEED1-CF21-4872-89D1-CA7F10B3BC97}.Release|x64.ActiveCfg = Release|x64
		{E2ABEED1-CF21-4872-89D1-CA7F10B3BC97}.Release|x64.Build.0 = Release|x64
		{E2ABEED1-CF21-4872-89D1-CA7F10B3BC97}.Release|x86.ActiveCfg = Release|Win32
		{E2ABEED1-CF21-4872-89D1-CA7F10B3BC97}.Release|x86.Build.0 = Release|Win32
		{A05632F2-D9F7-435E-8310-47B140468BC3}.Debug|x64.ActiveCfg = Debug|x64
		{A05632F2-D9F7-435E-8310-47B140468BC3}.Debug|x64.Build.0 = Debug|x64
		{A05632F2-D9F7-435E-8310-47B140468BC3}.Debug|x86.ActiveCfg = Debug|Win32
		{A05632F2-D9F7-435E-8310-47B140468BC3}.Debug|x86.Build.0 = Debug|Win32
		{A05632F2-D9F7-435E-8310-47B140468BC3}.Release|x64.ActiveCfg = Release|x64
		{A05632F2-D9F7-435E-8310-47B140468BC3}.Release|x64.Build.0 = Release|x64
		{A05632F2-D9F7-435E-8310-47B140468BC3}.Release|x86.ActiveCfg = Release|Win32
		{A05632F2-D9F7-435E-8310-47B140468BC3}.Release|x86.Build.0 = Release|Win32
		{EE785C1A-646C-4059-AEC7-A02A3E569629}.Debug|x64.ActiveCfg = Debug|x64
		{EE785C1A-646C-4059-AEC7-A02A3E569629}.Debug|x64.Build.0 = Debug|x64
		{EE785C1A-646C-4059-AEC7-A02A3E569629}.Debug|x86.ActiveCfg = Debug|Win32
		{EE785C1A-646C-4059-AEC7-A02A3E569629}.Debug|x86.Build.0 = Debug|Win32
		{EE785C1A-646C-4059-AEC7-A02A3E569629}.Release|x64.ActiveCfg = Release|x64
		{EE785C1A-646C-4059-AEC7-A02A3E569629}.Release|x64.Build.0 = Release|x64
		{EE785C1A-646C-4059-AEC7-A02A3E569629}.Release|x86.ActiveCfg = Release|Win32
		{EE785C1A-646C-4059-AEC7-A02A3E569629}.Release|x86.Build.0 = Release|Win32
		{D5382523-E296-4757-A677-262D89789B11}.Debug|x64.ActiveCfg = Debug|x64
		{D5382523-E296-4757-A677-262D89789B11}.Debug|x64.Build.0 = Debug|x64
		{D5382523-E296-4757-A677-262D89789B11}.Debug|x86.ActiveCfg = Debug|Win32
		{D5382523-E296-4757-A677-262D89789B11}.Debug|x86.Build.0 = Debug|Win32
		{D5382523-E296-4757-A677-262D89789B11}.Release|x64.ActiveCfg = Release|x64
		{D5382523-E296-4757-A677-262D89789B11}.Release|x64.Build.0 = Release|x64
		{D5382523-E296-4757-A677-262D89789B11}.Release|x86.ActiveCfg = Release|Win32
		{D5382523-E296-4757-A677-262D89789B11}.Release|x86.Build.0 = Release|Win32
		{15BC5AF4-79BB-46EA-A2FC-2DEFEDC722E0}.Debug|x64.ActiveCfg = Debug|x64
		{15BC5AF4-79BB-46EA-A2FC-2DEFEDC722E0}.Debug|x64.Build.0 = Debug|x64
		{15BC5AF4-79BB-46EA-A2FC-2DEFEDC722E0}.Debug|x86.ActiveCfg = Debug|Win32
		{15BC5AF4-79BB-46EA-A2FC-2DEFEDC722E0}.Debug|x86.Build.0 = Debug|Win32
		{15BC5AF4-79BB-46EA-A2FC-2DEFEDC722E0}.Release|x64.ActiveCfg = Release|x64
		{15BC5AF4-79BB-46EA-A2FC-2DEFEDC722E0}.Release|x64.Build.0 = Release|x64
		{15BC5AF4-79BB-46EA-A2FC-2DEFEDC722E0}.Release|x86.ActiveCfg = Release|Win32
		{15BC5AF4-79BB-46EA-A2FC-2DEFEDC722E0}.Release|x86.Build.0 = Release|Win32
		{6F4D8011-5728-46A9-AD38-A5E66A258ADA}.Debug|x64.ActiveCfg = Debug|x64
		{6F4D8011-5728-46A9-AD38-A5E66A258ADA}.Debug|x64.Build.0 = Debug|x64
		{6F4D8011-5728-46A9-AD38-A5E66A258ADA}.Debug|x86.ActiveCfg = Debug|Win32
		{6F4D8011-5728-46A9-AD38-A5E66A258ADA}.Debug|x86.Build.0 = Debug|Win32
		{6F4D8011-5728-46A9-AD38-A5E66A258ADA}.Release|x64.ActiveCfg = Release|x64
		{6F4D8011-5728-46A9-AD38-A5E66A258ADA}.Release|x64.Build.0 = Release|x64
		{6F4D8011-5728-46A9-AD38-A5E66A258ADA}.Release|x86.ActiveCfg = Release|Win32
		{6F4D8011-5728-46A9-AD38-A5E66A258ADA}.Release|x86.Build.0 = Release|Win32
		{DCD707D8-05F5-46FB-9F90-EBA3DC170A9E}.Debug|x64.ActiveCfg = Debug|x64
		{DCD707D8-05F5-46FB-9F90-EBA3DC170A9E}.Debug|x64.Build.0 = Debug|x64
		{DCD707D8-05F5-46FB-9F90-EBA3DC170A9E}.Debug|x86.ActiveCfg = Debug|Win32
		{DCD707D8-05F5-46FB-9F90-EBA3DC170A9E}.Debug|x86.Build.0 = Debug|Win32
		{DCD707D8-05F5-46FB-9F90-EBA3DC170A9E}.Release|x64.ActiveCfg = Release|x64
		{DCD707D8-05F5-46FB-9F90-EBA3DC170A9E}.Release|x64.Build.0 = Release|x64
		{DCD707D8-05F5-46FB-9F90-EBA3DC170A9E}.Release|x86.ActiveCfg = Release|Win32
		{DCD707D8-05F5-46FB-9F90-EBA3DC170A9E}.Release|x86.Build.0 = Release|Win32
		{AFDE2071-428D-445C-9704-E4B8A8D79FE3}.Debug|x64.ActiveCfg = Debug|x64
		{AFDE2071-428D-445C-9704-E4B8A8D79FE3}.Debug|x64.Build.0 = Debug|x64
		{AFDE2071-428D-445C-9704-E4B8A8D79FE3}.Debug|x86.ActiveCfg = Debug|Win32
		{AFDE2071-428D-445C-9704-E4B8A8D79FE3}.Debug|x86.Build.0 = Debug|Win32
		{AFDE2071-428D-445C-9704-E4B8A8D79FE3}.Release|x64.ActiveCfg = Release|x64
		{AFDE2071-428D-445C-9704-E4B8A8D79FE3}.Release|x64.Build.0 = Release|x64
		{AFDE2071-428D-445C-9704-E4B8A8D79FE3}.Release|x86.ActiveCfg = Release|Win32
		{AFDE2071-428D-445C-9704-E4B8A8D79FE3}.Release|x86.Build.0 = Release|Win32
		{4442EE71-1503-49A1-B3B7-6905DB8025FA}.Debug|x64.ActiveCfg = Debug|x64
		{4442EE71-1503-49A1-B3B7-6905DB8025FA}.Debug|x64.Build.0 = Debug|x64
		{4442EE71-1503-49A1-B3B7-6905DB8025FA}.Debug|x86.ActiveCfg = Debug|Win32
		{4442EE71-1503-49A1-B3B7-6905DB8025FA}.Debug|x86.Build.0 = Debug|Win32
		{4442EE71-1503-49A1-B3B7-6905DB8025FA}.Release|x64.ActiveCfg = Release|x64
		{4442EE71-1503-49A1-B3B7-6905DB8025FA}.Release|x64.Build.0 = Release|x64
		{4442EE71-1503-49A1-B3B7-6905DB8025FA}.Release|x86.ActiveCfg = Release|Win32
		{4442EE71-1503-49A1-B3B7-6905DB8025FA}.Release|x86.Build.0 = Release|Win32
		{FC269EE2-3129-47BC-891F-DED0F20EFEC4}.Debug|x64.ActiveCfg = Debug|x64
		{FC269EE2-3129-47BC-891F-DED0F20EFEC4}.Debug|x64.Build.0 = Debug|x64
		{FC269EE2-3129-47BC-891F-DED0F20EFEC4}.Debug|x86.ActiveCfg = Debug|Win32
		{FC269EE2-3129-47BC-891F-DED0F20EFEC4}.Debug|x86.Build.0 = Debug|Win32
		{FC269EE2-3129-47BC-891F-DED0F20EFEC4}.Release|x64.ActiveCfg = Release|x64
		{FC269EE2-3129-47BC-891F-DED0F20EFEC4}.Release|x64.Build.0 = Release|x64
		{FC269EE2-3129-47BC-891F-DED0F20EFEC4}.Release|x86.ActiveCfg = Release|Win32
		{FC269EE2-3129-47BC-891F-DED0F20EFEC4}.Release|x86.Build.0 = Release|Win32
		{F326198C-89CC-495C-9054-768A5A76E083}.Debug|x64.ActiveCfg = Debug|x64
		{F326198C-89CC-495C-9054-768A5A76E083}.Debug|x64.Build.0 = Debug|x64
		{F326198C-89CC-495C-9054-768A5A76E083}.Debug|x86.ActiveCfg = Debug|Win32
		{F326198C-89CC-495C-9054-768A5A76E083}.Debug|x86.Build.0 = Debug|Win32
		{F326198C-89CC-495C-9054-768A5A76E083}.Release|x64.ActiveCfg = Release|x64
		{F326198C-89CC-495C-9054-768A5A76E083}.Release|x64.Build.0 = Release|x64
		{F326198C-89CC-495C-9054-768A5A76E083}.Release|x86.ActiveCfg = Release|Win32
		{F326198C-89CC-495C-9054-768A5A76E083}.Release|x86.Build.0 = Release|Win32
		{B58F6E8C-646A-4825-B475-065921E784E6}.Debug|x64.ActiveCfg = Debug|x64
		{B58F6E8C-646A-4825-B475-065921E784E6}.Debug|x64.Build.0 = Debug|x64
		{B58F6E8C-646A-4825-B475-065921E784E6}.Debug|x86.ActiveCfg = Debug|Win32
		{B58F6E8C-646A-4825-B475-065921E784E6}.Debug|x86.Build.0 = Debug|Win32
		{B58F6E8C-646A-4825-B475-065921E784E6}.Release|x64.ActiveCfg = Release|x64
		{B58F6E8C-646A-4825-B475-065921E784E6}.Release|x64.Build.0 = Release|x64
		{B58F6E8C-646A-4825-B475-065921E784E6}.Release|x86.ActiveCfg = Release|Win32
		{B58F6E8C-646A-4825-B475-065921E784E6}.Release|x86.Build.0 = Release|Win32
		{2836656B-23DD-4410-8044-326E7A9A0928}.Debug|x64.ActiveCfg = Debug|x64
		{2836656B-23DD-4410-8044-326E7A9A0928}.Debug|x64.Build.0 = Debug|x64
		{2836656B-23DD-4410-8044-326E7A9A0928}.Debug|x86.ActiveCfg = Debug|Win32
		{2836656B-23DD-4410-8044-326E7A9A0928}.Debug|x86.Build.0 = Debug|Win32
		{2836656B-23DD-4410-8044-326E7A9A0928}.Release|x64.ActiveCfg = Release|x64
		{2836656B-23DD-4410-8044-326E7A9A0928}.Release|x64.Build.0 = Release|x64
		{2836656B-23DD-4410-8044-326E7A9A0928}.Release|x86.ActiveCfg = Release|Win32
		{2836656B-23DD-4410-8044-326E7A9A0928}.Release|x86.Build.0 = Release|Win32
		{C4A05F73-3787-4BEB-B89C-614F980F250C}.Debug|x64.ActiveCfg = Debug|x64
		{C4A05F73-3787-4BEB-B89C-614F980F250C}.Debug|x64.Build.0 = Debug|x64
		{C4A05F73-3787-4BEB-B89C-614F980F250C}.Debug|x86.ActiveCfg = Debug|Win32
		{C4A05F73-3787-4BEB-B89C-614F980F250C}.Debug|x86.Build.0 = Debug|Win32
		{C4A05F73-3787-4BEB-B89C-614F980F250C}.Release|x64.ActiveCfg = Release|x64
		{C4A05F73-3787-4BEB-B89C-614F980F250C}.Release|x64.Build.0 = Release|x64
		{C4A05F73-3787-4BEB-B89C-614F980F250C}.Release|x86.ActiveCfg = Release|Win32
		{C4A05F73-3787-4BEB-B89C-614F980F250C}.Release|x86.Build.0 = Release|Win32
		{B655D51E-3192-4188-A689-FE91774CCDD8}.Debug|x64.ActiveCfg = Debug|x64
		{B655D51E-3192-4188-A689-FE91774CCDD8}.Debug|x64.Build.0 = Debug|x64
		{B655D51E-3192-4188-A689-FE91774CCDD8}.Debug|x86.ActiveCfg = Debug|Win32
		{B655D51E-3192-4188-A689-FE91774CCDD8}.Debug|x86.Build.0 = Debug|Win32
		{B655D51E-3192-4188-A689-FE91774CCDD8}.Release|x64.ActiveCfg = Release|x64
		{B655D51E-3192-4188-A689-FE91774CCDD8}.Release|x64.Build.0 = Release|x64
		{B655D51E-3192-4188-A689-FE91774CCDD8}.Release|x86.ActiveCfg = Release|Win32
		{B655D51E-3192-4188-A689-FE91774CCDD8}.Release|x86.Build.0 = Release|Win32
		{CAA47BFA-254A-42A2-B902-6F770E9D22D8}.Debug|x64.ActiveCfg = Debug|x64
		{CAA47BFA-254A-42A2-B902-6F770E9D22D8}.Debug|x64.Build.0 = Debug|x64
		{CAA47BFA-254A-42A2-B902-6F770E9D22D8}.Debug|x86.ActiveCfg = Debug|Win32
		{CAA47BFA-254A-42A2-B902-6F770E9D22D8}.Debug|x86.Build.0 = Debug|Win32
		{CAA47BFA-254A-42A2-B902-6F770E9D22D8}.Release|x64.ActiveCfg = Release|x64
		{CAA47BFA-254A-42A2-B902-6F770E9D22D8}.Release|x64.Build.0 = Release|x64
		{CAA47BFA-254A-42A2-B902-6F770E9D22D8}.Release|x86.ActiveCfg = Release|Win32
		{CAA47BFA-254A-42A2-B902-6F770E9D22D8}.Release|x86.Build.0 = Release|Win32
		{5C48AA6B-5B96-485F-B685-B01209895B2F}.Debug|x64.ActiveCfg = Debug|x64
		{5C48AA6B-5B96-485F-B685-B01209895B2F}.Debug|x64.Build.0 = Debug|x64
		{5C48AA6B-5B96-485F-B685-B01209895B2F}.Debug|x86.ActiveCfg = Debug|Win32
		{5C48AA6B-5B96-485F-B685-B01209895B2F}.Debug|x86.Build.0 = Debug|Win32
		{5C48AA6B-5B96-485F-B685-B01209895B2F}.Release|x64.ActiveCfg = Release|x64
		{5C48AA6B-5B96-485F-B685-B01209895B2F}.Release|x64.Build.0 = Release|x64
		{5C48AA6B-5B96-485F-B685-B01209895B2F}.Release|x86.ActiveCfg = Release|Win32
		{5C48AA6B-5B96-485F-B685-B01209895B2F}.Release|x86.Build.0 = Release|Win32
		{42DD22CC-1D77-4191-9A4E-2B4FF9972A07}.Debug|x64.ActiveCfg = Debug|x64
		{42DD22CC-1D77-4191-9A4E-2B4FF9972A07}.Debug|x64.Build.0 = Debug|x64
		{42DD22CC-1D77-4191-9A4E-2B4FF9972A07}.Debug|x86.ActiveCfg = Debug|Win32
		{42DD22CC-1D77-4191-9A4E-2B4FF9972A07}.Debug|x86.Build.0 = Debug|Win32
		{42DD22CC-1D77-4191-9A4E-2B4FF9972A07}.Release|x64.ActiveCfg = Release|x64
		{42DD22CC-1D77-4191-9A4E-2B4FF9972A07}.Release|x64.Build.0 = Release|x64
		{42DD22CC-1D77-4191-9A4E-2B4FF9972A07}.Release|x86.ActiveCfg = Release|Win32
		{42DD22CC-1D77-4191-9A4E-2B4FF9972A07}.Release|x86.Build.0 = Release|Win32
		{22601004-4E9E-4E25-8825-D0F587230D59}.Debug|x64.ActiveCfg = Debug|x64
		{22601004-4E9E-4E25-8825-D0F587230D59}.Debug|x64.Build.0 = Debug|x64
		{22601004-4E9E-4E25-8825-D0F587230D59}.Debug|x86.ActiveCfg = Debug|Win32
		{22601004-4E9E-4E25-8825-D0F587230D59}.Debug|x86.Build.0 = Debug|Win32
		{22601004-4E9E-4E25-8825-D0F587230D59}.Release|x64.ActiveCfg = Release|x64
		{22601004-4E9E-4E25-8825-D0F587230D59}.Release|x64.Build.0 = Release|x64
		{22601004-4E9E-4E25-8825-D0F587230D59}.Release|x86.ActiveCfg = Release|Win32
		{22601004-4E9E-4E25-8825-D0F587230D59}.Release|x86.Build.0 = Release|Win32
		{C6AA4FDF-ED05-46A9-B6C2-5B742E7ADA01}.Debug|x64.ActiveCfg = Debug|x64
		{C6AA4FDF-ED05-46A9-B6C2-5B742E7ADA01}.Debug|x64.Build.0 = Debug|x64
		{C6AA4FDF-ED05-46A9-B6C2-5B742E7ADA01}.Debug|x86.ActiveCfg = Debug|Win32
		{C6AA4FDF-ED05-46A9-B6C2-5B742E7ADA01}.Debug|x86.Build.0 = Debug|Win32
		{C6AA4FDF-ED05-46A9-B6C2-5B742E7ADA01}.Release|x64.ActiveCfg = Release|x64
		{C6AA4FDF-ED05-46A9-B6C2-5B742E7ADA01}.Release|x64.Build.0 = Release|x64
		{C6AA4FDF-ED05-46A9-B6C2-5B742E7ADA01}.Release|x86.ActiveCfg = Release|Win32
		{C6AA4FDF-ED05-46A9-B6C2-5B742E7ADA01}.Release|x86.Build.0 = Release|Win32
		{4E5B56B3-96AD-449E-BE61-FFE1603505C4}.Debug|x64.ActiveCfg = Debug|x64
		{4E5B56B3-96AD-449E-BE61-FFE1603505C4}.Debug|x64.Build.0 = Debug|x64
		{4E5B56B3-96AD-449E-BE61-FFE1603505C4}.Debug|x86.ActiveCfg = Debug|Win32
		{4E5B56B3-96AD-449E-BE61-FFE1603505C4}.Debug|x86.Build.0 = Debug|Win32
		{4E5B56B3-96AD-449E-BE61-FFE1603505C4}.Release|x64.ActiveCfg = Release|x64
		{4E5B56B3-96AD-449E-BE61-FFE1603505C4}.Release|x64.Build.0 = Release|x64
		{4E5B56B3-96AD-449E-BE61-FFE1603505C4}.Release|x86.ActiveCfg = Release|Win32
		{4E5B56B3-96AD-449E-BE61-FFE1603505C4}.Release|x86.Build.0 = Release|Win32
		{C0905333-144E-4D96-9FF0-D9AC23D595F9}.Debug|x64.ActiveCfg = Debug|x64
		{C0905333-144E-4D96-9FF0-D9AC23D595F9}.Debug|x64.Build.0 = Debug|x64
		{C0905333-144E-4D96-9FF0-D9AC23D595F9}.Debug|x86.ActiveCfg = Debug|Win32
		{C0905333-144E-4D96-9FF0-D9AC23D595F9}.Debug|x86.Build.0 = Debug|Win32
		{C0905333-144E-4D96-9FF0-D9AC23D595F9}.Release|x64.ActiveCfg = Release|x64
		{C0905333-144E-4D96-9FF0-D9AC23D595F9}.Release|x64.Build.0 = Release|x64
		{C0905333-144E-4D96-9FF0-D9AC23D595F9}.Release|x86.ActiveCfg = Release|Win32
		{C0905333-144E-4D96-9FF0-D9AC23D595F9}.Release|x86.Build.0 = Release|Win32
		{8133D18F-B461-4E32-A1EB-DBBD96273576}.Debug|x64.ActiveCfg = Debug|x64
		{8133D18F-B461-4E32-A1EB-DBBD96273576}.Debug|x64.Build.0 = Debug|x64
		{8133D18F-B461-4E32-A1EB-DBBD96273576}.Debug|x86.ActiveCfg = Debug|Win32
		{8133D18F-B461-4E32-A1EB-DBBD96273576}.Debug|x86.Build.0 = Debug|Win32
		{8133D18F-B461-4E32-A1EB-DBBD96273576}.Release|x64.ActiveCfg = Release|x64
		{8133D18F-B461-4E32-A1EB-DBBD96273576}.Release|x64.Build.0 = Release|x64
		{8133D18F-B461-4E32-A1EB-DBBD96273576}.Release|x86.ActiveCfg = Release|Win32
		{8133D18F-B461-4E32-A1EB-DBBD96273576}.Release|x86.Build.0 = Release|Win32
		{584E11BA-5A29-4D59-B9E6-21A89E81693B}.Debug|x64.ActiveCfg = Debug|x64
		{584E11BA-5A29-4D59-B9E6-21A89E81693B}.Debug|x64.Build.0 = Debug|x64
		{584E11BA-5A29-4D59-B9E6-21A89E81693B}.Debug|x86.ActiveCfg = Debug|Win32
		{584E11BA-5A29-4D59-B9E6-21A89E81693B}.Debug|x86.Build.0 = Debug|Win32
		{584E11BA-5A29-4D59-B9E6-21A89E81693B}.Release|x64.ActiveCfg = Release|x64
		{584E11BA-5A29-4D59-B9E6-21A89E81693B}.Release|x64.Build.0 = Release|x64
		{584E11BA-5A29-4D59-B9E6-21A89E81693B}.Release|x86.ActiveCfg = Release|Win32
		{584E11BA-5A29-4D59-B9E6-21A89E81693B}.Release|x86.Build.0 = Release|Win32
		{4E728B54-FCD7-463C-A175-41E0A6CC1173}.Debug|x64.ActiveCfg = Debug|x64
		{4E728B54-FCD7-463C-A175-41E0A6CC1173}.Debug|x64.Build.0 = Debug|x64
		{4E728B54-FCD7-463C-A175-41E0A6CC1173}.Debug|x86.ActiveCfg = Debug|Win32
		{4E728B54-FCD7-463C-A175-41E0A6CC1173}.Debug|x86.Build.0 = Debug|Win32
		{4E728B54-FCD7-463C-A175-41E0A6CC1173}.Release|x64.ActiveCfg = Release|x64
		{4E728B54-FCD7-463C-A175-41E0A6CC1173}.Release|x64.Build.0 = Release|x64
		{4E728B54-FCD7-463C-A175-41E0A6CC1173}.Release|x86.ActiveCfg = Release|Win32
		{4E728B54-FCD7-463C-A175-41E0A6CC1173}.Release|x86.Build.0 = Release|Win32
		{FD829F99-4BEA-41B5-AC85-5E74148E7D6D}.Debug|x64.ActiveCfg = Debug|x64
		{FD829F99-4BEA-41B5-AC85-5E74148E7D6D}.Debug|x64.Build.0 = Debug|x64
		{FD829F99-4BEA-41B5-AC85-5E74148E7D6D}.Debug|x86.ActiveCfg = Debug|Win32
		{FD829F99-4BEA-41B5-AC85-5E74148E7D6D}.Debug|x86.Build.0 = Debug|Win32
		{FD829F99-4BEA-41B5-AC85-5E74148E7D6D}.Release|x64.ActiveCfg = Release|x64
		{FD829F99-4BEA-41B5-AC85-5E74148E7D6D}.Release|x64.Build.0 = Release|x64
		{FD829F99-4BEA-41B5-AC85-5E74148E7D6D}.Release|x86.ActiveCfg = Release|Win32
		{FD829F99-4BEA-41B5-AC85-5E74148E7D6D}.Release|x86.Build.0 = Release|Win32
		{94A2090A-846C-4429-87EB-61C0D1DCF309}.Debug|x64.ActiveCfg = Debug|x64
		{94A2090A-846C-4429-87EB-61C0D1DCF309}.Debug|x64.Build.0 = Debug|x64
		{94A2090A-846C-4429-87EB-61C0D1DCF309}.Debug|x86.ActiveCfg = Debug|Win32
		{94A2090A-846C-4429-87EB-61C0D1DCF309}.Debug|x86.Build.0 = Debug|Win32
		{94A2090A-846C-4429-87EB-61C0D1DCF309}.Release|x64.ActiveCfg = Release|x64
		{94A2090A-846C-4429-87EB-61C0D1DCF309}.Release|x64.Build.0 = Release|x64
		{94A2090A-846C-4429-87EB-61C0D1DCF309}.Release|x86.ActiveCfg = Release|Win32
		{94A2090A-846C-4429-87EB-61C0D1DCF309}.Release|x86.Build.0 = Release|Win32
		{CCADC299-D6F1-489F-81F3-F496A193B7E2}.Debug|x64.ActiveCfg = Debug|x64
		{CCADC299-D6F1-489F-81F3-F496A193B7E2}.Debug|x64.Build.0 = Debug|x64
		{CCADC299-D6F1-489F-81F3-F496A193B7E2}.Debug|x86.ActiveCfg = Debug|Win32
		{CCADC299-D6F1-489F-81F3-F496A193B7E2}.Debug|x86.Build.0 = Debug|Win32
		{CCADC299-D6F1-489F-81F3-F496A193B7E2}.Release|x64.ActiveCfg = Release|x64
		{CCADC299-D6F1-489F-81F3-F496A193B7E2}.Release|x64.Build.0 = Release|x64
		{CCADC299-D6F1-489F-81F3-F496A193B7E2}.Release|x86.ActiveCfg = Release|Win32
		{CCADC299-D6F1-489F-81F3-F496A193B7E2}.Release|x86.Build.0 = Release|Win32
		{2C73E7CA-51C5-48A2-AC21-0ECB6333E12B}.Debug|x64.ActiveCfg = Debug|x64
		{2C73E7CA-51C5-48A2-AC21-0ECB6333E12B}.Debug|x64.Build.0 = Debug|x64
		{2C73E7CA-51C5-48A2-AC21-0ECB6333E12B}.Debug|x86.ActiveCfg = Debug|Win32
		{2C73E7CA-51C5-48A2-AC21-0ECB6333E12B}.Debug|x86.Build.0 = Debug|Win32
		{2C73E7CA-51C5-48A2-AC21-0ECB6333E12B}.Release|x64.ActiveCfg = Release|x64
		{2C73E7CA-51C5-48A2-AC21-0ECB6333E12B}.Release|x64.Build.0 = Release|x64
		{2C73E7CA-51C5-48A2-AC21-0ECB6333E12B}.Release|x86.ActiveCfg = Release|Win32
		{2C73E7CA-51C5-48A2-AC21-0ECB6333E12B}.Release|x86.Build.0 = Release|Win32
		{C4E33FB8-F9AA-4726-8C86-0CEF8A73AB56}.Debug|x64.ActiveCfg = Debug|x64
		{C4E33FB8-F9AA-4726-8C86-0CEF8A73AB56}.Debug|x64.Build.0 = Debug|x64
		{C4E33FB8-F9AA-4726-8C86-0CEF8A73AB56}.Debug|x86.ActiveCfg = Debug|Win32
		{C4E33FB8-F9AA-4726-8C86-0CEF8A73AB56}.Debug|x86.Build.0 = Debug|Win32
		{C4E33FB8-F9AA-4726-8C86-0CEF8A73AB56}.Release|x64.ActiveCfg = Release|x64
		{C4E33FB8-F9AA-4726-8C86-0CEF8A73AB56}.Release|x64.Build.0 = Release|x64
		{C4E33FB8-F9AA-4726-8C86-0CEF8A73AB56}.Release|x86.ActiveCfg = Release|Win32
		{C4E33FB8-F9AA-4726-8C86-0CEF8A73AB56}.Release|x86.Build.0 = Release|Win32
		{A6258703-363B-4F9F-B4E6-4248B59BB507}.Debug|x64.ActiveCfg = Debug|x64
		{A6258703-363B-4F9F-B4E6-4248B59BB507}.Debug|x64.Build.0 = Debug|x64
		{A6258703-363B-4F9F-B4E6-4248B59BB507}.Debug|x86.ActiveCfg = Debug|Win32
		{A6258703-363B-4F9F-B4E6-4248B59BB507}.Debug|x86.Build.0 = Debug|Win32
		{A6258703-363B-4F9F-B4E6-4248B59BB507}.Release|x64.ActiveCfg = Release|x64
		{A6258703-363B-4F9F-B4E6-4248B59BB507}.Release|x64.Build.0 = Release|x64
		{A6258703-363B-4F9F-B4E6-4248B59BB507}.Release|x86.ActiveCfg = Release|Win32
		{A6258703-363B-4F9F-B4E6-4248B59BB507}.Release|x86.Build.0 = Release|Win32
		{A55A71E7-BCDC-4DB1-9643-6CF23C3DFD95}.Debug|x64.ActiveCfg = Debug|x64
		{A55A71E7-BCDC-4DB1-9643-6CF23C3DFD95}.Debug|x64.Build.0 = Debug|x64
		{A55A71E7-BCDC-4DB1-9643-6CF23C3DFD95}.Debug|x86.ActiveCfg = Debug|Win32
		{A55A71E7-BCDC-4DB1-9643-6CF23C3DFD95}.Debug|x86.Build.0 = Debug|Win32
		{A55A71E7-BCDC-4DB1-9643-6CF23C3DFD95}.Release|x64.ActiveCfg = Release|x64
		{A55A71E7-BCDC-4DB1-9643-6CF23C3DFD95}.Release|x64.Build.0 = Release|x64
		{A55A71E7-BCDC-4DB1-9643-6CF23C3DFD95}.Release|x86.ActiveCfg = Release|Win32
		{A55A71E7-BCDC-4DB1-9643-6CF23C3DFD95}.Release|x86.Build.0 = Release|Win32
		{21D1B0C4-A790-41FC-86FB-9C2FA7885B8E}.Debug|x64.ActiveCfg = Debug|x64
		{21D1B0C4-A790-41FC-86FB-9C2FA7885B8E}.Debug|x64.Build.0 = Debug|x64
		{21D1B0C4-A790-41FC-86FB-9C2FA7885B8E}.Debug|x86.ActiveCfg = Debug|Win32
		{21D1B0C4-A790-41FC-86FB-9C2FA7885B8E}.Debug|x86.Build.0 = Debug|Win32
		{21D1B0C4-A790-41FC-86FB-9C2FA7885B8E}.Release|x64.ActiveCfg = Release|x64
		{21D1B0C4-A790-41FC-86FB-9C2FA7885B8E}.Release|x64.Build.0 = Release|x64
		{21D1B0C4-A790-41FC-86FB-9C2FA7885B8E}.Release|x86.ActiveCfg = Release|Win32
		{21D1B0C4-A790-41FC-86FB-9C2FA7885B8E}.Release|x86.Build.0 = Release|Win32
	EndGlobalSection
	GlobalSection(SolutionProperties) = preSolution
		HideSolutionNode = FALSE
	EndGlobalSection
	GlobalSection(NestedProjects) = preSolution
		{7B1A93DA-F28A-4A86-A81A-33C66E3E318F} = {1A750ACF-1F72-46D4-9B2F-B5CE62398DB7}
		{4FE8D57F-F9D2-47B5-8A50-7BC25B353893} = {1A750ACF-1F72-46D4-9B2F-B5CE62398DB7}
		{D049442B-B8EF-4D9D-9693-1AB5F66BDB5E} = {1A750ACF-1F72-46D4-9B2F-B5CE62398DB7}
		{F40FDB7E-2A7E-4BD9-B1FA-D4A3F366B9FF} = {1A750ACF-1F72-46D4-9B2F-B5CE62398DB7}
		{E2ABEED1-CF21-4872-89D1-CA7F10B3BC97} = {EBDF24EF-DEAE-47F3-8360-DF67E65C66F2}
		{A05632F2-D9F7-435E-8310-47B140468BC3} = {945A6EBD-8771-481C-9B34-977B07DA0C4D}
		{EE785C1A-646C-4059-AEC7-A02A3E569629} = {945A6EBD-8771-481C-9B34-977B07DA0C4D}
		{D5382523-E296-4757-A677-262D89789B11} = {945A6EBD-8771-481C-9B34-977B07DA0C4D}
		{15BC5AF4-79BB-46EA-A2FC-2DEFEDC722E0} = {1A750ACF-1F72-46D4-9B2F-B5CE62398DB7}
		{6F4D8011-5728-46A9-AD38-A5E66A258ADA} = {945A6EBD-8771-481C-9B34-977B07DA0C4D}
		{DCD707D8-05F5-46FB-9F90-EBA3DC170A9E} = {1A750ACF-1F72-46D4-9B2F-B5CE62398DB7}
		{AFDE2071-428D-445C-9704-E4B8A8D79FE3} = {1A750ACF-1F72-46D4-9B2F-B5CE62398DB7}
		{4442EE71-1503-49A1-B3B7-6905DB8025FA} = {945A6EBD-8771-481C-9B34-977B07DA0C4D}
		{FC269EE2-3129-47BC-891F-DED0F20EFEC4} = {1A750ACF-1F72-46D4-9B2F-B5CE62398DB7}
		{F326198C-89CC-495C-9054-768A5A76E083} = {1A750ACF-1F72-46D4-9B2F-B5CE62398DB7}
		{B58F6E8C-646A-4825-B475-065921E784E6} = {1A750ACF-1F72-46D4-9B2F-B5CE62398DB7}
		{2836656B-23DD-4410-8044-326E7A9A0928} = {1A750ACF-1F72-46D4-9B2F-B5CE62398DB7}
		{C4A05F73-3787-4BEB-B89C-614F980F250C} = {1A750ACF-1F72-46D4-9B2F-B5CE62398DB7}
		{B655D51E-3192-4188-A689-FE91774CCDD8} = {1A750ACF-1F72-46D4-9B2F-B5CE62398DB7}
		{CAA47BFA-254A-42A2-B902-6F770E9D22D8} = {1A750ACF-1F72-46D4-9B2F-B5CE62398DB7}
		{5C48AA6B-5B96-485F-B685-B01209895B2F} = {1A750ACF-1F72-46D4-9B2F-B5CE62398DB7}
		{42DD22CC-1D77-4191-9A4E-2B4FF9972A07} = {1A750ACF-1F72-46D4-9B2F-B5CE62398DB7}
		{22601004-4E9E-4E25-8825-D0F587230D59} = {1A750ACF-1F72-46D4-9B2F-B5CE62398DB7}
		{C6AA4FDF-ED05-46A9-B6C2-5B742E7ADA01} = {1A750ACF-1F72-46D4-9B2F-B5CE62398DB7}
		{4E5B56B3-96AD-449E-BE61-FFE1603505C4} = {1A750ACF-1F72-46D4-9B2F-B5CE62398DB7}
		{C0905333-144E-4D96-9FF0-D9AC23D595F9} = {1A750ACF-1F72-46D4-9B2F-B5CE62398DB7}
		{8133D18F-B461-4E32-A1EB-DBBD96273576} = {1A750ACF-1F72-46D4-9B2F-B5CE62398DB7}
		{584E11BA-5A29-4D59-B9E6-21A89E81693B} = {1A750ACF-1F72-46D4-9B2F-B5CE62398DB7}
		{4E728B54-FCD7-463C-A175-41E0A6CC1173} = {1A750ACF-1F72-46D4-9B2F-B5CE62398DB7}
		{FD829F99-4BEA-41B5-AC85-5E74148E7D6D} = {1A750ACF-1F72-46D4-9B2F-B5CE62398DB7}
		{94A2090A-846C-4429-87EB-61C0D1DCF309} = {1A750ACF-1F72-46D4-9B2F-B5CE62398DB7}
		{CCADC299-D6F1-489F-81F3-F496A193B7E2} = {1A750ACF-1F72-46D4-9B2F-B5CE62398DB7}
		{2C73E7CA-51C5-48A2-AC21-0ECB6333E12B} = {1A750ACF-1F72-46D4-9B2F-B5CE62398DB7}
		{C4E33FB8-F9AA-4726-8C86-0CEF8A73AB56} = {1A750ACF-1F72-46D4-9B2F-B5CE62398DB7}
		{A6258703-363B-4F9F-B4E6-4248B59BB507} = {1A750ACF-1F72-46D4-9B2F-B5CE62398DB7}
		{A55A71E7-BCDC-4DB1-9643-6CF23C3DFD95} = {945A6EBD-8771-481C-9B34-977B07DA0C4D}
		{21D1B0C4-A790-41FC-86FB-9C2FA7885B8E} = {1A750ACF-1F72-46D4-9B2F-B5CE62398DB7}
	EndGlobalSection
EndGlobal
