<?xml version="1.0" encoding="utf-8"?>
<Project ToolsVersion="4.0" xmlns="http://schemas.microsoft.com/developer/msbuild/2003">
  <ItemGroup>
    <Filter Include="Source Files">
      <UniqueIdentifier>{4FC737F1-C7A5-4376-A066-2A32D752A2FF}</UniqueIdentifier>
      <Extensions>cpp;c;cc;cxx;def;odl;idl;hpj;bat;asm;asmx</Extensions>
    </Filter>
    <Filter Include="Header Files">
      <UniqueIdentifier>{93995380-89BD-4b04-88EB-625FBE52EBFB}</UniqueIdentifier>
      <Extensions>h;hh;hpp;hxx;hm;inl;inc;xsd</Extensions>
    </Filter>
    <Filter Include="Resource Files">
      <UniqueIdentifier>{67DA6AB6-F800-4c08-8B7A-83BB121AAD01}</UniqueIdentifier>
      <Extensions>rc;ico;cur;bmp;dlg;rc2;rct;bin;rgs;gif;jpg;jpeg;jpe;resx;tiff;tif;png;wav;mfcribbon-ms</Extensions>
    </Filter>
    <Filter Include="Render">
      <UniqueIdentifier>{44a33143-de09-4f31-867f-a87835ac4496}</UniqueIdentifier>
    </Filter>
    <Filter Include="Render\ogl">
      <UniqueIdentifier>{d3436d66-fbed-419f-a774-44dff6dfe8bf}</UniqueIdentifier>
    </Filter>
    <Filter Include="Render\d3d">
      <UniqueIdentifier>{06244792-cc87-48b8-ae05-eda94e8b1bd9}</UniqueIdentifier>
    </Filter>
    <Filter Include="Render\render">
      <UniqueIdentifier>{36f7ce1a-616c-4aa4-8f1d-2d3b61f9e9a6}</UniqueIdentifier>
    </Filter>
    <Filter Include="Render\mgr">
      <UniqueIdentifier>{524e2c93-ab62-40ee-80cd-7280abc21a3c}</UniqueIdentifier>
    </Filter>
    <Filter Include="Render\model">
      <UniqueIdentifier>{21f1832e-06f0-454a-b758-95353b7edd15}</UniqueIdentifier>
    </Filter>
  </ItemGroup>
  <ItemGroup>
    <FxCompile Include="cubemap.psh">
      <Filter>Resource Files</Filter>
    </FxCompile>
    <FxCompile Include="cubemap.vsh">
      <Filter>Resource Files</Filter>
    </FxCompile>
    <FxCompile Include="model.vsh">
      <Filter>Resource Files</Filter>
    </FxCompile>
    <FxCompile Include="model.psh">
      <Filter>Resource Files</Filter>
    </FxCompile>
  </ItemGroup>
  <ItemGroup>
    <ClInclude Include="Common.h">
      <Filter>Header Files</Filter>
    </ClInclude>
    <ClInclude Include="d3d11Render.h">
      <Filter>Header Files</Filter>
    </ClInclude>
    <ClInclude Include="..\..\include\ogl\oglApp.h">
      <Filter>Render\ogl</Filter>
    </ClInclude>
    <ClInclude Include="..\..\include\ogl\oglCamera.h">
      <Filter>Render\ogl</Filter>
    </ClInclude>
    <ClInclude Include="..\..\include\ogl\oglContext.h">
      <Filter>Render\ogl</Filter>
    </ClInclude>
    <ClInclude Include="..\..\include\ogl\oglFont.h">
      <Filter>Render\ogl</Filter>
    </ClInclude>
    <ClInclude Include="..\..\include\ogl\oglShader.h">
      <Filter>Render\ogl</Filter>
    </ClInclude>
    <ClInclude Include="..\..\include\ogl\win32App.h">
      <Filter>Render\ogl</Filter>
    </ClInclude>
    <ClInclude Include="..\..\include\d3d\d3dApp.h">
      <Filter>Render\d3d</Filter>
    </ClInclude>
    <ClInclude Include="..\..\include\d3d\d3dCamera.h">
      <Filter>Render\d3d</Filter>
    </ClInclude>
    <ClInclude Include="..\..\include\d3d\d3dFont.h">
      <Filter>Render\d3d</Filter>
    </ClInclude>
    <ClInclude Include="..\..\include\d3d\d3dShader.h">
      <Filter>Render\d3d</Filter>
    </ClInclude>
    <ClInclude Include="..\..\include\d3d\d3dx12.h">
      <Filter>Render\d3d</Filter>
    </ClInclude>
    <ClInclude Include="..\byhj-Render\app.h">
      <Filter>Render\render</Filter>
    </ClInclude>
    <ClInclude Include="..\byhj-Render\camera.h">
      <Filter>Render\render</Filter>
    </ClInclude>
    <ClInclude Include="..\byhj-Render\font.h">
      <Filter>Render\render</Filter>
    </ClInclude>
    <ClInclude Include="..\byhj-Render\gui.h">
      <Filter>Render\render</Filter>
    </ClInclude>
    <ClInclude Include="..\byhj-Render\object.h">
      <Filter>Render\render</Filter>
    </ClInclude>
    <ClInclude Include="..\byhj-Render\render.h">
      <Filter>Render\render</Filter>
    </ClInclude>
    <ClInclude Include="..\byhj-Render\root.h">
      <Filter>Render\render</Filter>
    </ClInclude>
    <ClInclude Include="..\byhj-Render\shader.h">
      <Filter>Render\render</Filter>
    </ClInclude>
    <ClInclude Include="..\byhj-Render\timer.h">
      <Filter>Render\render</Filter>
    </ClInclude>
    <ClInclude Include="..\byhj-Render\windowInfo.h">
      <Filter>Render\render</Filter>
    </ClInclude>
    <ClInclude Include="..\..\extern\DirectXTK\DDSTextureLoader.h">
      <Filter>Render\mgr</Filter>
    </ClInclude>
    <ClInclude Include="..\byhj-Render\fontMgr.h">
      <Filter>Render\mgr</Filter>
    </ClInclude>
    <ClInclude Include="..\byhj-Render\mgr.h">
      <Filter>Render\mgr</Filter>
    </ClInclude>
    <ClInclude Include="..\byhj-Render\modelMgr.h">
      <Filter>Render\mgr</Filter>
    </ClInclude>
    <ClInclude Include="..\byhj-Render\shaderMgr.h">
      <Filter>Render\mgr</Filter>
    </ClInclude>
    <ClInclude Include="..\byhj-Render\soundMgr.h">
      <Filter>Render\mgr</Filter>
    </ClInclude>
    <ClInclude Include="..\byhj-Render\textureMgr.h">
      <Filter>Render\mgr</Filter>
    </ClInclude>
    <ClInclude Include="..\byhj-Render\model.h">
      <Filter>Render\model</Filter>
    </ClInclude>
    <ClInclude Include="Skymap.h">
      <Filter>Header Files</Filter>
    </ClInclude>
    <ClInclude Include="MeshLoad.h">
      <Filter>Header Files</Filter>
    </ClInclude>
    <ClInclude Include="..\byhj-Render\oglMesh.h">
      <Filter>Render\model</Filter>
    </ClInclude>
    <ClInclude Include="..\byhj-Render\d3dMesh.h">
      <Filter>Render\model</Filter>
    </ClInclude>
    <ClInclude Include="..\byhj-Render\d3dModel.h">
      <Filter>Render\model</Filter>
    </ClInclude>
    <ClInclude Include="..\byhj-Render\oglModel.h">
      <Filter>Render\model</Filter>
    </ClInclude>
  </ItemGroup>
  <ItemGroup>
    <ClCompile Include="main.cpp">
      <Filter>Source Files</Filter>
    </ClCompile>
    <ClCompile Include="d3d11Render.cpp">
      <Filter>Header Files</Filter>
    </ClCompile>
    <ClCompile Include="..\..\include\ogl\oglApp.cpp">
      <Filter>Render\ogl</Filter>
    </ClCompile>
    <ClCompile Include="..\..\include\ogl\oglCamera.cpp">
      <Filter>Render\ogl</Filter>
    </ClCompile>
    <ClCompile Include="..\..\include\ogl\oglContext.cpp">
      <Filter>Render\ogl</Filter>
    </ClCompile>
    <ClCompile Include="..\..\include\ogl\oglFont.cpp">
      <Filter>Render\ogl</Filter>
    </ClCompile>
    <ClCompile Include="..\..\include\ogl\oglShader.cpp">
      <Filter>Render\ogl</Filter>
    </ClCompile>
    <ClCompile Include="..\..\include\ogl\win32App.cpp">
      <Filter>Render\ogl</Filter>
    </ClCompile>
    <ClCompile Include="..\..\include\d3d\d3dApp.cpp">
      <Filter>Render\d3d</Filter>
    </ClCompile>
    <ClCompile Include="..\..\include\d3d\d3dCamera.cpp">
      <Filter>Render\d3d</Filter>
    </ClCompile>
    <ClCompile Include="..\..\include\d3d\d3dFont.cpp">
      <Filter>Render\d3d</Filter>
    </ClCompile>
    <ClCompile Include="..\..\include\d3d\d3dShader.cpp">
      <Filter>Render\d3d</Filter>
    </ClCompile>
    <ClCompile Include="..\byhj-Render\app.cpp">
      <Filter>Render\render</Filter>
    </ClCompile>
    <ClCompile Include="..\byhj-Render\camera.cpp">
      <Filter>Render\render</Filter>
    </ClCompile>
    <ClCompile Include="..\byhj-Render\font.cpp">
      <Filter>Render\render</Filter>
    </ClCompile>
    <ClCompile Include="..\byhj-Render\gui.cpp">
      <Filter>Render\render</Filter>
    </ClCompile>
    <ClCompile Include="..\byhj-Render\object.cpp">
      <Filter>Render\render</Filter>
    </ClCompile>
    <ClCompile Include="..\byhj-Render\render.cpp">
      <Filter>Render\render</Filter>
    </ClCompile>
    <ClCompile Include="..\byhj-Render\root.cpp">
      <Filter>Render\render</Filter>
    </ClCompile>
    <ClCompile Include="..\byhj-Render\shader.cpp">
      <Filter>Render\render</Filter>
    </ClCompile>
    <ClCompile Include="..\byhj-Render\timer.cpp">
      <Filter>Render\render</Filter>
    </ClCompile>
    <ClCompile Include="..\byhj-Render\windowInfo.cpp">
      <Filter>Render\render</Filter>
    </ClCompile>
    <ClCompile Include="..\..\extern\DirectXTK\DDSTextureLoader.cpp">
      <Filter>Render\mgr</Filter>
    </ClCompile>
    <ClCompile Include="..\byhj-Render\fontMgr.cpp">
      <Filter>Render\mgr</Filter>
    </ClCompile>
    <ClCompile Include="..\byhj-Render\mgr.cpp">
      <Filter>Render\mgr</Filter>
    </ClCompile>
    <ClCompile Include="..\byhj-Render\modelMgr.cpp">
      <Filter>Render\mgr</Filter>
    </ClCompile>
    <ClCompile Include="..\byhj-Render\shaderMgr.cpp">
      <Filter>Render\mgr</Filter>
    </ClCompile>
    <ClCompile Include="..\byhj-Render\soundMgr.cpp">
      <Filter>Render\mgr</Filter>
    </ClCompile>
    <ClCompile Include="..\byhj-Render\textureMgr.cpp">
      <Filter>Render\mgr</Filter>
    </ClCompile>
    <ClCompile Include="..\byhj-Render\model.cpp">
      <Filter>Render\model</Filter>
    </ClCompile>
    <ClCompile Include="Skymap.cpp">
      <Filter>Header Files</Filter>
    </ClCompile>
    <ClCompile Include="MeshLoad.cpp">
      <Filter>Header Files</Filter>
    </ClCompile>
    <ClCompile Include="..\byhj-Render\oglMesh.cpp">
      <Filter>Render\model</Filter>
    </ClCompile>
    <ClCompile Include="..\byhj-Render\d3dMesh.cpp">
      <Filter>Render\model</Filter>
    </ClCompile>
    <ClCompile Include="..\byhj-Render\d3dModel.cpp">
      <Filter>Render\model</Filter>
    </ClCompile>
    <ClCompile Include="..\byhj-Render\oglModel.cpp">
      <Filter>Render\model</Filter>
    </ClCompile>
  </ItemGroup>
</Project>