<?xml version="1.0" encoding="utf-8"?>
<Project ToolsVersion="4.0" xmlns="http://schemas.microsoft.com/developer/msbuild/2003">
  <ItemGroup>
    <Filter Include="source">
      <UniqueIdentifier>{4FC737F1-C7A5-4376-A066-2A32D752A2FF}</UniqueIdentifier>
      <Extensions>cpp;c;cc;cxx;def;odl;idl;hpj;bat;asm;asmx</Extensions>
    </Filter>
    <Filter Include="render">
      <UniqueIdentifier>{0e9a830d-7d95-43c2-b2ff-11ecbf1af75b}</UniqueIdentifier>
    </Filter>
    <Filter Include="render\sky">
      <UniqueIdentifier>{84291d98-ebc1-44aa-aaeb-d1837a72930d}</UniqueIdentifier>
    </Filter>
    <Filter Include="render\shader">
      <UniqueIdentifier>{67DA6AB6-F800-4c08-8B7A-83BB121AAD01}</UniqueIdentifier>
      <Extensions>rc;ico;cur;bmp;dlg;rc2;rct;bin;rgs;gif;jpg;jpeg;jpe;resx;tiff;tif;png;wav;mfcribbon-ms</Extensions>
    </Filter>
    <Filter Include="render\ogl">
      <UniqueIdentifier>{f89919cf-851b-4ad7-acd8-59f0bfb06146}</UniqueIdentifier>
    </Filter>
    <Filter Include="render\model">
      <UniqueIdentifier>{15ce8e67-0584-4af0-8a11-36419ee1ff6a}</UniqueIdentifier>
    </Filter>
    <Filter Include="render\mgr">
      <UniqueIdentifier>{fd6904ea-1519-4050-bbbc-b2f6cdc5edaf}</UniqueIdentifier>
    </Filter>
    <Filter Include="render\d3d">
      <UniqueIdentifier>{b786a5b9-10c3-4bbe-8b97-bebc2c241645}</UniqueIdentifier>
    </Filter>
    <Filter Include="render\camera">
      <UniqueIdentifier>{e1299956-5a0a-4d24-b49a-565b6ce1bd14}</UniqueIdentifier>
    </Filter>
    <Filter Include="render\gui">
      <UniqueIdentifier>{72f8406b-0806-4fca-8130-9b1d15257d4c}</UniqueIdentifier>
    </Filter>
    <Filter Include="render\include">
      <UniqueIdentifier>{93995380-89BD-4b04-88EB-625FBE52EBFB}</UniqueIdentifier>
      <Extensions>h;hh;hpp;hxx;hm;inl;inc;xsd</Extensions>
    </Filter>
  </ItemGroup>
  <ItemGroup>
    <ClInclude Include="..\..\include\ogl\oglApp.h">
      <Filter>render\ogl</Filter>
    </ClInclude>
    <ClInclude Include="..\..\include\d3d\d3dApp.h">
      <Filter>render\d3d</Filter>
    </ClInclude>
    <ClInclude Include="object.h">
      <Filter>render\include</Filter>
    </ClInclude>
    <ClInclude Include="soundMgr.h">
      <Filter>render\mgr</Filter>
    </ClInclude>
    <ClInclude Include="textureMgr.h">
      <Filter>render\mgr</Filter>
    </ClInclude>
    <ClInclude Include="shaderMgr.h">
      <Filter>render\mgr</Filter>
    </ClInclude>
    <ClInclude Include="resourceMgr.h">
      <Filter>render\mgr</Filter>
    </ClInclude>
    <ClInclude Include="modelMgr.h">
      <Filter>render\mgr</Filter>
    </ClInclude>
    <ClInclude Include="mgr.h">
      <Filter>render\mgr</Filter>
    </ClInclude>
    <ClInclude Include="..\..\include\ogl\oglShader.h">
      <Filter>render\ogl</Filter>
    </ClInclude>
    <ClInclude Include="..\..\include\d3d\d3dShader.h">
      <Filter>render\d3d</Filter>
    </ClInclude>
    <ClInclude Include="timer.h">
      <Filter>render\include</Filter>
    </ClInclude>
    <ClInclude Include="..\..\include\d3d\d3dFont.h">
      <Filter>render\d3d</Filter>
    </ClInclude>
    <ClInclude Include="..\..\include\ogl\oglFont.h">
      <Filter>render\ogl</Filter>
    </ClInclude>
    <ClInclude Include="bitmap.h">
      <Filter>render\include</Filter>
    </ClInclude>
    <ClInclude Include="terrain.h">
      <Filter>render\include</Filter>
    </ClInclude>
    <ClInclude Include="..\..\include\d3d\dxutHelper.h">
      <Filter>render\d3d</Filter>
    </ClInclude>
    <ClInclude Include="..\..\include\d3d\effectHelper.h">
      <Filter>render\d3d</Filter>
    </ClInclude>
    <ClInclude Include="..\..\include\d3d\d3dCamera.h">
      <Filter>render\d3d</Filter>
    </ClInclude>
    <ClInclude Include="..\..\include\d3d\d3dBitmap.h">
      <Filter>render\d3d</Filter>
    </ClInclude>
    <ClInclude Include="fontMgr.h">
      <Filter>render\mgr</Filter>
    </ClInclude>
    <ClInclude Include="font.h">
      <Filter>render\include</Filter>
    </ClInclude>
    <ClInclude Include="app.h">
      <Filter>render\include</Filter>
    </ClInclude>
    <ClInclude Include="render.h">
      <Filter>render\include</Filter>
    </ClInclude>
    <ClInclude Include="root.h">
      <Filter>render\include</Filter>
    </ClInclude>
    <ClInclude Include="gui.h">
      <Filter>render\gui</Filter>
    </ClInclude>
    <ClInclude Include="sky.h">
      <Filter>render\sky</Filter>
    </ClInclude>
    <ClInclude Include="skyBox.h">
      <Filter>render\sky</Filter>
    </ClInclude>
    <ClInclude Include="skyPlane.h">
      <Filter>render\sky</Filter>
    </ClInclude>
    <ClInclude Include="skyDome.h">
      <Filter>render\sky</Filter>
    </ClInclude>
    <ClInclude Include="camera.h">
      <Filter>render\camera</Filter>
    </ClInclude>
    <ClInclude Include="shader.h">
      <Filter>render\shader</Filter>
    </ClInclude>
    <ClInclude Include="model.h">
      <Filter>render\model</Filter>
    </ClInclude>
    <ClInclude Include="mesh.h">
      <Filter>render\model</Filter>
    </ClInclude>
    <ClInclude Include="geometry.h">
      <Filter>render\model</Filter>
    </ClInclude>
  </ItemGroup>
  <ItemGroup>
    <ClCompile Include="..\..\include\ogl\oglApp.cpp">
      <Filter>render\ogl</Filter>
    </ClCompile>
    <ClCompile Include="..\..\include\d3d\d3dApp.cpp">
      <Filter>render\d3d</Filter>
    </ClCompile>
    <ClCompile Include="object.cpp">
      <Filter>render\include</Filter>
    </ClCompile>
    <ClCompile Include="textureMgr.cpp">
      <Filter>render\mgr</Filter>
    </ClCompile>
    <ClCompile Include="shaderMgr.cpp">
      <Filter>render\mgr</Filter>
    </ClCompile>
    <ClCompile Include="soundMgr.cpp">
      <Filter>render\mgr</Filter>
    </ClCompile>
    <ClCompile Include="resourceMgr.cpp">
      <Filter>render\mgr</Filter>
    </ClCompile>
    <ClCompile Include="modelMgr.cpp">
      <Filter>render\mgr</Filter>
    </ClCompile>
    <ClCompile Include="mgr.cpp">
      <Filter>render\mgr</Filter>
    </ClCompile>
    <ClCompile Include="..\..\include\ogl\oglShader.cpp">
      <Filter>render\ogl</Filter>
    </ClCompile>
    <ClCompile Include="..\..\include\d3d\d3dShader.cpp">
      <Filter>render\d3d</Filter>
    </ClCompile>
    <ClCompile Include="timer.cpp">
      <Filter>render\include</Filter>
    </ClCompile>
    <ClCompile Include="..\..\include\d3d\d3dFont.cpp">
      <Filter>render\d3d</Filter>
    </ClCompile>
    <ClCompile Include="..\..\include\ogl\oglFont.cpp">
      <Filter>render\ogl</Filter>
    </ClCompile>
    <ClCompile Include="bitmap.cpp">
      <Filter>render\include</Filter>
    </ClCompile>
    <ClCompile Include="terrain.cpp">
      <Filter>render\include</Filter>
    </ClCompile>
    <ClCompile Include="..\..\include\d3d\effectHelper.cpp">
      <Filter>render\d3d</Filter>
    </ClCompile>
    <ClCompile Include="..\..\include\d3d\dxutHelper.cpp">
      <Filter>render\d3d</Filter>
    </ClCompile>
    <ClCompile Include="..\..\include\d3d\d3dCamera.cpp">
      <Filter>render\d3d</Filter>
    </ClCompile>
    <ClCompile Include="..\..\include\d3d\d3dBitmap.cpp">
      <Filter>render\d3d</Filter>
    </ClCompile>
    <ClCompile Include="fontMgr.cpp">
      <Filter>render\mgr</Filter>
    </ClCompile>
    <ClCompile Include="font.cpp">
      <Filter>render\include</Filter>
    </ClCompile>
    <ClCompile Include="app.cpp">
      <Filter>render\include</Filter>
    </ClCompile>
    <ClCompile Include="render.cpp">
      <Filter>render\include</Filter>
    </ClCompile>
    <ClCompile Include="root.cpp">
      <Filter>render\include</Filter>
    </ClCompile>
    <ClCompile Include="gui.cpp">
      <Filter>render\gui</Filter>
    </ClCompile>
    <ClCompile Include="skyBox.cpp">
      <Filter>render\sky</Filter>
    </ClCompile>
    <ClCompile Include="sky.cpp">
      <Filter>render\sky</Filter>
    </ClCompile>
    <ClCompile Include="skyDemo.cpp">
      <Filter>render\sky</Filter>
    </ClCompile>
    <ClCompile Include="skyPlane.cpp">
      <Filter>render\sky</Filter>
    </ClCompile>
    <ClCompile Include="camera.cpp">
      <Filter>render\camera</Filter>
    </ClCompile>
    <ClCompile Include="shader.cpp">
      <Filter>render\shader</Filter>
    </ClCompile>
    <ClCompile Include="model.cpp">
      <Filter>render\model</Filter>
    </ClCompile>
    <ClCompile Include="mesh.cpp">
      <Filter>render\model</Filter>
    </ClCompile>
    <ClCompile Include="geometry.cpp">
      <Filter>render\model</Filter>
    </ClCompile>
  </ItemGroup>
</Project>