<?xml version="1.0" encoding="utf-8"?>
<Project ToolsVersion="4.0" xmlns="http://schemas.microsoft.com/developer/msbuild/2003">
  <ItemGroup>
    <Filter Include="Source Files">
      <UniqueIdentifier>{4FC737F1-C7A5-4376-A066-2A32D752A2FF}</UniqueIdentifier>
      <Extensions>cpp;c;cc;cxx;def;odl;idl;hpj;bat;asm;asmx</Extensions>
    </Filter>
    <Filter Include="Header Files">
      <UniqueIdentifier>{93995380-89BD-4b04-88EB-625FBE52EBFB}</UniqueIdentifier>
      <Extensions>h;hh;hpp;hxx;hm;inl;inc;xsd</Extensions>
    </Filter>
    <Filter Include="Resource Files">
      <UniqueIdentifier>{67DA6AB6-F800-4c08-8B7A-83BB121AAD01}</UniqueIdentifier>
      <Extensions>rc;ico;cur;bmp;dlg;rc2;rct;bin;rgs;gif;jpg;jpeg;jpe;resx;tiff;tif;png;wav;mfcribbon-ms</Extensions>
    </Filter>
    <Filter Include="Render">
      <UniqueIdentifier>{357b5434-5659-40bc-aa21-fff761f0e3ba}</UniqueIdentifier>
    </Filter>
    <Filter Include="Render\ogl">
      <UniqueIdentifier>{03c89077-efc6-41b4-a490-832b6e4366a7}</UniqueIdentifier>
    </Filter>
    <Filter Include="Render\d3d">
      <UniqueIdentifier>{63ee15b3-10ee-4ab0-a9d7-b0eddd9b16fc}</UniqueIdentifier>
    </Filter>
    <Filter Include="Render\render">
      <UniqueIdentifier>{1af9d8bf-8229-4d33-ab4c-5474cbb1b33a}</UniqueIdentifier>
    </Filter>
    <Filter Include="Render\mgr">
      <UniqueIdentifier>{03ca3d2b-10f5-4433-9dbf-c700d6ac277a}</UniqueIdentifier>
    </Filter>
    <Filter Include="Render\model">
      <UniqueIdentifier>{2c221310-5050-4d46-9862-a74990f51953}</UniqueIdentifier>
    </Filter>
  </ItemGroup>
  <ItemGroup>
    <ClCompile Include="..\..\include\ogl\oglApp.cpp">
      <Filter>Render\ogl</Filter>
    </ClCompile>
    <ClCompile Include="..\..\include\ogl\oglCamera.cpp">
      <Filter>Render\ogl</Filter>
    </ClCompile>
    <ClCompile Include="..\..\include\ogl\oglFont.cpp">
      <Filter>Render\ogl</Filter>
    </ClCompile>
    <ClCompile Include="..\..\include\ogl\oglShader.cpp">
      <Filter>Render\ogl</Filter>
    </ClCompile>
    <ClCompile Include="..\byhj-Render\app.cpp">
      <Filter>Render\render</Filter>
    </ClCompile>
    <ClCompile Include="..\byhj-Render\camera.cpp">
      <Filter>Render\render</Filter>
    </ClCompile>
    <ClCompile Include="..\byhj-Render\font.cpp">
      <Filter>Render\render</Filter>
    </ClCompile>
    <ClCompile Include="..\byhj-Render\gui.cpp">
      <Filter>Render\render</Filter>
    </ClCompile>
    <ClCompile Include="..\byhj-Render\object.cpp">
      <Filter>Render\render</Filter>
    </ClCompile>
    <ClCompile Include="..\byhj-Render\render.cpp">
      <Filter>Render\render</Filter>
    </ClCompile>
    <ClCompile Include="..\byhj-Render\root.cpp">
      <Filter>Render\render</Filter>
    </ClCompile>
    <ClCompile Include="..\byhj-Render\shader.cpp">
      <Filter>Render\render</Filter>
    </ClCompile>
    <ClCompile Include="..\byhj-Render\timer.cpp">
      <Filter>Render\render</Filter>
    </ClCompile>
    <ClCompile Include="..\byhj-Render\windowInfo.cpp">
      <Filter>Render\render</Filter>
    </ClCompile>
    <ClCompile Include="..\byhj-Render\fontMgr.cpp">
      <Filter>Render\mgr</Filter>
    </ClCompile>
    <ClCompile Include="..\byhj-Render\mgr.cpp">
      <Filter>Render\mgr</Filter>
    </ClCompile>
    <ClCompile Include="..\byhj-Render\modelMgr.cpp">
      <Filter>Render\mgr</Filter>
    </ClCompile>
    <ClCompile Include="..\byhj-Render\shaderMgr.cpp">
      <Filter>Render\mgr</Filter>
    </ClCompile>
    <ClCompile Include="..\byhj-Render\textureMgr.cpp">
      <Filter>Render\mgr</Filter>
    </ClCompile>
    <ClCompile Include="..\byhj-Render\mesh.cpp">
      <Filter>Render\model</Filter>
    </ClCompile>
    <ClCompile Include="..\byhj-Render\model.cpp">
      <Filter>Render\model</Filter>
    </ClCompile>
    <ClCompile Include="oglRender.cpp">
      <Filter>Header Files</Filter>
    </ClCompile>
    <ClCompile Include="fur.cpp">
      <Filter>Header Files</Filter>
    </ClCompile>
    <ClCompile Include="main.cpp">
      <Filter>Source Files</Filter>
    </ClCompile>
    <ClCompile Include="..\byhj-Render\utility.cpp">
      <Filter>Render\render</Filter>
    </ClCompile>
  </ItemGroup>
  <ItemGroup>
    <ClInclude Include="..\..\include\ogl\oglApp.h">
      <Filter>Render\ogl</Filter>
    </ClInclude>
    <ClInclude Include="..\..\include\ogl\oglCamera.h">
      <Filter>Render\ogl</Filter>
    </ClInclude>
    <ClInclude Include="..\..\include\ogl\oglFont.h">
      <Filter>Render\ogl</Filter>
    </ClInclude>
    <ClInclude Include="..\..\include\ogl\oglShader.h">
      <Filter>Render\ogl</Filter>
    </ClInclude>
    <ClInclude Include="..\byhj-Render\app.h">
      <Filter>Render\render</Filter>
    </ClInclude>
    <ClInclude Include="..\byhj-Render\camera.h">
      <Filter>Render\render</Filter>
    </ClInclude>
    <ClInclude Include="..\byhj-Render\font.h">
      <Filter>Render\render</Filter>
    </ClInclude>
    <ClInclude Include="..\byhj-Render\gui.h">
      <Filter>Render\render</Filter>
    </ClInclude>
    <ClInclude Include="..\byhj-Render\object.h">
      <Filter>Render\render</Filter>
    </ClInclude>
    <ClInclude Include="..\byhj-Render\render.h">
      <Filter>Render\render</Filter>
    </ClInclude>
    <ClInclude Include="..\byhj-Render\root.h">
      <Filter>Render\render</Filter>
    </ClInclude>
    <ClInclude Include="..\byhj-Render\shader.h">
      <Filter>Render\render</Filter>
    </ClInclude>
    <ClInclude Include="..\byhj-Render\timer.h">
      <Filter>Render\render</Filter>
    </ClInclude>
    <ClInclude Include="..\byhj-Render\windowInfo.h">
      <Filter>Render\render</Filter>
    </ClInclude>
    <ClInclude Include="..\byhj-Render\fontMgr.h">
      <Filter>Render\mgr</Filter>
    </ClInclude>
    <ClInclude Include="..\byhj-Render\mgr.h">
      <Filter>Render\mgr</Filter>
    </ClInclude>
    <ClInclude Include="..\byhj-Render\modelMgr.h">
      <Filter>Render\mgr</Filter>
    </ClInclude>
    <ClInclude Include="..\byhj-Render\shaderMgr.h">
      <Filter>Render\mgr</Filter>
    </ClInclude>
    <ClInclude Include="..\byhj-Render\textureMgr.h">
      <Filter>Render\mgr</Filter>
    </ClInclude>
    <ClInclude Include="..\byhj-Render\mesh.h">
      <Filter>Render\model</Filter>
    </ClInclude>
    <ClInclude Include="..\byhj-Render\model.h">
      <Filter>Render\model</Filter>
    </ClInclude>
    <ClInclude Include="oglRender.h">
      <Filter>Header Files</Filter>
    </ClInclude>
    <ClInclude Include="fur.h">
      <Filter>Header Files</Filter>
    </ClInclude>
    <ClInclude Include="..\byhj-Render\utility.h">
      <Filter>Render\render</Filter>
    </ClInclude>
  </ItemGroup>
  <ItemGroup>
    <None Include="fur.vert">
      <Filter>Resource Files</Filter>
    </None>
    <None Include="fur.frag">
      <Filter>Resource Files</Filter>
    </None>
    <None Include="fur.geom">
      <Filter>Resource Files</Filter>
    </None>
  </ItemGroup>
</Project>