<?xml version="1.0" encoding="utf-8"?>
<Project ToolsVersion="4.0" xmlns="http://schemas.microsoft.com/developer/msbuild/2003">
  <ItemGroup>
    <Filter Include="Source Files">
      <UniqueIdentifier>{4FC737F1-C7A5-4376-A066-2A32D752A2FF}</UniqueIdentifier>
      <Extensions>cpp;c;cc;cxx;def;odl;idl;hpj;bat;asm;asmx</Extensions>
    </Filter>
    <Filter Include="Header Files">
      <UniqueIdentifier>{93995380-89BD-4b04-88EB-625FBE52EBFB}</UniqueIdentifier>
      <Extensions>h;hh;hpp;hxx;hm;inl;inc;xsd</Extensions>
    </Filter>
    <Filter Include="Resource Files">
      <UniqueIdentifier>{67DA6AB6-F800-4c08-8B7A-83BB121AAD01}</UniqueIdentifier>
      <Extensions>rc;ico;cur;bmp;dlg;rc2;rct;bin;rgs;gif;jpg;jpeg;jpe;resx;tiff;tif;png;wav;mfcribbon-ms</Extensions>
    </Filter>
    <Filter Include="Render">
      <UniqueIdentifier>{587eca28-8126-4d54-9cf2-9c3331c39246}</UniqueIdentifier>
    </Filter>
    <Filter Include="Render\ogl">
      <UniqueIdentifier>{2f111c2e-9fa1-4725-8e9e-42c4c06fb6ce}</UniqueIdentifier>
    </Filter>
    <Filter Include="Render\d3d">
      <UniqueIdentifier>{966da09a-e093-4f61-8457-e507f1d5447c}</UniqueIdentifier>
    </Filter>
    <Filter Include="Render\render">
      <UniqueIdentifier>{7bd95195-b5be-4013-8eea-c56d98e51638}</UniqueIdentifier>
    </Filter>
    <Filter Include="Render\mgr">
      <UniqueIdentifier>{4d691d07-1331-4480-933e-7da46f287e74}</UniqueIdentifier>
    </Filter>
  </ItemGroup>
  <ItemGroup>
    <ClCompile Include="main.cpp">
      <Filter>Source Files</Filter>
    </ClCompile>
    <ClCompile Include="oglRender.cpp">
      <Filter>Header Files</Filter>
    </ClCompile>
    <ClCompile Include="Plane.cpp">
      <Filter>Header Files</Filter>
    </ClCompile>
    <ClCompile Include="..\..\include\ogl\oglApp.cpp">
      <Filter>Render\ogl</Filter>
    </ClCompile>
    <ClCompile Include="..\..\include\ogl\oglCamera.cpp">
      <Filter>Render\ogl</Filter>
    </ClCompile>
    <ClCompile Include="..\..\include\ogl\oglFTFont.cpp">
      <Filter>Render\ogl</Filter>
    </ClCompile>
    <ClCompile Include="..\..\include\ogl\oglMesh.cpp">
      <Filter>Render\ogl</Filter>
    </ClCompile>
    <ClCompile Include="..\..\include\ogl\oglModel.cpp">
      <Filter>Render\ogl</Filter>
    </ClCompile>
    <ClCompile Include="..\..\include\ogl\oglShader.cpp">
      <Filter>Render\ogl</Filter>
    </ClCompile>
    <ClCompile Include="..\..\include\d3d\d3dApp.cpp">
      <Filter>Render\d3d</Filter>
    </ClCompile>
    <ClCompile Include="..\..\include\d3d\d3dCamera.cpp">
      <Filter>Render\d3d</Filter>
    </ClCompile>
    <ClCompile Include="..\..\include\d3d\d3dFWFont.cpp">
      <Filter>Render\d3d</Filter>
    </ClCompile>
    <ClCompile Include="..\..\include\d3d\d3dMesh.cpp">
      <Filter>Render\d3d</Filter>
    </ClCompile>
    <ClCompile Include="..\..\include\d3d\d3dModel.cpp">
      <Filter>Render\d3d</Filter>
    </ClCompile>
    <ClCompile Include="..\..\include\d3d\d3dShader.cpp">
      <Filter>Render\d3d</Filter>
    </ClCompile>
    <ClCompile Include="..\..\include\d3d\d3dUtility.cpp">
      <Filter>Render\d3d</Filter>
    </ClCompile>
    <ClCompile Include="..\byhj-Render\app.cpp">
      <Filter>Render\render</Filter>
    </ClCompile>
    <ClCompile Include="..\byhj-Render\camera.cpp">
      <Filter>Render\render</Filter>
    </ClCompile>
    <ClCompile Include="..\byhj-Render\font.cpp">
      <Filter>Render\render</Filter>
    </ClCompile>
    <ClCompile Include="..\byhj-Render\gui.cpp">
      <Filter>Render\render</Filter>
    </ClCompile>
    <ClCompile Include="..\byhj-Render\object.cpp">
      <Filter>Render\render</Filter>
    </ClCompile>
    <ClCompile Include="..\byhj-Render\render.cpp">
      <Filter>Render\render</Filter>
    </ClCompile>
    <ClCompile Include="..\byhj-Render\root.cpp">
      <Filter>Render\render</Filter>
    </ClCompile>
    <ClCompile Include="..\byhj-Render\shader.cpp">
      <Filter>Render\render</Filter>
    </ClCompile>
    <ClCompile Include="..\byhj-Render\timer.cpp">
      <Filter>Render\render</Filter>
    </ClCompile>
    <ClCompile Include="..\byhj-Render\utility.cpp">
      <Filter>Render\render</Filter>
    </ClCompile>
    <ClCompile Include="..\byhj-Render\windowInfo.cpp">
      <Filter>Render\render</Filter>
    </ClCompile>
    <ClCompile Include="..\byhj-Render\mgr.cpp">
      <Filter>Render\mgr</Filter>
    </ClCompile>
    <ClCompile Include="..\byhj-Render\modelMgr.cpp">
      <Filter>Render\mgr</Filter>
    </ClCompile>
    <ClCompile Include="..\byhj-Render\shaderMgr.cpp">
      <Filter>Render\mgr</Filter>
    </ClCompile>
    <ClCompile Include="..\byhj-Render\soundMgr.cpp">
      <Filter>Render\mgr</Filter>
    </ClCompile>
    <ClCompile Include="..\byhj-Render\textureMgr.cpp">
      <Filter>Render\mgr</Filter>
    </ClCompile>
  </ItemGroup>
  <ItemGroup>
    <ClInclude Include="oglRender.h">
      <Filter>Header Files</Filter>
    </ClInclude>
    <ClInclude Include="Plane.h">
      <Filter>Header Files</Filter>
    </ClInclude>
    <ClInclude Include="..\..\include\ogl\oglApp.h">
      <Filter>Render\ogl</Filter>
    </ClInclude>
    <ClInclude Include="..\..\include\ogl\oglCamera.h">
      <Filter>Render\ogl</Filter>
    </ClInclude>
    <ClInclude Include="..\..\include\ogl\oglFTFont.h">
      <Filter>Render\ogl</Filter>
    </ClInclude>
    <ClInclude Include="..\..\include\ogl\oglMesh.h">
      <Filter>Render\ogl</Filter>
    </ClInclude>
    <ClInclude Include="..\..\include\ogl\oglModel.h">
      <Filter>Render\ogl</Filter>
    </ClInclude>
    <ClInclude Include="..\..\include\ogl\oglShader.h">
      <Filter>Render\ogl</Filter>
    </ClInclude>
    <ClInclude Include="..\..\include\d3d\d3dApp.h">
      <Filter>Render\d3d</Filter>
    </ClInclude>
    <ClInclude Include="..\..\include\d3d\d3dCamera.h">
      <Filter>Render\d3d</Filter>
    </ClInclude>
    <ClInclude Include="..\..\include\d3d\d3dFWFont.h">
      <Filter>Render\d3d</Filter>
    </ClInclude>
    <ClInclude Include="..\..\include\d3d\d3dMesh.h">
      <Filter>Render\d3d</Filter>
    </ClInclude>
    <ClInclude Include="..\..\include\d3d\d3dModel.h">
      <Filter>Render\d3d</Filter>
    </ClInclude>
    <ClInclude Include="..\..\include\d3d\d3dShader.h">
      <Filter>Render\d3d</Filter>
    </ClInclude>
    <ClInclude Include="..\..\include\d3d\d3dUtility.h">
      <Filter>Render\d3d</Filter>
    </ClInclude>
    <ClInclude Include="..\byhj-Render\app.h">
      <Filter>Render\render</Filter>
    </ClInclude>
    <ClInclude Include="..\byhj-Render\camera.h">
      <Filter>Render\render</Filter>
    </ClInclude>
    <ClInclude Include="..\byhj-Render\font.h">
      <Filter>Render\render</Filter>
    </ClInclude>
    <ClInclude Include="..\byhj-Render\gui.h">
      <Filter>Render\render</Filter>
    </ClInclude>
    <ClInclude Include="..\byhj-Render\object.h">
      <Filter>Render\render</Filter>
    </ClInclude>
    <ClInclude Include="..\byhj-Render\render.h">
      <Filter>Render\render</Filter>
    </ClInclude>
    <ClInclude Include="..\byhj-Render\root.h">
      <Filter>Render\render</Filter>
    </ClInclude>
    <ClInclude Include="..\byhj-Render\shader.h">
      <Filter>Render\render</Filter>
    </ClInclude>
    <ClInclude Include="..\byhj-Render\timer.h">
      <Filter>Render\render</Filter>
    </ClInclude>
    <ClInclude Include="..\byhj-Render\utility.h">
      <Filter>Render\render</Filter>
    </ClInclude>
    <ClInclude Include="..\byhj-Render\windowInfo.h">
      <Filter>Render\render</Filter>
    </ClInclude>
    <ClInclude Include="..\byhj-Render\mgr.h">
      <Filter>Render\mgr</Filter>
    </ClInclude>
    <ClInclude Include="..\byhj-Render\modelMgr.h">
      <Filter>Render\mgr</Filter>
    </ClInclude>
    <ClInclude Include="..\byhj-Render\shaderMgr.h">
      <Filter>Render\mgr</Filter>
    </ClInclude>
    <ClInclude Include="..\byhj-Render\soundMgr.h">
      <Filter>Render\mgr</Filter>
    </ClInclude>
    <ClInclude Include="..\byhj-Render\textureMgr.h">
      <Filter>Render\mgr</Filter>
    </ClInclude>
  </ItemGroup>
  <ItemGroup>
    <None Include="plane.vert">
      <Filter>Resource Files</Filter>
    </None>
    <None Include="plane.frag">
      <Filter>Resource Files</Filter>
    </None>
  </ItemGroup>
</Project>