<?xml version="1.0" encoding="utf-8"?>
<Project ToolsVersion="4.0" xmlns="http://schemas.microsoft.com/developer/msbuild/2003">
  <ItemGroup>
    <Filter Include="Source Files">
      <UniqueIdentifier>{4FC737F1-C7A5-4376-A066-2A32D752A2FF}</UniqueIdentifier>
      <Extensions>cpp;c;cc;cxx;def;odl;idl;hpj;bat;asm;asmx</Extensions>
    </Filter>
    <Filter Include="Header Files">
      <UniqueIdentifier>{93995380-89BD-4b04-88EB-625FBE52EBFB}</UniqueIdentifier>
      <Extensions>h;hh;hpp;hxx;hm;inl;inc;xsd</Extensions>
    </Filter>
    <Filter Include="Resource Files">
      <UniqueIdentifier>{67DA6AB6-F800-4c08-8B7A-83BB121AAD01}</UniqueIdentifier>
      <Extensions>rc;ico;cur;bmp;dlg;rc2;rct;bin;rgs;gif;jpg;jpeg;jpe;resx;tiff;tif;png;wav;mfcribbon-ms</Extensions>
    </Filter>
    <Filter Include="Render">
      <UniqueIdentifier>{69cecb91-a5e9-429c-ba00-0cd37cdbf83f}</UniqueIdentifier>
    </Filter>
    <Filter Include="Render\ogl">
      <UniqueIdentifier>{71ccd42d-376f-4dbc-a27b-3034899e8867}</UniqueIdentifier>
    </Filter>
    <Filter Include="Render\d3d">
      <UniqueIdentifier>{7647ebc4-249e-492d-9a35-5d7201ede97c}</UniqueIdentifier>
    </Filter>
    <Filter Include="Render\render">
      <UniqueIdentifier>{3ef52cf4-26fd-460b-bf8d-5b576744d118}</UniqueIdentifier>
    </Filter>
    <Filter Include="Render\mgr">
      <UniqueIdentifier>{3f03c730-2a33-4db2-85f7-122862d7ee30}</UniqueIdentifier>
    </Filter>
    <Filter Include="Render\model">
      <UniqueIdentifier>{5b25142d-caa3-463f-8864-520edbe58790}</UniqueIdentifier>
    </Filter>
  </ItemGroup>
  <ItemGroup>
    <ClInclude Include="oglRender.h">
      <Filter>Header Files</Filter>
    </ClInclude>
    <ClInclude Include="torus.h">
      <Filter>Header Files</Filter>
    </ClInclude>
    <ClInclude Include="..\..\include\ogl\oglApp.h">
      <Filter>Render\ogl</Filter>
    </ClInclude>
    <ClInclude Include="..\..\include\ogl\oglCamera.h">
      <Filter>Render\ogl</Filter>
    </ClInclude>
    <ClInclude Include="..\..\include\ogl\oglFont.h">
      <Filter>Render\ogl</Filter>
    </ClInclude>
    <ClInclude Include="..\..\include\ogl\oglShader.h">
      <Filter>Render\ogl</Filter>
    </ClInclude>
    <ClInclude Include="..\byhj-Render\app.h">
      <Filter>Render\render</Filter>
    </ClInclude>
    <ClInclude Include="..\byhj-Render\camera.h">
      <Filter>Render\render</Filter>
    </ClInclude>
    <ClInclude Include="..\byhj-Render\font.h">
      <Filter>Render\render</Filter>
    </ClInclude>
    <ClInclude Include="..\byhj-Render\gui.h">
      <Filter>Render\render</Filter>
    </ClInclude>
    <ClInclude Include="..\byhj-Render\object.h">
      <Filter>Render\render</Filter>
    </ClInclude>
    <ClInclude Include="..\byhj-Render\render.h">
      <Filter>Render\render</Filter>
    </ClInclude>
    <ClInclude Include="..\byhj-Render\root.h">
      <Filter>Render\render</Filter>
    </ClInclude>
    <ClInclude Include="..\byhj-Render\shader.h">
      <Filter>Render\render</Filter>
    </ClInclude>
    <ClInclude Include="..\byhj-Render\timer.h">
      <Filter>Render\render</Filter>
    </ClInclude>
    <ClInclude Include="..\byhj-Render\windowInfo.h">
      <Filter>Render\render</Filter>
    </ClInclude>
    <ClInclude Include="..\byhj-Render\fontMgr.h">
      <Filter>Render\mgr</Filter>
    </ClInclude>
    <ClInclude Include="..\byhj-Render\mgr.h">
      <Filter>Render\mgr</Filter>
    </ClInclude>
    <ClInclude Include="..\byhj-Render\modelMgr.h">
      <Filter>Render\mgr</Filter>
    </ClInclude>
    <ClInclude Include="..\byhj-Render\shaderMgr.h">
      <Filter>Render\mgr</Filter>
    </ClInclude>
    <ClInclude Include="..\byhj-Render\textureMgr.h">
      <Filter>Render\mgr</Filter>
    </ClInclude>
    <ClInclude Include="..\byhj-Render\mesh.h">
      <Filter>Render\model</Filter>
    </ClInclude>
    <ClInclude Include="..\byhj-Render\model.h">
      <Filter>Render\model</Filter>
    </ClInclude>
  </ItemGroup>
  <ItemGroup>
    <ClCompile Include="oglRender.cpp">
      <Filter>Header Files</Filter>
    </ClCompile>
    <ClCompile Include="torus.cpp">
      <Filter>Header Files</Filter>
    </ClCompile>
    <ClCompile Include="main.cpp">
      <Filter>Source Files</Filter>
    </ClCompile>
    <ClCompile Include="..\..\include\ogl\oglApp.cpp">
      <Filter>Render\ogl</Filter>
    </ClCompile>
    <ClCompile Include="..\..\include\ogl\oglCamera.cpp">
      <Filter>Render\ogl</Filter>
    </ClCompile>
    <ClCompile Include="..\..\include\ogl\oglFont.cpp">
      <Filter>Render\ogl</Filter>
    </ClCompile>
    <ClCompile Include="..\..\include\ogl\oglShader.cpp">
      <Filter>Render\ogl</Filter>
    </ClCompile>
    <ClCompile Include="..\byhj-Render\app.cpp">
      <Filter>Render\render</Filter>
    </ClCompile>
    <ClCompile Include="..\byhj-Render\camera.cpp">
      <Filter>Render\render</Filter>
    </ClCompile>
    <ClCompile Include="..\byhj-Render\font.cpp">
      <Filter>Render\render</Filter>
    </ClCompile>
    <ClCompile Include="..\byhj-Render\gui.cpp">
      <Filter>Render\render</Filter>
    </ClCompile>
    <ClCompile Include="..\byhj-Render\object.cpp">
      <Filter>Render\render</Filter>
    </ClCompile>
    <ClCompile Include="..\byhj-Render\render.cpp">
      <Filter>Render\render</Filter>
    </ClCompile>
    <ClCompile Include="..\byhj-Render\root.cpp">
      <Filter>Render\render</Filter>
    </ClCompile>
    <ClCompile Include="..\byhj-Render\shader.cpp">
      <Filter>Render\render</Filter>
    </ClCompile>
    <ClCompile Include="..\byhj-Render\timer.cpp">
      <Filter>Render\render</Filter>
    </ClCompile>
    <ClCompile Include="..\byhj-Render\windowInfo.cpp">
      <Filter>Render\render</Filter>
    </ClCompile>
    <ClCompile Include="..\byhj-Render\fontMgr.cpp">
      <Filter>Render\mgr</Filter>
    </ClCompile>
    <ClCompile Include="..\byhj-Render\mgr.cpp">
      <Filter>Render\mgr</Filter>
    </ClCompile>
    <ClCompile Include="..\byhj-Render\modelMgr.cpp">
      <Filter>Render\mgr</Filter>
    </ClCompile>
    <ClCompile Include="..\byhj-Render\shaderMgr.cpp">
      <Filter>Render\mgr</Filter>
    </ClCompile>
    <ClCompile Include="..\byhj-Render\textureMgr.cpp">
      <Filter>Render\mgr</Filter>
    </ClCompile>
    <ClCompile Include="..\byhj-Render\mesh.cpp">
      <Filter>Render\model</Filter>
    </ClCompile>
    <ClCompile Include="..\byhj-Render\model.cpp">
      <Filter>Render\model</Filter>
    </ClCompile>
  </ItemGroup>
  <ItemGroup>
    <None Include="toon.vert">
      <Filter>Resource Files</Filter>
    </None>
    <None Include="toon.frag">
      <Filter>Resource Files</Filter>
    </None>
  </ItemGroup>
</Project>