<?xml version="1.0" encoding="utf-8"?>
<Project ToolsVersion="4.0" xmlns="http://schemas.microsoft.com/developer/msbuild/2003">
  <ItemGroup>
    <Filter Include="Source Files">
      <UniqueIdentifier>{4FC737F1-C7A5-4376-A066-2A32D752A2FF}</UniqueIdentifier>
      <Extensions>cpp;c;cc;cxx;def;odl;idl;hpj;bat;asm;asmx</Extensions>
    </Filter>
    <Filter Include="Header Files">
      <UniqueIdentifier>{93995380-89BD-4b04-88EB-625FBE52EBFB}</UniqueIdentifier>
      <Extensions>h;hh;hpp;hxx;hm;inl;inc;xsd</Extensions>
    </Filter>
    <Filter Include="Resource Files">
      <UniqueIdentifier>{67DA6AB6-F800-4c08-8B7A-83BB121AAD01}</UniqueIdentifier>
      <Extensions>rc;ico;cur;bmp;dlg;rc2;rct;bin;rgs;gif;jpg;jpeg;jpe;resx;tiff;tif;png;wav;mfcribbon-ms</Extensions>
    </Filter>
    <Filter Include="Render">
      <UniqueIdentifier>{ebea8376-5179-4256-bdfa-c1ea1be0cbcd}</UniqueIdentifier>
    </Filter>
    <Filter Include="Render\ogl">
      <UniqueIdentifier>{ae1f5323-75ed-49da-9235-d5581c93844a}</UniqueIdentifier>
    </Filter>
    <Filter Include="Render\d3d">
      <UniqueIdentifier>{fed54606-ac43-4c44-861d-1329cc5a687e}</UniqueIdentifier>
    </Filter>
    <Filter Include="Render\render">
      <UniqueIdentifier>{65d85b2a-1861-4020-a4e5-b7dbf51b7e6e}</UniqueIdentifier>
    </Filter>
    <Filter Include="Render\mgr">
      <UniqueIdentifier>{97281747-1461-444b-a4ba-49ad6dcb8e51}</UniqueIdentifier>
    </Filter>
  </ItemGroup>
  <ItemGroup>
    <None Include="model.vert">
      <Filter>Resource Files</Filter>
    </None>
    <None Include="model.frag">
      <Filter>Resource Files</Filter>
    </None>
    <None Include="light.vert">
      <Filter>Resource Files</Filter>
    </None>
    <None Include="light.frag">
      <Filter>Resource Files</Filter>
    </None>
    <None Include="blur.vert">
      <Filter>Resource Files</Filter>
    </None>
    <None Include="blur.frag">
      <Filter>Resource Files</Filter>
    </None>
    <None Include="ssao.frag">
      <Filter>Resource Files</Filter>
    </None>
    <None Include="ssao.vert">
      <Filter>Resource Files</Filter>
    </None>
  </ItemGroup>
  <ItemGroup>
    <ClCompile Include="scene.cpp">
      <Filter>Header Files</Filter>
    </ClCompile>
    <ClCompile Include="oglRender.cpp">
      <Filter>Header Files</Filter>
    </ClCompile>
    <ClCompile Include="main.cpp">
      <Filter>Source Files</Filter>
    </ClCompile>
    <ClCompile Include="..\..\include\ogl\oglApp.cpp">
      <Filter>Render\ogl</Filter>
    </ClCompile>
    <ClCompile Include="..\..\include\ogl\oglEulerCamera.cpp">
      <Filter>Render\ogl</Filter>
    </ClCompile>
    <ClCompile Include="..\..\include\ogl\oglFTFont.cpp">
      <Filter>Render\ogl</Filter>
    </ClCompile>
    <ClCompile Include="..\..\include\ogl\oglMesh.cpp">
      <Filter>Render\ogl</Filter>
    </ClCompile>
    <ClCompile Include="..\..\include\ogl\oglModel.cpp">
      <Filter>Render\ogl</Filter>
    </ClCompile>
    <ClCompile Include="..\..\include\ogl\oglShader.cpp">
      <Filter>Render\ogl</Filter>
    </ClCompile>
    <ClCompile Include="..\..\include\d3d\d3dApp.cpp">
      <Filter>Render\d3d</Filter>
    </ClCompile>
    <ClCompile Include="..\..\include\d3d\d3dEulerCamera.cpp">
      <Filter>Render\d3d</Filter>
    </ClCompile>
    <ClCompile Include="..\..\include\d3d\d3dFWFont.cpp">
      <Filter>Render\d3d</Filter>
    </ClCompile>
    <ClCompile Include="..\..\include\d3d\d3dMesh.cpp">
      <Filter>Render\d3d</Filter>
    </ClCompile>
    <ClCompile Include="..\..\include\d3d\d3dModel.cpp">
      <Filter>Render\d3d</Filter>
    </ClCompile>
    <ClCompile Include="..\..\include\d3d\d3dShader.cpp">
      <Filter>Render\d3d</Filter>
    </ClCompile>
    <ClCompile Include="..\..\include\d3d\d3dSphereCamera.cpp">
      <Filter>Render\d3d</Filter>
    </ClCompile>
    <ClCompile Include="..\..\include\d3d\d3dUtility.cpp">
      <Filter>Render\d3d</Filter>
    </ClCompile>
    <ClCompile Include="..\byhj-Render\app.cpp">
      <Filter>Render\render</Filter>
    </ClCompile>
    <ClCompile Include="..\byhj-Render\camera.cpp">
      <Filter>Render\render</Filter>
    </ClCompile>
    <ClCompile Include="..\byhj-Render\font.cpp">
      <Filter>Render\render</Filter>
    </ClCompile>
    <ClCompile Include="..\byhj-Render\geometry.cpp">
      <Filter>Render\render</Filter>
    </ClCompile>
    <ClCompile Include="..\byhj-Render\gui.cpp">
      <Filter>Render\render</Filter>
    </ClCompile>
    <ClCompile Include="..\byhj-Render\object.cpp">
      <Filter>Render\render</Filter>
    </ClCompile>
    <ClCompile Include="..\byhj-Render\render.cpp">
      <Filter>Render\render</Filter>
    </ClCompile>
    <ClCompile Include="..\byhj-Render\root.cpp">
      <Filter>Render\render</Filter>
    </ClCompile>
    <ClCompile Include="..\byhj-Render\shader.cpp">
      <Filter>Render\render</Filter>
    </ClCompile>
    <ClCompile Include="..\byhj-Render\timer.cpp">
      <Filter>Render\render</Filter>
    </ClCompile>
    <ClCompile Include="..\byhj-Render\utility.cpp">
      <Filter>Render\render</Filter>
    </ClCompile>
    <ClCompile Include="..\byhj-Render\windowInfo.cpp">
      <Filter>Render\render</Filter>
    </ClCompile>
    <ClCompile Include="..\byhj-Render\mgr.cpp">
      <Filter>Render\mgr</Filter>
    </ClCompile>
    <ClCompile Include="..\byhj-Render\modelMgr.cpp">
      <Filter>Render\mgr</Filter>
    </ClCompile>
    <ClCompile Include="..\byhj-Render\shaderMgr.cpp">
      <Filter>Render\mgr</Filter>
    </ClCompile>
    <ClCompile Include="..\byhj-Render\soundMgr.cpp">
      <Filter>Render\mgr</Filter>
    </ClCompile>
    <ClCompile Include="..\byhj-Render\textureMgr.cpp">
      <Filter>Render\mgr</Filter>
    </ClCompile>
  </ItemGroup>
  <ItemGroup>
    <ClInclude Include="scene.h">
      <Filter>Header Files</Filter>
    </ClInclude>
    <ClInclude Include="oglRender.h">
      <Filter>Header Files</Filter>
    </ClInclude>
    <ClInclude Include="..\..\include\ogl\oglApp.h">
      <Filter>Render\ogl</Filter>
    </ClInclude>
    <ClInclude Include="..\..\include\ogl\oglEulerCamera.h">
      <Filter>Render\ogl</Filter>
    </ClInclude>
    <ClInclude Include="..\..\include\ogl\oglFTFont.h">
      <Filter>Render\ogl</Filter>
    </ClInclude>
    <ClInclude Include="..\..\include\ogl\oglMesh.h">
      <Filter>Render\ogl</Filter>
    </ClInclude>
    <ClInclude Include="..\..\include\ogl\oglModel.h">
      <Filter>Render\ogl</Filter>
    </ClInclude>
    <ClInclude Include="..\..\include\ogl\oglShader.h">
      <Filter>Render\ogl</Filter>
    </ClInclude>
    <ClInclude Include="..\..\include\d3d\d3dApp.h">
      <Filter>Render\d3d</Filter>
    </ClInclude>
    <ClInclude Include="..\..\include\d3d\d3dEulerCamera.h">
      <Filter>Render\d3d</Filter>
    </ClInclude>
    <ClInclude Include="..\..\include\d3d\d3dFWFont.h">
      <Filter>Render\d3d</Filter>
    </ClInclude>
    <ClInclude Include="..\..\include\d3d\d3dMesh.h">
      <Filter>Render\d3d</Filter>
    </ClInclude>
    <ClInclude Include="..\..\include\d3d\d3dModel.h">
      <Filter>Render\d3d</Filter>
    </ClInclude>
    <ClInclude Include="..\..\include\d3d\d3dShader.h">
      <Filter>Render\d3d</Filter>
    </ClInclude>
    <ClInclude Include="..\..\include\d3d\d3dSphereCamera.h">
      <Filter>Render\d3d</Filter>
    </ClInclude>
    <ClInclude Include="..\..\include\d3d\d3dUtility.h">
      <Filter>Render\d3d</Filter>
    </ClInclude>
    <ClInclude Include="..\byhj-Render\app.h">
      <Filter>Render\render</Filter>
    </ClInclude>
    <ClInclude Include="..\byhj-Render\camera.h">
      <Filter>Render\render</Filter>
    </ClInclude>
    <ClInclude Include="..\byhj-Render\font.h">
      <Filter>Render\render</Filter>
    </ClInclude>
    <ClInclude Include="..\byhj-Render\geometry.h">
      <Filter>Render\render</Filter>
    </ClInclude>
    <ClInclude Include="..\byhj-Render\gui.h">
      <Filter>Render\render</Filter>
    </ClInclude>
    <ClInclude Include="..\byhj-Render\object.h">
      <Filter>Render\render</Filter>
    </ClInclude>
    <ClInclude Include="..\byhj-Render\render.h">
      <Filter>Render\render</Filter>
    </ClInclude>
    <ClInclude Include="..\byhj-Render\root.h">
      <Filter>Render\render</Filter>
    </ClInclude>
    <ClInclude Include="..\byhj-Render\shader.h">
      <Filter>Render\render</Filter>
    </ClInclude>
    <ClInclude Include="..\byhj-Render\timer.h">
      <Filter>Render\render</Filter>
    </ClInclude>
    <ClInclude Include="..\byhj-Render\utility.h">
      <Filter>Render\render</Filter>
    </ClInclude>
    <ClInclude Include="..\byhj-Render\windowInfo.h">
      <Filter>Render\render</Filter>
    </ClInclude>
    <ClInclude Include="..\byhj-Render\mgr.h">
      <Filter>Render\mgr</Filter>
    </ClInclude>
    <ClInclude Include="..\byhj-Render\modelMgr.h">
      <Filter>Render\mgr</Filter>
    </ClInclude>
    <ClInclude Include="..\byhj-Render\shaderMgr.h">
      <Filter>Render\mgr</Filter>
    </ClInclude>
    <ClInclude Include="..\byhj-Render\soundMgr.h">
      <Filter>Render\mgr</Filter>
    </ClInclude>
    <ClInclude Include="..\byhj-Render\textureMgr.h">
      <Filter>Render\mgr</Filter>
    </ClInclude>
  </ItemGroup>
</Project>